
Microsoft Visual Studio Solution File, Format Version 12.00
# Visual Studio 2012
Project("{FAE04EC0-301F-11D3-BF4B-00C04F79EFBC}") = "OpenXML Presentation", "OpenXML Presentation\OpenXML Presentation.csproj", "{D7EB18EF-BEAD-4F85-BE8A-865E465A597E}"
EndProject
Project("{FAE04EC0-301F-11D3-BF4B-00C04F79EFBC}") = "Aspose Slides", "Aspose Slides\Aspose Slides.csproj", "{F926C00B-F996-4945-9748-678191AC8143}"
EndProject
Global
	GlobalSection(SolutionConfigurationPlatforms) = preSolution
		Debug|Any CPU = Debug|Any CPU
		Release|Any CPU = Release|Any CPU
	EndGlobalSection
	GlobalSection(ProjectConfigurationPlatforms) = postSolution
		{D7EB18EF-BEAD-4F85-BE8A-865E465A597E}.Debug|Any CPU.ActiveCfg = Debug|Any CPU
		{D7EB18EF-BEAD-4F85-BE8A-865E465A597E}.Debug|Any CPU.Build.0 = Debug|Any CPU
		{D7EB18EF-BEAD-4F85-BE8A-865E465A597E}.Release|Any CPU.ActiveCfg = Release|Any CPU
		{D7EB18EF-BEAD-4F85-BE8A-865E465A597E}.Release|Any CPU.Build.0 = Release|Any CPU
		{F926C00B-F996-4945-9748-678191AC8143}.Debug|Any CPU.ActiveCfg = Debug|Any CPU
		{F926C00B-F996-4945-9748-678191AC8143}.Debug|Any CPU.Build.0 = Debug|Any CPU
		{F926C00B-F996-4945-9748-678191AC8143}.Release|Any CPU.ActiveCfg = Release|Any CPU
		{F926C00B-F996-4945-9748-678191AC8143}.Release|Any CPU.Build.0 = Release|Any CPU
	EndGlobalSection
	GlobalSection(SolutionProperties) = preSolution
		HideSolutionNode = FALSE
	EndGlobalSection
EndGlobal
