
Microsoft Visual Studio Solution File, Format Version 12.00
# Visual Studio 2012
Project("{FAE04EC0-301F-11D3-BF4B-00C04F79EFBC}") = "OpenXML Presentation", "OpenXML Presentation\OpenXML Presentation.csproj", "{33C4B43D-77FE-4D71-9010-720A068D3C46}"
EndProject
Project("{FAE04EC0-301F-11D3-BF4B-00C04F79EFBC}") = "Aspose Slides", "Aspose Slides\Aspose Slides.csproj", "{AB84E07F-A9D3-431E-810C-AB9652739BB5}"
EndProject
Global
	GlobalSection(SolutionConfigurationPlatforms) = preSolution
		Debug|Any CPU = Debug|Any CPU
		Release|Any CPU = Release|Any CPU
	EndGlobalSection
	GlobalSection(ProjectConfigurationPlatforms) = postSolution
		{33C4B43D-77FE-4D71-9010-720A068D3C46}.Debug|Any CPU.ActiveCfg = Debug|Any CPU
		{33C4B43D-77FE-4D71-9010-720A068D3C46}.Debug|Any CPU.Build.0 = Debug|Any CPU
		{33C4B43D-77FE-4D71-9010-720A068D3C46}.Release|Any CPU.ActiveCfg = Release|Any CPU
		{33C4B43D-77FE-4D71-9010-720A068D3C46}.Release|Any CPU.Build.0 = Release|Any CPU
		{AB84E07F-A9D3-431E-810C-AB9652739BB5}.Debug|Any CPU.ActiveCfg = Debug|Any CPU
		{AB84E07F-A9D3-431E-810C-AB9652739BB5}.Debug|Any CPU.Build.0 = Debug|Any CPU
		{AB84E07F-A9D3-431E-810C-AB9652739BB5}.Release|Any CPU.ActiveCfg = Release|Any CPU
		{AB84E07F-A9D3-431E-810C-AB9652739BB5}.Release|Any CPU.Build.0 = Release|Any CPU
	EndGlobalSection
	GlobalSection(SolutionProperties) = preSolution
		HideSolutionNode = FALSE
	EndGlobalSection
EndGlobal
