
Microsoft Visual Studio Solution File, Format Version 12.00
# Visual Studio 2012
Project("{FAE04EC0-301F-11D3-BF4B-00C04F79EFBC}") = "Conversion from PPt to PPtx format", "PPT to PPTX\PPT to PPTX.csproj", "{344C4019-448E-4BCB-983E-CE92F3AD1BCC}"
EndProject
Global
	GlobalSection(SolutionConfigurationPlatforms) = preSolution
		Debug|Any CPU = Debug|Any CPU
		Release|Any CPU = Release|Any CPU
	EndGlobalSection
	GlobalSection(ProjectConfigurationPlatforms) = postSolution
		{344C4019-448E-4BCB-983E-CE92F3AD1BCC}.Debug|Any CPU.ActiveCfg = Debug|Any CPU
		{344C4019-448E-4BCB-983E-CE92F3AD1BCC}.Debug|Any CPU.Build.0 = Debug|Any CPU
		{344C4019-448E-4BCB-983E-CE92F3AD1BCC}.Release|Any CPU.ActiveCfg = Release|Any CPU
		{344C4019-448E-4BCB-983E-CE92F3AD1BCC}.Release|Any CPU.Build.0 = Release|Any CPU
	EndGlobalSection
	GlobalSection(SolutionProperties) = preSolution
		HideSolutionNode = FALSE
	EndGlobalSection
EndGlobal
