Microsoft Visual Studio Solution File, Format Version 11.00
# Visual Studio 2010
Project("{2150E333-8FDC-42A3-9474-1A3956D46DE8}") = "ProgrammersGuide", "ProgrammersGuide", "{9DEC8096-7365-4336-8861-7DD0560A4340}"
EndProject
Project("{2150E333-8FDC-42A3-9474-1A3956D46DE8}") = "PowerPoint2007", "PowerPoint2007", "{A7DF2CB1-869D-4297-8DBC-21AF549A9300}"
EndProject
Project("{2150E333-8FDC-42A3-9474-1A3956D46DE8}") = "WorkingWithPresentationEx", "WorkingWithPresentationEx", "{86F5B2F3-E060-47BB-8FC8-093026B0744A}"
EndProject
Project("{FAE04EC0-301F-11D3-BF4B-00C04F79EFBC}") = "ConvertingPPTXtoPDF", "ProgrammersGuide\PowerPoint2007\WorkingWithPresentationEx\ConvertingPPTXtoPDF\VisualBasic\ConvertingPPTXtoPDF.vbproj", "{4D397E32-C95A-41D1-BB04-0918D6F7D670}"
EndProject
Project("{FAE04EC0-301F-11D3-BF4B-00C04F79EFBC}") = "SavingAPresentationEx", "ProgrammersGuide\PowerPoint2007\WorkingWithPresentationEx\SavingAPresentationEx\VisualBasic\SavingAPresentationEx.vbproj", "{FC3A2C5B-C74B-4EE6-8E56-B22943AFD3E6}"
EndProject
Project("{FAE04EC0-301F-11D3-BF4B-00C04F79EFBC}") = "ManagePresentationExProperties", "ProgrammersGuide\PowerPoint2007\WorkingWithPresentationEx\ManagePresentationExProperties\VisualBasic\ManagePresentationExProperties.vbproj", "{95CBC7C1-DE48-4896-9537-9FACED282195}"
EndProject
Project("{FAE04EC0-301F-11D3-BF4B-00C04F79EFBC}") = "ConvertPPTXWithNotesToTiff", "ProgrammersGuide\PowerPoint2007\WorkingWithPresentationEx\ConvertPPTXWithNotesToTiff\VisualBasic\ConvertPPTXWithNotesToTiff.vbproj", "{5F8572E5-3455-4F73-B617-2FE42C87BE91}"
EndProject
Project("{FAE04EC0-301F-11D3-BF4B-00C04F79EFBC}") = "ConverPPTXToTIFF", "ProgrammersGuide\PowerPoint2007\WorkingWithPresentationEx\ConverPPTXToTIFF\VisualBasic\ConverPPTXToTIFF.vbproj", "{CA5D33E8-D677-42A0-A0F5-CE2EBEEB4DF1}"
EndProject
Project("{FAE04EC0-301F-11D3-BF4B-00C04F79EFBC}") = "ConvertPPTXToXPS", "ProgrammersGuide\PowerPoint2007\WorkingWithPresentationEx\ConvertPPTXToXPS\VisualBasic\ConvertPPTXToXPS.vbproj", "{4C211F97-9D9E-4C40-8B0D-85D9969F1843}"
EndProject
Project("{FAE04EC0-301F-11D3-BF4B-00C04F79EFBC}") = "ConvertPPTXToHTML", "ProgrammersGuide\PowerPoint2007\WorkingWithPresentationEx\ConvertPPTXToHTML\VisualBasic\ConvertPPTXToHTML.vbproj", "{7B6AB6CF-A026-4875-A886-DF1DF659386F}"
EndProject
Project("{FAE04EC0-301F-11D3-BF4B-00C04F79EFBC}") = "OpeningPresentationEx", "ProgrammersGuide\PowerPoint2007\WorkingWithPresentationEx\OpeningPresentationEx\VisualBasic\OpeningPresentationEx.vbproj", "{77B7CD96-F7EC-4476-9C9E-DD664ECD6917}"
EndProject
Project("{FAE04EC0-301F-11D3-BF4B-00C04F79EFBC}") = "AccessingOpenDocumentPresentation", "ProgrammersGuide\PowerPoint2007\WorkingWithPresentationEx\AccessingOpenDocumentPresentation\VisualBasic\AccessingOpenDocumentPresentation.vbproj", "{D93EE21E-7667-4FB3-B70E-04E55D84B49E}"
EndProject
Project("{2150E333-8FDC-42A3-9474-1A3956D46DE8}") = "WorkingWithSlidesInPresentationEx", "WorkingWithSlidesInPresentationEx", "{0C205A90-770C-486E-9EBE-8DB083FAD875}"
EndProject
Project("{FAE04EC0-301F-11D3-BF4B-00C04F79EFBC}") = "CreateSlideThumbnail", "ProgrammersGuide\PowerPoint2007\WorkingWithSlidesInPresentationEx\CreateSlideThumbnail\VisualBasic\CreateSlideThumbnail.vbproj", "{7BC06465-A138-4A03-9B2D-E34FF90BF298}"
EndProject
Project("{FAE04EC0-301F-11D3-BF4B-00C04F79EFBC}") = "AddingSlidesToPresentationEx", "ProgrammersGuide\PowerPoint2007\WorkingWithSlidesInPresentationEx\AddingSlidesToPresentationEx\VisualBasic\AddingSlidesToPresentationEx.vbproj", "{499E627F-B915-4591-8D14-9CE1E19C9C7D}"
EndProject
Project("{FAE04EC0-301F-11D3-BF4B-00C04F79EFBC}") = "RemovingSlidesFromPresentationEx", "ProgrammersGuide\PowerPoint2007\WorkingWithSlidesInPresentationEx\RemovingSlidesFromPresentationEx\VisualBasic\RemovingSlidesFromPresentationEx.vbproj", "{9F08173E-1EED-426F-8BEE-BEA6C07E2274}"
EndProject
Project("{FAE04EC0-301F-11D3-BF4B-00C04F79EFBC}") = "CloningSlidesInPresentationEx", "ProgrammersGuide\PowerPoint2007\WorkingWithSlidesInPresentationEx\CloningSlidesInPresentationEx\VisualBasic\CloningSlidesInPresentationEx.vbproj", "{A5E8B406-7582-4F70-923A-BA539E86B611}"
EndProject
Project("{2150E333-8FDC-42A3-9474-1A3956D46DE8}") = "WorkingWithShapesEx", "WorkingWithShapesEx", "{77D26D0D-3A19-485C-B2A4-4494AD3EA7EA}"
EndProject
Project("{FAE04EC0-301F-11D3-BF4B-00C04F79EFBC}") = "AddPictureFrameToSlideEx", "ProgrammersGuide\PowerPoint2007\WorkingWithShapesEx\AddPictureFrameToSlideEx\VisualBasic\AddPictureFrameToSlideEx.vbproj", "{5A9898F4-C558-42CE-A95E-3C60BB116502}"
EndProject
Project("{FAE04EC0-301F-11D3-BF4B-00C04F79EFBC}") = "FillShapeExWithPicture", "ProgrammersGuide\PowerPoint2007\WorkingWithShapesEx\FillShapeExWithPicture\VisualBasic\FillShapeExWithPicture.vbproj", "{E2456F0B-9D88-42CF-8369-CE1FDB6B3764}"
EndProject
Project("{FAE04EC0-301F-11D3-BF4B-00C04F79EFBC}") = "FindingShapeInSlideEx", "ProgrammersGuide\PowerPoint2007\WorkingWithShapesEx\FindingShapeInSlideEx\VisualBasic\FindingShapeInSlideEx.vbproj", "{48F9EF4E-34DE-4092-A182-8321EC8AE904}"
EndProject
Project("{FAE04EC0-301F-11D3-BF4B-00C04F79EFBC}") = "ApplyingAnimationsOnShapesInsideSlideEx", "ProgrammersGuide\PowerPoint2007\WorkingWithShapesEx\ApplyingAnimationsOnShapesInsideSlideEx\VisualBasic\ApplyingAnimationsOnShapesInsideSlideEx.vbproj", "{9F829941-CA88-4A80-8E8F-0C203A6B7CC9}"
EndProject
Project("{2150E333-8FDC-42A3-9474-1A3956D46DE8}") = "AddingLineShapeToSlideEx", "AddingLineShapeToSlideEx", "{7343A9C0-F5C3-4C5E-8A52-051B02E53E54}"
EndProject
Project("{FAE04EC0-301F-11D3-BF4B-00C04F79EFBC}") = "AddingPlainLineToSlide", "ProgrammersGuide\PowerPoint2007\WorkingWithShapesEx\AddingLineShapeToSlideEx\AddingPlainLineToSlide\VisualBasic\AddingPlainLineToSlide.vbproj", "{CF96825A-3DE0-439E-882D-DE64D0D5712D}"
EndProject
Project("{FAE04EC0-301F-11D3-BF4B-00C04F79EFBC}") = "AddingArrowShapedLineToSlide", "ProgrammersGuide\PowerPoint2007\WorkingWithShapesEx\AddingLineShapeToSlideEx\AddingArrowShapedLineToSlide\VisualBasic\AddingArrowShapedLineToSlide.vbproj", "{CD62970A-D4AC-49E2-A547-D62C70306D90}"
EndProject
Project("{2150E333-8FDC-42A3-9474-1A3956D46DE8}") = "WorkingWithCharts", "WorkingWithCharts", "{A0C896FF-D724-432B-8D00-A607E62D906D}"
EndProject
Project("{FAE04EC0-301F-11D3-BF4B-00C04F79EFBC}") = "UpdatingAnExistingChart", "ProgrammersGuide\PowerPoint2007\WorkingWithCharts\UpdatingAnExistingChart\VisualBasic\UpdatingAnExistingChart.vbproj", "{7DDAB1FD-C91A-480A-96D6-4A2561607A71}"
EndProject
Project("{FAE04EC0-301F-11D3-BF4B-00C04F79EFBC}") = "FormattingChartEntities", "ProgrammersGuide\PowerPoint2007\WorkingWithCharts\FormattingChartEntities\VisualBasic\FormattingChartEntities.vbproj", "{1E0420D3-7B6D-4023-BBB9-E4EEB54CD55D}"
EndProject
Project("{FAE04EC0-301F-11D3-BF4B-00C04F79EFBC}") = "SettingPieChartSectorColors", "ProgrammersGuide\PowerPoint2007\WorkingWithCharts\SettingPieChartSectorColors\VisualBasic\SettingPieChartSectorColors.vbproj", "{C23DECFD-8234-42D3-A600-82FE52116F1B}"
EndProject
Project("{FAE04EC0-301F-11D3-BF4B-00C04F79EFBC}") = "AddingChartTrendLines", "ProgrammersGuide\PowerPoint2007\WorkingWithCharts\AddingChartTrendLines\VisualBasic\AddingChartTrendLines.vbproj", "{4EC09955-AC09-41A6-87FD-3D23795FBF76}"
EndProject
Project("{FAE04EC0-301F-11D3-BF4B-00C04F79EFBC}") = "SettingNumberFormatForChartDataCell", "ProgrammersGuide\PowerPoint2007\WorkingWithCharts\SettingNumberFormatForChartDataCell\VisualBasic\SettingNumberFormatForChartDataCell.vbproj", "{2571422E-3FE2-48A8-AB46-4FD86C903DBD}"
EndProject
Project("{2150E333-8FDC-42A3-9474-1A3956D46DE8}") = "CreatingChartFromScratch", "CreatingChartFromScratch", "{E08C28E7-22CD-4AF8-8BC3-B7AC5FFEAFCE}"
EndProject
Project("{FAE04EC0-301F-11D3-BF4B-00C04F79EFBC}") = "CreatingNormalCharts", "ProgrammersGuide\PowerPoint2007\WorkingWithCharts\CreatingChartFromScratch\CreatingNormalCharts\VisualBasic\CreatingNormalCharts.vbproj", "{91B60B9D-DDD3-424D-AC67-4825DAF82BE8}"
EndProject
Project("{FAE04EC0-301F-11D3-BF4B-00C04F79EFBC}") = "CreatingScatteredChart", "ProgrammersGuide\PowerPoint2007\WorkingWithCharts\CreatingChartFromScratch\CreatingScatteredChart\VisualBasic\CreatingScatteredChart.vbproj", "{F72D67AF-6B8A-40F2-996C-71C9AD8709F0}"
EndProject
Project("{2150E333-8FDC-42A3-9474-1A3956D46DE8}") = "WorkingWithTablesEx", "WorkingWithTablesEx", "{76AA8530-9D4D-41A2-AD2B-A319207AD8F0}"
EndProject
Project("{FAE04EC0-301F-11D3-BF4B-00C04F79EFBC}") = "CreatingTableFromScratchInSlideEx", "ProgrammersGuide\PowerPoint2007\WorkingWithTablesEx\CreatingTableFromScratchInSlideEx\VisualBasic\CreatingTableFromScratchInSlideEx.vbproj", "{1A258B26-5323-4944-94B0-BCFE65C571EF}"
EndProject
Project("{FAE04EC0-301F-11D3-BF4B-00C04F79EFBC}") = "AccessingAnExistingTableInSlideEx", "ProgrammersGuide\PowerPoint2007\WorkingWithTablesEx\AccessingAnExistingTableInSlideEx\VisualBasic\AccessingAnExistingTableInSlideEx.vbproj", "{4558E1F6-2DE0-4E6E-B5DA-028FC7C9F4F2}"
EndProject
Project("{2150E333-8FDC-42A3-9474-1A3956D46DE8}") = "WorkingWithTextInPresentationEx", "WorkingWithTextInPresentationEx", "{E3E2F814-EBC2-4B28-AB2F-68C39EA2705C}"
EndProject
Project("{FAE04EC0-301F-11D3-BF4B-00C04F79EFBC}") = "ReplacingTextInPlaceholder", "ProgrammersGuide\PowerPoint2007\WorkingWithTextInPresentationEx\ReplacingTextInPlaceholder\VisualBasic\ReplacingTextInPlaceholder.vbproj", "{97EDE481-14EB-44C2-83B6-8A7586D2C75A}"
EndProject
Project("{FAE04EC0-301F-11D3-BF4B-00C04F79EFBC}") = "CreatingTextBoxOnSlideEx", "ProgrammersGuide\PowerPoint2007\WorkingWithTextInPresentationEx\CreatingTextBoxOnSlideEx\VisualBasic\CreatingTextBoxOnSlideEx.vbproj", "{B901447D-3BB7-4FD0-B0B4-F55B88B59DE8}"
EndProject
Project("{FAE04EC0-301F-11D3-BF4B-00C04F79EFBC}") = "CreatingTextBoxWithHyperlink", "ProgrammersGuide\PowerPoint2007\WorkingWithTextInPresentationEx\CreatingTextBoxWithHyperlink\VisualBasic\CreatingTextBoxWithHyperlink.vbproj", "{1E646305-458A-4845-9B36-11B1F35BF37F}"
EndProject
Project("{FAE04EC0-301F-11D3-BF4B-00C04F79EFBC}") = "ManagingParagraphsAlignment", "ProgrammersGuide\PowerPoint2007\WorkingWithTextInPresentationEx\ManagingParagraphsAlignment\VisualBasic\ManagingParagraphsAlignment.vbproj", "{993189D0-B784-4C16-A5A7-D937093BB4DD}"
EndProject
Project("{FAE04EC0-301F-11D3-BF4B-00C04F79EFBC}") = "ApplyingShadowEffects", "ProgrammersGuide\PowerPoint2007\WorkingWithTextInPresentationEx\ApplyingShadowEffects\VisualBasic\ApplyingShadowEffects.vbproj", "{22C8A1F8-4879-4499-806C-5C68A0A4B081}"
EndProject
Project("{FAE04EC0-301F-11D3-BF4B-00C04F79EFBC}") = "ManagingFontRelatedProperties", "ProgrammersGuide\PowerPoint2007\WorkingWithTextInPresentationEx\ManagingFontRelatedProperties\VisualBasic\ManagingFontRelatedProperties.vbproj", "{6853538A-52B5-4CAA-BA29-13A5C0E8E113}"
EndProject
Project("{FAE04EC0-301F-11D3-BF4B-00C04F79EFBC}") = "ManagingFontFamilyOfText", "ProgrammersGuide\PowerPoint2007\WorkingWithTextInPresentationEx\ManagingFontFamilyOfText\VisualBasic\ManagingFontFamilyOfText.vbproj", "{861E7B60-7AE6-4C4B-B8E3-3C3F28AACA99}"
EndProject
Project("{FAE04EC0-301F-11D3-BF4B-00C04F79EFBC}") = "ManagingMultipleParagraphs", "ProgrammersGuide\PowerPoint2007\WorkingWithTextInPresentationEx\ManagingMultipleParagraphs\VisualBasic\ManagingMultipleParagraphs.vbproj", "{8C51B0B6-0449-43D6-BFD1-557834430844}"
EndProject
Project("{2150E333-8FDC-42A3-9474-1A3956D46DE8}") = "PowerPoint97_2003", "PowerPoint97_2003", "{A1200BC1-E8B7-4517-B8CC-8E575758E80F}"
EndProject
Project("{2150E333-8FDC-42A3-9474-1A3956D46DE8}") = "Introduction", "Introduction", "{AC59D1EF-6A0F-4769-A63A-7BCC1800171D}"
EndProject
Project("{FAE04EC0-301F-11D3-BF4B-00C04F79EFBC}") = "HelloWorldApplication", "ProgrammersGuide\PowerPoint97_2003\Introduction\HelloWorldApplication\VisualBasic\HelloWorldApplication.vbproj", "{59150549-8594-4E73-9DA6-5926C3B761E6}"
EndProject
Project("{2150E333-8FDC-42A3-9474-1A3956D46DE8}") = "WorkingWithPresentation", "WorkingWithPresentation", "{AED03FE1-3B7C-4FE5-9875-0C00FF27C8D9}"
EndProject
Project("{FAE04EC0-301F-11D3-BF4B-00C04F79EFBC}") = "ConvertingToPDFFile", "ProgrammersGuide\PowerPoint97_2003\WorkingWithPresentation\ConvertingToPDFFile\VisualBasic\ConvertingToPDFFile.vbproj", "{1723C17F-FE80-4C46-81FF-68AD62668435}"
EndProject
Project("{FAE04EC0-301F-11D3-BF4B-00C04F79EFBC}") = "ManagingPresentationProperties", "ProgrammersGuide\PowerPoint97_2003\WorkingWithPresentation\ManagingPresentationProperties\VisualBasic\ManagingPresentationProperties.vbproj", "{A5EA7CEF-34B8-4656-A93C-A5D2EAF8E98F}"
EndProject
Project("{FAE04EC0-301F-11D3-BF4B-00C04F79EFBC}") = "LockingAPresentation", "ProgrammersGuide\PowerPoint97_2003\WorkingWithPresentation\LockingAPresentation\VisualBasic\LockingAPresentation.vbproj", "{67E85E2A-D111-47DF-943C-FC91140806AD}"
EndProject
Project("{FAE04EC0-301F-11D3-BF4B-00C04F79EFBC}") = "ConvertingToTIFFFile", "ProgrammersGuide\PowerPoint97_2003\WorkingWithPresentation\ConvertingToTIFFFile\VisualBasic\ConvertingToTIFFFile.vbproj", "{DF052938-BA00-4F04-A8BC-9B0A7AD38654}"
EndProject
Project("{FAE04EC0-301F-11D3-BF4B-00C04F79EFBC}") = "ConvertingToXPSFile", "ProgrammersGuide\PowerPoint97_2003\WorkingWithPresentation\ConvertingToXPSFile\VisualBasic\ConvertingToXPSFile.vbproj", "{FE7C2639-6E2A-4E48-AC9B-349B786F2ABE}"
EndProject
Project("{FAE04EC0-301F-11D3-BF4B-00C04F79EFBC}") = "PrintingAPresentation", "ProgrammersGuide\PowerPoint97_2003\WorkingWithPresentation\PrintingAPresentation\VisualBasic\PrintingAPresentation.vbproj", "{AEC539F1-E770-4CAB-A8BA-1F635C8AE4C1}"
EndProject
Project("{2150E333-8FDC-42A3-9474-1A3956D46DE8}") = "OpenPresentation", "OpenPresentation", "{0F67D5E4-C9AE-47A8-B386-9C976E83C477}"
EndProject
Project("{FAE04EC0-301F-11D3-BF4B-00C04F79EFBC}") = "OpenSimple", "ProgrammersGuide\PowerPoint97_2003\WorkingWithPresentation\OpenPresentation\OpenSimple\VisualBasic\OpenSimple.vbproj", "{A6709B65-FC59-4D69-A566-503C0BBE32B1}"
EndProject
Project("{FAE04EC0-301F-11D3-BF4B-00C04F79EFBC}") = "OpenWithPassword", "ProgrammersGuide\PowerPoint97_2003\WorkingWithPresentation\OpenPresentation\OpenWithPassword\VisualBasic\OpenWithPassword.vbproj", "{3D602AF0-1886-4D17-BB83-E379C1F7A6BE}"
EndProject
Project("{2150E333-8FDC-42A3-9474-1A3956D46DE8}") = "SavePresentation", "SavePresentation", "{FF53F950-2BC5-4EBB-BC26-3C51855C7CB9}"
EndProject
Project("{FAE04EC0-301F-11D3-BF4B-00C04F79EFBC}") = "SavePresentationToFile", "ProgrammersGuide\PowerPoint97_2003\WorkingWithPresentation\SavePresentation\SavePresentationToFile\VisualBasic\SavePresentationToFile.vbproj", "{DA848350-FC11-42DF-813A-9F3E374AA33A}"
EndProject
Project("{FAE04EC0-301F-11D3-BF4B-00C04F79EFBC}") = "SavePresentationToStream", "ProgrammersGuide\PowerPoint97_2003\WorkingWithPresentation\SavePresentation\SavePresentationToStream\VisualBasic\SavePresentationToStream.vbproj", "{407BBCCD-A105-4157-8C79-AB4A50D914E1}"
EndProject
Project("{2150E333-8FDC-42A3-9474-1A3956D46DE8}") = "WorkingWithSlides", "WorkingWithSlides", "{D60223FA-DD43-42D4-902A-CE84ED0A35A6}"
EndProject
Project("{FAE04EC0-301F-11D3-BF4B-00C04F79EFBC}") = "CreateSlideThumbnail", "ProgrammersGuide\PowerPoint97_2003\WorkingWithSlides\CreateSlideThumbnail\VisualBasic\CreateSlideThumbnail.vbproj", "{4D3442F7-7885-496A-BF64-E8582701D8F1}"
EndProject
Project("{FAE04EC0-301F-11D3-BF4B-00C04F79EFBC}") = "AddingSlidesToPresentation", "ProgrammersGuide\PowerPoint97_2003\WorkingWithSlides\AddingSlidesToPresentation\VisualBasic\AddingSlidesToPresentation.vbproj", "{2CBA628E-EA7B-4AD0-A2E8-A0FC53DEBBE2}"
EndProject
Project("{FAE04EC0-301F-11D3-BF4B-00C04F79EFBC}") = "ChangingPositionOfSlide", "ProgrammersGuide\PowerPoint97_2003\WorkingWithSlides\ChangingPositionOfSlide\VisualBasic\ChangingPositionOfSlide.vbproj", "{F1D1113D-DD07-429B-B9BE-060700AD415D}"
EndProject
Project("{FAE04EC0-301F-11D3-BF4B-00C04F79EFBC}") = "RemovingSlidesFromPresentation", "ProgrammersGuide\PowerPoint97_2003\WorkingWithSlides\RemovingSlidesFromPresentation\VisualBasic\RemovingSlidesFromPresentation.vbproj", "{7DF6A2C4-ACD3-4B7E-B6C1-1380786A9527}"
EndProject
Project("{FAE04EC0-301F-11D3-BF4B-00C04F79EFBC}") = "CloningASlide", "ProgrammersGuide\PowerPoint97_2003\WorkingWithSlides\CloningASlide\VisualBasic\CloningASlide.vbproj", "{9C67B870-09C4-4D00-BDB1-C1A3B049150C}"
EndProject
Project("{FAE04EC0-301F-11D3-BF4B-00C04F79EFBC}") = "SettingBackgroundColor", "ProgrammersGuide\PowerPoint97_2003\WorkingWithSlides\SettingBackgroundColor\VisualBasic\SettingBackgroundColor.vbproj", "{71AD8F4C-0A2D-4A5D-B8F5-75EE2300E941}"
EndProject
Project("{FAE04EC0-301F-11D3-BF4B-00C04F79EFBC}") = "SettingBackgroundColorToGradient", "ProgrammersGuide\PowerPoint97_2003\WorkingWithSlides\SettingBackgroundColorToGradient\VisualBasic\SettingBackgroundColorToGradient.vbproj", "{777274E8-4FB5-40C6-A656-9D5132A89FA7}"
EndProject
Project("{FAE04EC0-301F-11D3-BF4B-00C04F79EFBC}") = "SettingBackgroundToPattern", "ProgrammersGuide\PowerPoint97_2003\WorkingWithSlides\SettingBackgroundToPattern\VisualBasic\SettingBackgroundToPattern.vbproj", "{39C2A52B-7EBF-471C-91B1-37EE8C0B832D}"
EndProject
Project("{FAE04EC0-301F-11D3-BF4B-00C04F79EFBC}") = "SettingBackgroundToImage", "ProgrammersGuide\PowerPoint97_2003\WorkingWithSlides\SettingBackgroundToImage\VisualBasic\SettingBackgroundToImage.vbproj", "{B419AAA1-BD89-4B82-8C72-D8D7AF6312AC}"
EndProject
Project("{FAE04EC0-301F-11D3-BF4B-00C04F79EFBC}") = "CreatingShapeThumbnailImage", "ProgrammersGuide\PowerPoint97_2003\WorkingWithSlides\CreatingShapeThumbnailImage\VisualBasic\CreatingShapeThumbnailImage.vbproj", "{D50A58E2-1AF6-4C02-A14F-D219CCDA5E8A}"
EndProject
Project("{FAE04EC0-301F-11D3-BF4B-00C04F79EFBC}") = "ManagingSlideTransitions", "ProgrammersGuide\PowerPoint97_2003\WorkingWithSlides\ManagingSlideTransitions\VisualBasic\ManagingSlideTransitions.vbproj", "{6D119B33-73ED-4210-99E1-A36D4E2AEB4A}"
EndProject
Project("{FAE04EC0-301F-11D3-BF4B-00C04F79EFBC}") = "ApplyingCustomColorSchemeToSlides", "ProgrammersGuide\PowerPoint97_2003\WorkingWithSlides\ApplyingCustomColorSchemeToSlides\VisualBasic\ApplyingCustomColorSchemeToSlides.vbproj", "{9D19FE8B-FF4B-4EE7-8ACE-E8EC0C8DC3CC}"
EndProject
Project("{FAE04EC0-301F-11D3-BF4B-00C04F79EFBC}") = "AddingLineShapeToSlide", "ProgrammersGuide\PowerPoint97_2003\WorkingWithSlides\AddingLineShapeToSlide\VisualBasic\AddingLineShapeToSlide.vbproj", "{B4B9D3B1-22E8-4672-848C-018124F322CD}"
EndProject
Project("{FAE04EC0-301F-11D3-BF4B-00C04F79EFBC}") = "AddingEllipseShapetoSlide", "ProgrammersGuide\PowerPoint97_2003\WorkingWithSlides\AddingEllipseShapetoSlide\VisualBasic\AddingEllipseShapetoSlide.vbproj", "{23132334-07EC-4CD1-85CB-0060ACED4398}"
EndProject
Project("{FAE04EC0-301F-11D3-BF4B-00C04F79EFBC}") = "AddingRectangleShapeToSlide", "ProgrammersGuide\PowerPoint97_2003\WorkingWithSlides\AddingRectangleShapeToSlide\VisualBasic\AddingRectangleShapeToSlide.vbproj", "{46224BF3-1E8F-4BAA-A8D7-46E86BA163E5}"
EndProject
Project("{2150E333-8FDC-42A3-9474-1A3956D46DE8}") = "WorkingWithPPTSlideComments", "WorkingWithPPTSlideComments", "{68E717AE-703B-475B-B76A-76E26D140229}"
EndProject
Project("{FAE04EC0-301F-11D3-BF4B-00C04F79EFBC}") = "AddingSlideComments", "ProgrammersGuide\PowerPoint97_2003\WorkingWithSlides\WorkingWithPPTSlideComments\AddingSlideComments\VisualBasic\AddingSlideComments.vbproj", "{C8511A9A-6043-4F87-8A3A-D61F432306FF}"
EndProject
Project("{FAE04EC0-301F-11D3-BF4B-00C04F79EFBC}") = "AccessingSlideComments", "ProgrammersGuide\PowerPoint97_2003\WorkingWithSlides\WorkingWithPPTSlideComments\AccessingSlideComments\VisualBasic\AccessingSlideComments.vbproj", "{16F0DAFF-B045-4A8A-81AA-BC26BC86C8DD}"
EndProject
Project("{2150E333-8FDC-42A3-9474-1A3956D46DE8}") = "WorkingWithShapes", "WorkingWithShapes", "{301953B0-F196-4304-BC2B-40749FBC5B25}"
EndProject
Project("{FAE04EC0-301F-11D3-BF4B-00C04F79EFBC}") = "FillShapeWithPicture", "ProgrammersGuide\PowerPoint97_2003\WorkingWithShapes\FillShapeWithPicture\VisualBasic\FillShapeWithPicture.vbproj", "{14412A49-79DD-4BCA-B29E-B79264A6279B}"
EndProject
Project("{FAE04EC0-301F-11D3-BF4B-00C04F79EFBC}") = "FormattingLinesOfShapes", "ProgrammersGuide\PowerPoint97_2003\WorkingWithShapes\FormattingLinesOfShapes\VisualBasic\FormattingLinesOfShapes.vbproj", "{E1FD5368-77D6-4972-8CAB-111FD1D5C414}"
EndProject
Project("{FAE04EC0-301F-11D3-BF4B-00C04F79EFBC}") = "FillingShapesWithPattern", "ProgrammersGuide\PowerPoint97_2003\WorkingWithShapes\FillingShapesWithPattern\VisualBasic\FillingShapesWithPattern.vbproj", "{E71AD17F-F6D6-4F4E-8996-7EC61EF58EA2}"
EndProject
Project("{FAE04EC0-301F-11D3-BF4B-00C04F79EFBC}") = "FillingShapesWithTexture", "ProgrammersGuide\PowerPoint97_2003\WorkingWithShapes\FillingShapesWithTexture\VisualBasic\FillingShapesWithTexture.vbproj", "{75C6F5EE-AD00-458B-A38F-88A389F71777}"
EndProject
Project("{FAE04EC0-301F-11D3-BF4B-00C04F79EFBC}") = "FillingShapesSolidColor", "ProgrammersGuide\PowerPoint97_2003\WorkingWithShapes\FillingShapesSolidColor\VisualBasic\FillingShapesSolidColor.vbproj", "{01B33CA3-AA23-4C59-BE19-C6B9EC3D4800}"
EndProject
Project("{FAE04EC0-301F-11D3-BF4B-00C04F79EFBC}") = "RotatingShapes", "ProgrammersGuide\PowerPoint97_2003\WorkingWithShapes\RotatingShapes\VisualBasic\RotatingShapes.vbproj", "{D8503E5D-53BB-4D06-BFD0-C80148160107}"
EndProject
Project("{FAE04EC0-301F-11D3-BF4B-00C04F79EFBC}") = "AddingAudioFramesToSlides", "ProgrammersGuide\PowerPoint97_2003\WorkingWithShapes\AddingAudioFramesToSlides\VisualBasic\AddingAudioFramesToSlides.vbproj", "{92F0D7DF-5D72-4113-B3E2-2ED96C81C38C}"
EndProject
Project("{2150E333-8FDC-42A3-9474-1A3956D46DE8}") = "ApplyingAnimationsOnShapes", "ApplyingAnimationsOnShapes", "{F531B610-81BB-4059-BE3C-D57E6C85AE73}"
EndProject
Project("{FAE04EC0-301F-11D3-BF4B-00C04F79EFBC}") = "ApplyingAnimationEffects", "ProgrammersGuide\PowerPoint97_2003\WorkingWithShapes\ApplyingAnimationsOnShapes\ApplyingAnimationEffects\VisualBasic\ApplyingAnimationEffects.vbproj", "{584ACF15-9D41-46B1-BD17-D851723F5427}"
EndProject
Project("{FAE04EC0-301F-11D3-BF4B-00C04F79EFBC}") = "ControllingAnimationOrder", "ProgrammersGuide\PowerPoint97_2003\WorkingWithShapes\ApplyingAnimationsOnShapes\ControllingAnimationOrder\VisualBasic\ControllingAnimationOrder.vbproj", "{AF8EDCA3-DED0-49DD-917D-528F3ABC2603}"
EndProject
Project("{2150E333-8FDC-42A3-9474-1A3956D46DE8}") = "FillingShapesWithGradient", "FillingShapesWithGradient", "{678DF3E4-7DA4-4973-8E6D-B36238958D74}"
EndProject
Project("{FAE04EC0-301F-11D3-BF4B-00C04F79EFBC}") = "UsingColorTypesInGradientToFillShapes", "ProgrammersGuide\PowerPoint97_2003\WorkingWithShapes\FillingShapesWithGradient\UsingColorTypesInGradientToFillShapes\VisualBasic\UsingColorTypesInGradientToFillShapes.vbproj", "{4F6491AF-D02F-448F-B5AF-B3C482ED7F20}"
EndProject
Project("{FAE04EC0-301F-11D3-BF4B-00C04F79EFBC}") = "ControllingDegreeOfGradient", "ProgrammersGuide\PowerPoint97_2003\WorkingWithShapes\FillingShapesWithGradient\ControllingDegreeOfGradient\VisualBasic\ControllingDegreeOfGradient.vbproj", "{24BABD45-9557-443E-BB74-AACCDE508DDD}"
EndProject
Project("{FAE04EC0-301F-11D3-BF4B-00C04F79EFBC}") = "AdjustingGradientFillAngle", "ProgrammersGuide\PowerPoint97_2003\WorkingWithShapes\FillingShapesWithGradient\AdjustingGradientFillAngle\VisualBasic\AdjustingGradientFillAngle.vbproj", "{A7E5296C-EACB-4860-8616-5F0D5F325223}"
EndProject
Project("{FAE04EC0-301F-11D3-BF4B-00C04F79EFBC}") = "ApplyingDifferentGradientStyles", "ProgrammersGuide\PowerPoint97_2003\WorkingWithShapes\FillingShapesWithGradient\ApplyingDifferentGradientStyles\VisualBasic\ApplyingDifferentGradientStyles.vbproj", "{08783C04-6DD0-4B69-AB3D-728447552A2B}"
EndProject
Project("{2150E333-8FDC-42A3-9474-1A3956D46DE8}") = "AddingPictureFrame", "AddingPictureFrame", "{13810B4C-8FA1-4C52-A611-09E8FB5E1CF3}"
EndProject
Project("{FAE04EC0-301F-11D3-BF4B-00C04F79EFBC}") = "AddSimplePictureFrames", "ProgrammersGuide\PowerPoint97_2003\WorkingWithShapes\AddingPictureFrame\AddSimplePictureFrames\VisualBasic\AddSimplePictureFrames.vbproj", "{AABEDA0A-F678-41F7-A6FF-BC89A210A259}"
EndProject
Project("{FAE04EC0-301F-11D3-BF4B-00C04F79EFBC}") = "ControllingFrameFormatting", "ProgrammersGuide\PowerPoint97_2003\WorkingWithShapes\AddingPictureFrame\ControllingFrameFormatting\VisualBasic\ControllingFrameFormatting.vbproj", "{2E6E0C6D-4ABB-47B3-B6E8-85687607BFF8}"
EndProject
Global
	GlobalSection(SolutionConfigurationPlatforms) = preSolution
		Debug|Any CPU = Debug|Any CPU
		Release|Any CPU = Release|Any CPU
	EndGlobalSection
	GlobalSection(ProjectConfigurationPlatforms) = postSolution
		{4D397E32-C95A-41D1-BB04-0918D6F7D670}.Debug|Any CPU.ActiveCfg = Debug|Any CPU
		{4D397E32-C95A-41D1-BB04-0918D6F7D670}.Debug|Any CPU.Build.0 = Debug|Any CPU
		{4D397E32-C95A-41D1-BB04-0918D6F7D670}.Release|Any CPU.ActiveCfg = Release|Any CPU
		{FC3A2C5B-C74B-4EE6-8E56-B22943AFD3E6}.Debug|Any CPU.ActiveCfg = Debug|Any CPU
		{FC3A2C5B-C74B-4EE6-8E56-B22943AFD3E6}.Debug|Any CPU.Build.0 = Debug|Any CPU
		{FC3A2C5B-C74B-4EE6-8E56-B22943AFD3E6}.Release|Any CPU.ActiveCfg = Release|Any CPU
		{95CBC7C1-DE48-4896-9537-9FACED282195}.Debug|Any CPU.ActiveCfg = Debug|Any CPU
		{95CBC7C1-DE48-4896-9537-9FACED282195}.Debug|Any CPU.Build.0 = Debug|Any CPU
		{95CBC7C1-DE48-4896-9537-9FACED282195}.Release|Any CPU.ActiveCfg = Release|Any CPU
		{5F8572E5-3455-4F73-B617-2FE42C87BE91}.Debug|Any CPU.ActiveCfg = Debug|Any CPU
		{5F8572E5-3455-4F73-B617-2FE42C87BE91}.Debug|Any CPU.Build.0 = Debug|Any CPU
		{5F8572E5-3455-4F73-B617-2FE42C87BE91}.Release|Any CPU.ActiveCfg = Release|Any CPU
		{CA5D33E8-D677-42A0-A0F5-CE2EBEEB4DF1}.Debug|Any CPU.ActiveCfg = Debug|Any CPU
		{CA5D33E8-D677-42A0-A0F5-CE2EBEEB4DF1}.Debug|Any CPU.Build.0 = Debug|Any CPU
		{CA5D33E8-D677-42A0-A0F5-CE2EBEEB4DF1}.Release|Any CPU.ActiveCfg = Release|Any CPU
		{4C211F97-9D9E-4C40-8B0D-85D9969F1843}.Debug|Any CPU.ActiveCfg = Debug|Any CPU
		{4C211F97-9D9E-4C40-8B0D-85D9969F1843}.Debug|Any CPU.Build.0 = Debug|Any CPU
		{4C211F97-9D9E-4C40-8B0D-85D9969F1843}.Release|Any CPU.ActiveCfg = Release|Any CPU
		{7B6AB6CF-A026-4875-A886-DF1DF659386F}.Debug|Any CPU.ActiveCfg = Debug|Any CPU
		{7B6AB6CF-A026-4875-A886-DF1DF659386F}.Debug|Any CPU.Build.0 = Debug|Any CPU
		{7B6AB6CF-A026-4875-A886-DF1DF659386F}.Release|Any CPU.ActiveCfg = Release|Any CPU
		{77B7CD96-F7EC-4476-9C9E-DD664ECD6917}.Debug|Any CPU.ActiveCfg = Debug|Any CPU
		{77B7CD96-F7EC-4476-9C9E-DD664ECD6917}.Debug|Any CPU.Build.0 = Debug|Any CPU
		{77B7CD96-F7EC-4476-9C9E-DD664ECD6917}.Release|Any CPU.ActiveCfg = Release|Any CPU
		{D93EE21E-7667-4FB3-B70E-04E55D84B49E}.Debug|Any CPU.ActiveCfg = Debug|Any CPU
		{D93EE21E-7667-4FB3-B70E-04E55D84B49E}.Debug|Any CPU.Build.0 = Debug|Any CPU
		{D93EE21E-7667-4FB3-B70E-04E55D84B49E}.Release|Any CPU.ActiveCfg = Release|Any CPU
		{7BC06465-A138-4A03-9B2D-E34FF90BF298}.Debug|Any CPU.ActiveCfg = Debug|Any CPU
		{7BC06465-A138-4A03-9B2D-E34FF90BF298}.Debug|Any CPU.Build.0 = Debug|Any CPU
		{7BC06465-A138-4A03-9B2D-E34FF90BF298}.Release|Any CPU.ActiveCfg = Release|Any CPU
		{499E627F-B915-4591-8D14-9CE1E19C9C7D}.Debug|Any CPU.ActiveCfg = Debug|Any CPU
		{499E627F-B915-4591-8D14-9CE1E19C9C7D}.Debug|Any CPU.Build.0 = Debug|Any CPU
		{499E627F-B915-4591-8D14-9CE1E19C9C7D}.Release|Any CPU.ActiveCfg = Release|Any CPU
		{9F08173E-1EED-426F-8BEE-BEA6C07E2274}.Debug|Any CPU.ActiveCfg = Debug|Any CPU
		{9F08173E-1EED-426F-8BEE-BEA6C07E2274}.Debug|Any CPU.Build.0 = Debug|Any CPU
		{9F08173E-1EED-426F-8BEE-BEA6C07E2274}.Release|Any CPU.ActiveCfg = Release|Any CPU
		{A5E8B406-7582-4F70-923A-BA539E86B611}.Debug|Any CPU.ActiveCfg = Debug|Any CPU
		{A5E8B406-7582-4F70-923A-BA539E86B611}.Debug|Any CPU.Build.0 = Debug|Any CPU
		{A5E8B406-7582-4F70-923A-BA539E86B611}.Release|Any CPU.ActiveCfg = Release|Any CPU
		{5A9898F4-C558-42CE-A95E-3C60BB116502}.Debug|Any CPU.ActiveCfg = Debug|Any CPU
		{5A9898F4-C558-42CE-A95E-3C60BB116502}.Debug|Any CPU.Build.0 = Debug|Any CPU
		{5A9898F4-C558-42CE-A95E-3C60BB116502}.Release|Any CPU.ActiveCfg = Release|Any CPU
		{E2456F0B-9D88-42CF-8369-CE1FDB6B3764}.Debug|Any CPU.ActiveCfg = Debug|Any CPU
		{E2456F0B-9D88-42CF-8369-CE1FDB6B3764}.Debug|Any CPU.Build.0 = Debug|Any CPU
		{E2456F0B-9D88-42CF-8369-CE1FDB6B3764}.Release|Any CPU.ActiveCfg = Release|Any CPU
		{48F9EF4E-34DE-4092-A182-8321EC8AE904}.Debug|Any CPU.ActiveCfg = Debug|Any CPU
		{48F9EF4E-34DE-4092-A182-8321EC8AE904}.Debug|Any CPU.Build.0 = Debug|Any CPU
		{48F9EF4E-34DE-4092-A182-8321EC8AE904}.Release|Any CPU.ActiveCfg = Release|Any CPU
		{9F829941-CA88-4A80-8E8F-0C203A6B7CC9}.Debug|Any CPU.ActiveCfg = Debug|Any CPU
		{9F829941-CA88-4A80-8E8F-0C203A6B7CC9}.Debug|Any CPU.Build.0 = Debug|Any CPU
		{9F829941-CA88-4A80-8E8F-0C203A6B7CC9}.Release|Any CPU.ActiveCfg = Release|Any CPU
		{CF96825A-3DE0-439E-882D-DE64D0D5712D}.Debug|Any CPU.ActiveCfg = Debug|Any CPU
		{CF96825A-3DE0-439E-882D-DE64D0D5712D}.Debug|Any CPU.Build.0 = Debug|Any CPU
		{CF96825A-3DE0-439E-882D-DE64D0D5712D}.Release|Any CPU.ActiveCfg = Release|Any CPU
		{CD62970A-D4AC-49E2-A547-D62C70306D90}.Debug|Any CPU.ActiveCfg = Debug|Any CPU
		{CD62970A-D4AC-49E2-A547-D62C70306D90}.Debug|Any CPU.Build.0 = Debug|Any CPU
		{CD62970A-D4AC-49E2-A547-D62C70306D90}.Release|Any CPU.ActiveCfg = Release|Any CPU
		{7DDAB1FD-C91A-480A-96D6-4A2561607A71}.Debug|Any CPU.ActiveCfg = Debug|Any CPU
		{7DDAB1FD-C91A-480A-96D6-4A2561607A71}.Debug|Any CPU.Build.0 = Debug|Any CPU
		{7DDAB1FD-C91A-480A-96D6-4A2561607A71}.Release|Any CPU.ActiveCfg = Release|Any CPU
		{1E0420D3-7B6D-4023-BBB9-E4EEB54CD55D}.Debug|Any CPU.ActiveCfg = Debug|Any CPU
		{1E0420D3-7B6D-4023-BBB9-E4EEB54CD55D}.Debug|Any CPU.Build.0 = Debug|Any CPU
		{1E0420D3-7B6D-4023-BBB9-E4EEB54CD55D}.Release|Any CPU.ActiveCfg = Release|Any CPU
		{C23DECFD-8234-42D3-A600-82FE52116F1B}.Debug|Any CPU.ActiveCfg = Debug|Any CPU
		{C23DECFD-8234-42D3-A600-82FE52116F1B}.Debug|Any CPU.Build.0 = Debug|Any CPU
		{C23DECFD-8234-42D3-A600-82FE52116F1B}.Release|Any CPU.ActiveCfg = Release|Any CPU
		{4EC09955-AC09-41A6-87FD-3D23795FBF76}.Debug|Any CPU.ActiveCfg = Debug|Any CPU
		{4EC09955-AC09-41A6-87FD-3D23795FBF76}.Debug|Any CPU.Build.0 = Debug|Any CPU
		{4EC09955-AC09-41A6-87FD-3D23795FBF76}.Release|Any CPU.ActiveCfg = Release|Any CPU
		{2571422E-3FE2-48A8-AB46-4FD86C903DBD}.Debug|Any CPU.ActiveCfg = Debug|Any CPU
		{2571422E-3FE2-48A8-AB46-4FD86C903DBD}.Debug|Any CPU.Build.0 = Debug|Any CPU
		{2571422E-3FE2-48A8-AB46-4FD86C903DBD}.Release|Any CPU.ActiveCfg = Release|Any CPU
		{91B60B9D-DDD3-424D-AC67-4825DAF82BE8}.Debug|Any CPU.ActiveCfg = Debug|Any CPU
		{91B60B9D-DDD3-424D-AC67-4825DAF82BE8}.Debug|Any CPU.Build.0 = Debug|Any CPU
		{91B60B9D-DDD3-424D-AC67-4825DAF82BE8}.Release|Any CPU.ActiveCfg = Release|Any CPU
		{F72D67AF-6B8A-40F2-996C-71C9AD8709F0}.Debug|Any CPU.ActiveCfg = Debug|Any CPU
		{F72D67AF-6B8A-40F2-996C-71C9AD8709F0}.Debug|Any CPU.Build.0 = Debug|Any CPU
		{F72D67AF-6B8A-40F2-996C-71C9AD8709F0}.Release|Any CPU.ActiveCfg = Release|Any CPU
		{1A258B26-5323-4944-94B0-BCFE65C571EF}.Debug|Any CPU.ActiveCfg = Debug|Any CPU
		{1A258B26-5323-4944-94B0-BCFE65C571EF}.Debug|Any CPU.Build.0 = Debug|Any CPU
		{1A258B26-5323-4944-94B0-BCFE65C571EF}.Release|Any CPU.ActiveCfg = Release|Any CPU
		{4558E1F6-2DE0-4E6E-B5DA-028FC7C9F4F2}.Debug|Any CPU.ActiveCfg = Debug|Any CPU
		{4558E1F6-2DE0-4E6E-B5DA-028FC7C9F4F2}.Debug|Any CPU.Build.0 = Debug|Any CPU
		{4558E1F6-2DE0-4E6E-B5DA-028FC7C9F4F2}.Release|Any CPU.ActiveCfg = Release|Any CPU
		{97EDE481-14EB-44C2-83B6-8A7586D2C75A}.Debug|Any CPU.ActiveCfg = Debug|Any CPU
		{97EDE481-14EB-44C2-83B6-8A7586D2C75A}.Debug|Any CPU.Build.0 = Debug|Any CPU
		{97EDE481-14EB-44C2-83B6-8A7586D2C75A}.Release|Any CPU.ActiveCfg = Release|Any CPU
		{B901447D-3BB7-4FD0-B0B4-F55B88B59DE8}.Debug|Any CPU.ActiveCfg = Debug|Any CPU
		{B901447D-3BB7-4FD0-B0B4-F55B88B59DE8}.Debug|Any CPU.Build.0 = Debug|Any CPU
		{B901447D-3BB7-4FD0-B0B4-F55B88B59DE8}.Release|Any CPU.ActiveCfg = Release|Any CPU
		{1E646305-458A-4845-9B36-11B1F35BF37F}.Debug|Any CPU.ActiveCfg = Debug|Any CPU
		{1E646305-458A-4845-9B36-11B1F35BF37F}.Debug|Any CPU.Build.0 = Debug|Any CPU
		{1E646305-458A-4845-9B36-11B1F35BF37F}.Release|Any CPU.ActiveCfg = Release|Any CPU
		{993189D0-B784-4C16-A5A7-D937093BB4DD}.Debug|Any CPU.ActiveCfg = Debug|Any CPU
		{993189D0-B784-4C16-A5A7-D937093BB4DD}.Debug|Any CPU.Build.0 = Debug|Any CPU
		{993189D0-B784-4C16-A5A7-D937093BB4DD}.Release|Any CPU.ActiveCfg = Release|Any CPU
		{22C8A1F8-4879-4499-806C-5C68A0A4B081}.Debug|Any CPU.ActiveCfg = Debug|Any CPU
		{22C8A1F8-4879-4499-806C-5C68A0A4B081}.Debug|Any CPU.Build.0 = Debug|Any CPU
		{22C8A1F8-4879-4499-806C-5C68A0A4B081}.Release|Any CPU.ActiveCfg = Release|Any CPU
		{6853538A-52B5-4CAA-BA29-13A5C0E8E113}.Debug|Any CPU.ActiveCfg = Debug|Any CPU
		{6853538A-52B5-4CAA-BA29-13A5C0E8E113}.Debug|Any CPU.Build.0 = Debug|Any CPU
		{6853538A-52B5-4CAA-BA29-13A5C0E8E113}.Release|Any CPU.ActiveCfg = Release|Any CPU
		{861E7B60-7AE6-4C4B-B8E3-3C3F28AACA99}.Debug|Any CPU.ActiveCfg = Debug|Any CPU
		{861E7B60-7AE6-4C4B-B8E3-3C3F28AACA99}.Debug|Any CPU.Build.0 = Debug|Any CPU
		{861E7B60-7AE6-4C4B-B8E3-3C3F28AACA99}.Release|Any CPU.ActiveCfg = Release|Any CPU
		{8C51B0B6-0449-43D6-BFD1-557834430844}.Debug|Any CPU.ActiveCfg = Debug|Any CPU
		{8C51B0B6-0449-43D6-BFD1-557834430844}.Debug|Any CPU.Build.0 = Debug|Any CPU
		{8C51B0B6-0449-43D6-BFD1-557834430844}.Release|Any CPU.ActiveCfg = Release|Any CPU
		{59150549-8594-4E73-9DA6-5926C3B761E6}.Debug|Any CPU.ActiveCfg = Debug|Any CPU
		{59150549-8594-4E73-9DA6-5926C3B761E6}.Debug|Any CPU.Build.0 = Debug|Any CPU
		{59150549-8594-4E73-9DA6-5926C3B761E6}.Release|Any CPU.ActiveCfg = Release|Any CPU
		{1723C17F-FE80-4C46-81FF-68AD62668435}.Debug|Any CPU.ActiveCfg = Debug|Any CPU
		{1723C17F-FE80-4C46-81FF-68AD62668435}.Debug|Any CPU.Build.0 = Debug|Any CPU
		{1723C17F-FE80-4C46-81FF-68AD62668435}.Release|Any CPU.ActiveCfg = Release|Any CPU
		{A5EA7CEF-34B8-4656-A93C-A5D2EAF8E98F}.Debug|Any CPU.ActiveCfg = Debug|Any CPU
		{A5EA7CEF-34B8-4656-A93C-A5D2EAF8E98F}.Debug|Any CPU.Build.0 = Debug|Any CPU
		{A5EA7CEF-34B8-4656-A93C-A5D2EAF8E98F}.Release|Any CPU.ActiveCfg = Release|Any CPU
		{67E85E2A-D111-47DF-943C-FC91140806AD}.Debug|Any CPU.ActiveCfg = Debug|Any CPU
		{67E85E2A-D111-47DF-943C-FC91140806AD}.Debug|Any CPU.Build.0 = Debug|Any CPU
		{67E85E2A-D111-47DF-943C-FC91140806AD}.Release|Any CPU.ActiveCfg = Release|Any CPU
		{DF052938-BA00-4F04-A8BC-9B0A7AD38654}.Debug|Any CPU.ActiveCfg = Debug|Any CPU
		{DF052938-BA00-4F04-A8BC-9B0A7AD38654}.Debug|Any CPU.Build.0 = Debug|Any CPU
		{DF052938-BA00-4F04-A8BC-9B0A7AD38654}.Release|Any CPU.ActiveCfg = Release|Any CPU
		{FE7C2639-6E2A-4E48-AC9B-349B786F2ABE}.Debug|Any CPU.ActiveCfg = Debug|Any CPU
		{FE7C2639-6E2A-4E48-AC9B-349B786F2ABE}.Debug|Any CPU.Build.0 = Debug|Any CPU
		{FE7C2639-6E2A-4E48-AC9B-349B786F2ABE}.Release|Any CPU.ActiveCfg = Release|Any CPU
		{AEC539F1-E770-4CAB-A8BA-1F635C8AE4C1}.Debug|Any CPU.ActiveCfg = Debug|Any CPU
		{AEC539F1-E770-4CAB-A8BA-1F635C8AE4C1}.Debug|Any CPU.Build.0 = Debug|Any CPU
		{AEC539F1-E770-4CAB-A8BA-1F635C8AE4C1}.Release|Any CPU.ActiveCfg = Release|Any CPU
		{A6709B65-FC59-4D69-A566-503C0BBE32B1}.Debug|Any CPU.ActiveCfg = Debug|Any CPU
		{A6709B65-FC59-4D69-A566-503C0BBE32B1}.Debug|Any CPU.Build.0 = Debug|Any CPU
		{A6709B65-FC59-4D69-A566-503C0BBE32B1}.Release|Any CPU.ActiveCfg = Release|Any CPU
		{3D602AF0-1886-4D17-BB83-E379C1F7A6BE}.Debug|Any CPU.ActiveCfg = Debug|Any CPU
		{3D602AF0-1886-4D17-BB83-E379C1F7A6BE}.Debug|Any CPU.Build.0 = Debug|Any CPU
		{3D602AF0-1886-4D17-BB83-E379C1F7A6BE}.Release|Any CPU.ActiveCfg = Release|Any CPU
		{DA848350-FC11-42DF-813A-9F3E374AA33A}.Debug|Any CPU.ActiveCfg = Debug|Any CPU
		{DA848350-FC11-42DF-813A-9F3E374AA33A}.Debug|Any CPU.Build.0 = Debug|Any CPU
		{DA848350-FC11-42DF-813A-9F3E374AA33A}.Release|Any CPU.ActiveCfg = Release|Any CPU
		{407BBCCD-A105-4157-8C79-AB4A50D914E1}.Debug|Any CPU.ActiveCfg = Debug|Any CPU
		{407BBCCD-A105-4157-8C79-AB4A50D914E1}.Debug|Any CPU.Build.0 = Debug|Any CPU
		{407BBCCD-A105-4157-8C79-AB4A50D914E1}.Release|Any CPU.ActiveCfg = Release|Any CPU
		{4D3442F7-7885-496A-BF64-E8582701D8F1}.Debug|Any CPU.ActiveCfg = Debug|Any CPU
		{4D3442F7-7885-496A-BF64-E8582701D8F1}.Debug|Any CPU.Build.0 = Debug|Any CPU
		{4D3442F7-7885-496A-BF64-E8582701D8F1}.Release|Any CPU.ActiveCfg = Release|Any CPU
		{2CBA628E-EA7B-4AD0-A2E8-A0FC53DEBBE2}.Debug|Any CPU.ActiveCfg = Debug|Any CPU
		{2CBA628E-EA7B-4AD0-A2E8-A0FC53DEBBE2}.Debug|Any CPU.Build.0 = Debug|Any CPU
		{2CBA628E-EA7B-4AD0-A2E8-A0FC53DEBBE2}.Release|Any CPU.ActiveCfg = Release|Any CPU
		{F1D1113D-DD07-429B-B9BE-060700AD415D}.Debug|Any CPU.ActiveCfg = Debug|Any CPU
		{F1D1113D-DD07-429B-B9BE-060700AD415D}.Debug|Any CPU.Build.0 = Debug|Any CPU
		{F1D1113D-DD07-429B-B9BE-060700AD415D}.Release|Any CPU.ActiveCfg = Release|Any CPU
		{7DF6A2C4-ACD3-4B7E-B6C1-1380786A9527}.Debug|Any CPU.ActiveCfg = Debug|Any CPU
		{7DF6A2C4-ACD3-4B7E-B6C1-1380786A9527}.Debug|Any CPU.Build.0 = Debug|Any CPU
		{7DF6A2C4-ACD3-4B7E-B6C1-1380786A9527}.Release|Any CPU.ActiveCfg = Release|Any CPU
		{9C67B870-09C4-4D00-BDB1-C1A3B049150C}.Debug|Any CPU.ActiveCfg = Debug|Any CPU
		{9C67B870-09C4-4D00-BDB1-C1A3B049150C}.Debug|Any CPU.Build.0 = Debug|Any CPU
		{9C67B870-09C4-4D00-BDB1-C1A3B049150C}.Release|Any CPU.ActiveCfg = Release|Any CPU
		{71AD8F4C-0A2D-4A5D-B8F5-75EE2300E941}.Debug|Any CPU.ActiveCfg = Debug|Any CPU
		{71AD8F4C-0A2D-4A5D-B8F5-75EE2300E941}.Debug|Any CPU.Build.0 = Debug|Any CPU
		{71AD8F4C-0A2D-4A5D-B8F5-75EE2300E941}.Release|Any CPU.ActiveCfg = Release|Any CPU
		{777274E8-4FB5-40C6-A656-9D5132A89FA7}.Debug|Any CPU.ActiveCfg = Debug|Any CPU
		{777274E8-4FB5-40C6-A656-9D5132A89FA7}.Debug|Any CPU.Build.0 = Debug|Any CPU
		{777274E8-4FB5-40C6-A656-9D5132A89FA7}.Release|Any CPU.ActiveCfg = Release|Any CPU
		{39C2A52B-7EBF-471C-91B1-37EE8C0B832D}.Debug|Any CPU.ActiveCfg = Debug|Any CPU
		{39C2A52B-7EBF-471C-91B1-37EE8C0B832D}.Debug|Any CPU.Build.0 = Debug|Any CPU
		{39C2A52B-7EBF-471C-91B1-37EE8C0B832D}.Release|Any CPU.ActiveCfg = Release|Any CPU
		{B419AAA1-BD89-4B82-8C72-D8D7AF6312AC}.Debug|Any CPU.ActiveCfg = Debug|Any CPU
		{B419AAA1-BD89-4B82-8C72-D8D7AF6312AC}.Debug|Any CPU.Build.0 = Debug|Any CPU
		{B419AAA1-BD89-4B82-8C72-D8D7AF6312AC}.Release|Any CPU.ActiveCfg = Release|Any CPU
		{D50A58E2-1AF6-4C02-A14F-D219CCDA5E8A}.Debug|Any CPU.ActiveCfg = Debug|Any CPU
		{D50A58E2-1AF6-4C02-A14F-D219CCDA5E8A}.Debug|Any CPU.Build.0 = Debug|Any CPU
		{D50A58E2-1AF6-4C02-A14F-D219CCDA5E8A}.Release|Any CPU.ActiveCfg = Release|Any CPU
		{6D119B33-73ED-4210-99E1-A36D4E2AEB4A}.Debug|Any CPU.ActiveCfg = Debug|Any CPU
		{6D119B33-73ED-4210-99E1-A36D4E2AEB4A}.Debug|Any CPU.Build.0 = Debug|Any CPU
		{6D119B33-73ED-4210-99E1-A36D4E2AEB4A}.Release|Any CPU.ActiveCfg = Release|Any CPU
		{9D19FE8B-FF4B-4EE7-8ACE-E8EC0C8DC3CC}.Debug|Any CPU.ActiveCfg = Debug|Any CPU
		{9D19FE8B-FF4B-4EE7-8ACE-E8EC0C8DC3CC}.Debug|Any CPU.Build.0 = Debug|Any CPU
		{9D19FE8B-FF4B-4EE7-8ACE-E8EC0C8DC3CC}.Release|Any CPU.ActiveCfg = Release|Any CPU
		{B4B9D3B1-22E8-4672-848C-018124F322CD}.Debug|Any CPU.ActiveCfg = Debug|Any CPU
		{B4B9D3B1-22E8-4672-848C-018124F322CD}.Debug|Any CPU.Build.0 = Debug|Any CPU
		{B4B9D3B1-22E8-4672-848C-018124F322CD}.Release|Any CPU.ActiveCfg = Release|Any CPU
		{23132334-07EC-4CD1-85CB-0060ACED4398}.Debug|Any CPU.ActiveCfg = Debug|Any CPU
		{23132334-07EC-4CD1-85CB-0060ACED4398}.Debug|Any CPU.Build.0 = Debug|Any CPU
		{23132334-07EC-4CD1-85CB-0060ACED4398}.Release|Any CPU.ActiveCfg = Release|Any CPU
		{46224BF3-1E8F-4BAA-A8D7-46E86BA163E5}.Debug|Any CPU.ActiveCfg = Debug|Any CPU
		{46224BF3-1E8F-4BAA-A8D7-46E86BA163E5}.Debug|Any CPU.Build.0 = Debug|Any CPU
		{46224BF3-1E8F-4BAA-A8D7-46E86BA163E5}.Release|Any CPU.ActiveCfg = Release|Any CPU
		{C8511A9A-6043-4F87-8A3A-D61F432306FF}.Debug|Any CPU.ActiveCfg = Debug|Any CPU
		{C8511A9A-6043-4F87-8A3A-D61F432306FF}.Debug|Any CPU.Build.0 = Debug|Any CPU
		{C8511A9A-6043-4F87-8A3A-D61F432306FF}.Release|Any CPU.ActiveCfg = Release|Any CPU
		{16F0DAFF-B045-4A8A-81AA-BC26BC86C8DD}.Debug|Any CPU.ActiveCfg = Debug|Any CPU
		{16F0DAFF-B045-4A8A-81AA-BC26BC86C8DD}.Debug|Any CPU.Build.0 = Debug|Any CPU
		{16F0DAFF-B045-4A8A-81AA-BC26BC86C8DD}.Release|Any CPU.ActiveCfg = Release|Any CPU
		{14412A49-79DD-4BCA-B29E-B79264A6279B}.Debug|Any CPU.ActiveCfg = Debug|Any CPU
		{14412A49-79DD-4BCA-B29E-B79264A6279B}.Debug|Any CPU.Build.0 = Debug|Any CPU
		{14412A49-79DD-4BCA-B29E-B79264A6279B}.Release|Any CPU.ActiveCfg = Release|Any CPU
		{E1FD5368-77D6-4972-8CAB-111FD1D5C414}.Debug|Any CPU.ActiveCfg = Debug|Any CPU
		{E1FD5368-77D6-4972-8CAB-111FD1D5C414}.Debug|Any CPU.Build.0 = Debug|Any CPU
		{E1FD5368-77D6-4972-8CAB-111FD1D5C414}.Release|Any CPU.ActiveCfg = Release|Any CPU
		{E71AD17F-F6D6-4F4E-8996-7EC61EF58EA2}.Debug|Any CPU.ActiveCfg = Debug|Any CPU
		{E71AD17F-F6D6-4F4E-8996-7EC61EF58EA2}.Debug|Any CPU.Build.0 = Debug|Any CPU
		{E71AD17F-F6D6-4F4E-8996-7EC61EF58EA2}.Release|Any CPU.ActiveCfg = Release|Any CPU
		{75C6F5EE-AD00-458B-A38F-88A389F71777}.Debug|Any CPU.ActiveCfg = Debug|Any CPU
		{75C6F5EE-AD00-458B-A38F-88A389F71777}.Debug|Any CPU.Build.0 = Debug|Any CPU
		{75C6F5EE-AD00-458B-A38F-88A389F71777}.Release|Any CPU.ActiveCfg = Release|Any CPU
		{01B33CA3-AA23-4C59-BE19-C6B9EC3D4800}.Debug|Any CPU.ActiveCfg = Debug|Any CPU
		{01B33CA3-AA23-4C59-BE19-C6B9EC3D4800}.Debug|Any CPU.Build.0 = Debug|Any CPU
		{01B33CA3-AA23-4C59-BE19-C6B9EC3D4800}.Release|Any CPU.ActiveCfg = Release|Any CPU
		{D8503E5D-53BB-4D06-BFD0-C80148160107}.Debug|Any CPU.ActiveCfg = Debug|Any CPU
		{D8503E5D-53BB-4D06-BFD0-C80148160107}.Debug|Any CPU.Build.0 = Debug|Any CPU
		{D8503E5D-53BB-4D06-BFD0-C80148160107}.Release|Any CPU.ActiveCfg = Release|Any CPU
		{92F0D7DF-5D72-4113-B3E2-2ED96C81C38C}.Debug|Any CPU.ActiveCfg = Debug|Any CPU
		{92F0D7DF-5D72-4113-B3E2-2ED96C81C38C}.Debug|Any CPU.Build.0 = Debug|Any CPU
		{92F0D7DF-5D72-4113-B3E2-2ED96C81C38C}.Release|Any CPU.ActiveCfg = Release|Any CPU
		{76793B51-51D1-4342-873C-155CA9D76938}.Debug|Any CPU.ActiveCfg = Debug|Any CPU
		{76793B51-51D1-4342-873C-155CA9D76938}.Debug|Any CPU.Build.0 = Debug|Any CPU
		{76793B51-51D1-4342-873C-155CA9D76938}.Release|Any CPU.ActiveCfg = Release|Any CPU
		{584ACF15-9D41-46B1-BD17-D851723F5427}.Debug|Any CPU.ActiveCfg = Debug|Any CPU
		{584ACF15-9D41-46B1-BD17-D851723F5427}.Debug|Any CPU.Build.0 = Debug|Any CPU
		{584ACF15-9D41-46B1-BD17-D851723F5427}.Release|Any CPU.ActiveCfg = Release|Any CPU
		{AF8EDCA3-DED0-49DD-917D-528F3ABC2603}.Debug|Any CPU.ActiveCfg = Debug|Any CPU
		{AF8EDCA3-DED0-49DD-917D-528F3ABC2603}.Debug|Any CPU.Build.0 = Debug|Any CPU
		{AF8EDCA3-DED0-49DD-917D-528F3ABC2603}.Release|Any CPU.ActiveCfg = Release|Any CPU
		{4F6491AF-D02F-448F-B5AF-B3C482ED7F20}.Debug|Any CPU.ActiveCfg = Debug|Any CPU
		{4F6491AF-D02F-448F-B5AF-B3C482ED7F20}.Debug|Any CPU.Build.0 = Debug|Any CPU
		{4F6491AF-D02F-448F-B5AF-B3C482ED7F20}.Release|Any CPU.ActiveCfg = Release|Any CPU
		{24BABD45-9557-443E-BB74-AACCDE508DDD}.Debug|Any CPU.ActiveCfg = Debug|Any CPU
		{24BABD45-9557-443E-BB74-AACCDE508DDD}.Debug|Any CPU.Build.0 = Debug|Any CPU
		{24BABD45-9557-443E-BB74-AACCDE508DDD}.Release|Any CPU.ActiveCfg = Release|Any CPU
		{A7E5296C-EACB-4860-8616-5F0D5F325223}.Debug|Any CPU.ActiveCfg = Debug|Any CPU
		{A7E5296C-EACB-4860-8616-5F0D5F325223}.Debug|Any CPU.Build.0 = Debug|Any CPU
		{A7E5296C-EACB-4860-8616-5F0D5F325223}.Release|Any CPU.ActiveCfg = Release|Any CPU
		{08783C04-6DD0-4B69-AB3D-728447552A2B}.Debug|Any CPU.ActiveCfg = Debug|Any CPU
		{08783C04-6DD0-4B69-AB3D-728447552A2B}.Debug|Any CPU.Build.0 = Debug|Any CPU
		{08783C04-6DD0-4B69-AB3D-728447552A2B}.Release|Any CPU.ActiveCfg = Release|Any CPU
		{AABEDA0A-F678-41F7-A6FF-BC89A210A259}.Debug|Any CPU.ActiveCfg = Debug|Any CPU
		{AABEDA0A-F678-41F7-A6FF-BC89A210A259}.Debug|Any CPU.Build.0 = Debug|Any CPU
		{AABEDA0A-F678-41F7-A6FF-BC89A210A259}.Release|Any CPU.ActiveCfg = Release|Any CPU
		{2E6E0C6D-4ABB-47B3-B6E8-85687607BFF8}.Debug|Any CPU.ActiveCfg = Debug|Any CPU
		{2E6E0C6D-4ABB-47B3-B6E8-85687607BFF8}.Debug|Any CPU.Build.0 = Debug|Any CPU
		{2E6E0C6D-4ABB-47B3-B6E8-85687607BFF8}.Release|Any CPU.ActiveCfg = Release|Any CPU
	EndGlobalSection
	GlobalSection(SolutionProperties) = preSolution
		HideSolutionNode = FALSE
	EndGlobalSection
	GlobalSection(NestedProjects) = preSolution
		{A7DF2CB1-869D-4297-8DBC-21AF549A9300} = {9DEC8096-7365-4336-8861-7DD0560A4340}
		{86F5B2F3-E060-47BB-8FC8-093026B0744A} = {A7DF2CB1-869D-4297-8DBC-21AF549A9300}
		{4D397E32-C95A-41D1-BB04-0918D6F7D670} = {86F5B2F3-E060-47BB-8FC8-093026B0744A}
		{FC3A2C5B-C74B-4EE6-8E56-B22943AFD3E6} = {86F5B2F3-E060-47BB-8FC8-093026B0744A}
		{95CBC7C1-DE48-4896-9537-9FACED282195} = {86F5B2F3-E060-47BB-8FC8-093026B0744A}
		{5F8572E5-3455-4F73-B617-2FE42C87BE91} = {86F5B2F3-E060-47BB-8FC8-093026B0744A}
		{CA5D33E8-D677-42A0-A0F5-CE2EBEEB4DF1} = {86F5B2F3-E060-47BB-8FC8-093026B0744A}
		{4C211F97-9D9E-4C40-8B0D-85D9969F1843} = {86F5B2F3-E060-47BB-8FC8-093026B0744A}
		{7B6AB6CF-A026-4875-A886-DF1DF659386F} = {86F5B2F3-E060-47BB-8FC8-093026B0744A}
		{77B7CD96-F7EC-4476-9C9E-DD664ECD6917} = {86F5B2F3-E060-47BB-8FC8-093026B0744A}
		{D93EE21E-7667-4FB3-B70E-04E55D84B49E} = {86F5B2F3-E060-47BB-8FC8-093026B0744A}
		{0C205A90-770C-486E-9EBE-8DB083FAD875} = {A7DF2CB1-869D-4297-8DBC-21AF549A9300}
		{7BC06465-A138-4A03-9B2D-E34FF90BF298} = {0C205A90-770C-486E-9EBE-8DB083FAD875}
		{499E627F-B915-4591-8D14-9CE1E19C9C7D} = {0C205A90-770C-486E-9EBE-8DB083FAD875}
		{9F08173E-1EED-426F-8BEE-BEA6C07E2274} = {0C205A90-770C-486E-9EBE-8DB083FAD875}
		{A5E8B406-7582-4F70-923A-BA539E86B611} = {0C205A90-770C-486E-9EBE-8DB083FAD875}
		{77D26D0D-3A19-485C-B2A4-4494AD3EA7EA} = {A7DF2CB1-869D-4297-8DBC-21AF549A9300}
		{5A9898F4-C558-42CE-A95E-3C60BB116502} = {77D26D0D-3A19-485C-B2A4-4494AD3EA7EA}
		{E2456F0B-9D88-42CF-8369-CE1FDB6B3764} = {77D26D0D-3A19-485C-B2A4-4494AD3EA7EA}
		{48F9EF4E-34DE-4092-A182-8321EC8AE904} = {77D26D0D-3A19-485C-B2A4-4494AD3EA7EA}
		{9F829941-CA88-4A80-8E8F-0C203A6B7CC9} = {77D26D0D-3A19-485C-B2A4-4494AD3EA7EA}
		{7343A9C0-F5C3-4C5E-8A52-051B02E53E54} = {77D26D0D-3A19-485C-B2A4-4494AD3EA7EA}
		{CF96825A-3DE0-439E-882D-DE64D0D5712D} = {7343A9C0-F5C3-4C5E-8A52-051B02E53E54}
		{CD62970A-D4AC-49E2-A547-D62C70306D90} = {7343A9C0-F5C3-4C5E-8A52-051B02E53E54}
		{A0C896FF-D724-432B-8D00-A607E62D906D} = {A7DF2CB1-869D-4297-8DBC-21AF549A9300}
		{7DDAB1FD-C91A-480A-96D6-4A2561607A71} = {A0C896FF-D724-432B-8D00-A607E62D906D}
		{1E0420D3-7B6D-4023-BBB9-E4EEB54CD55D} = {A0C896FF-D724-432B-8D00-A607E62D906D}
		{C23DECFD-8234-42D3-A600-82FE52116F1B} = {A0C896FF-D724-432B-8D00-A607E62D906D}
		{4EC09955-AC09-41A6-87FD-3D23795FBF76} = {A0C896FF-D724-432B-8D00-A607E62D906D}
		{2571422E-3FE2-48A8-AB46-4FD86C903DBD} = {A0C896FF-D724-432B-8D00-A607E62D906D}
		{E08C28E7-22CD-4AF8-8BC3-B7AC5FFEAFCE} = {A0C896FF-D724-432B-8D00-A607E62D906D}
		{91B60B9D-DDD3-424D-AC67-4825DAF82BE8} = {E08C28E7-22CD-4AF8-8BC3-B7AC5FFEAFCE}
		{F72D67AF-6B8A-40F2-996C-71C9AD8709F0} = {E08C28E7-22CD-4AF8-8BC3-B7AC5FFEAFCE}
		{76AA8530-9D4D-41A2-AD2B-A319207AD8F0} = {A7DF2CB1-869D-4297-8DBC-21AF549A9300}
		{1A258B26-5323-4944-94B0-BCFE65C571EF} = {76AA8530-9D4D-41A2-AD2B-A319207AD8F0}
		{4558E1F6-2DE0-4E6E-B5DA-028FC7C9F4F2} = {76AA8530-9D4D-41A2-AD2B-A319207AD8F0}
		{E3E2F814-EBC2-4B28-AB2F-68C39EA2705C} = {A7DF2CB1-869D-4297-8DBC-21AF549A9300}
		{97EDE481-14EB-44C2-83B6-8A7586D2C75A} = {E3E2F814-EBC2-4B28-AB2F-68C39EA2705C}
		{B901447D-3BB7-4FD0-B0B4-F55B88B59DE8} = {E3E2F814-EBC2-4B28-AB2F-68C39EA2705C}
		{1E646305-458A-4845-9B36-11B1F35BF37F} = {E3E2F814-EBC2-4B28-AB2F-68C39EA2705C}
		{993189D0-B784-4C16-A5A7-D937093BB4DD} = {E3E2F814-EBC2-4B28-AB2F-68C39EA2705C}
		{22C8A1F8-4879-4499-806C-5C68A0A4B081} = {E3E2F814-EBC2-4B28-AB2F-68C39EA2705C}
		{6853538A-52B5-4CAA-BA29-13A5C0E8E113} = {E3E2F814-EBC2-4B28-AB2F-68C39EA2705C}
		{861E7B60-7AE6-4C4B-B8E3-3C3F28AACA99} = {E3E2F814-EBC2-4B28-AB2F-68C39EA2705C}
		{8C51B0B6-0449-43D6-BFD1-557834430844} = {E3E2F814-EBC2-4B28-AB2F-68C39EA2705C}
		{A1200BC1-E8B7-4517-B8CC-8E575758E80F} = {9DEC8096-7365-4336-8861-7DD0560A4340}
		{AC59D1EF-6A0F-4769-A63A-7BCC1800171D} = {A1200BC1-E8B7-4517-B8CC-8E575758E80F}
		{59150549-8594-4E73-9DA6-5926C3B761E6} = {AC59D1EF-6A0F-4769-A63A-7BCC1800171D}
		{AED03FE1-3B7C-4FE5-9875-0C00FF27C8D9} = {A1200BC1-E8B7-4517-B8CC-8E575758E80F}
		{1723C17F-FE80-4C46-81FF-68AD62668435} = {AED03FE1-3B7C-4FE5-9875-0C00FF27C8D9}
		{A5EA7CEF-34B8-4656-A93C-A5D2EAF8E98F} = {AED03FE1-3B7C-4FE5-9875-0C00FF27C8D9}
		{67E85E2A-D111-47DF-943C-FC91140806AD} = {AED03FE1-3B7C-4FE5-9875-0C00FF27C8D9}
		{DF052938-BA00-4F04-A8BC-9B0A7AD38654} = {AED03FE1-3B7C-4FE5-9875-0C00FF27C8D9}
		{FE7C2639-6E2A-4E48-AC9B-349B786F2ABE} = {AED03FE1-3B7C-4FE5-9875-0C00FF27C8D9}
		{AEC539F1-E770-4CAB-A8BA-1F635C8AE4C1} = {AED03FE1-3B7C-4FE5-9875-0C00FF27C8D9}
		{0F67D5E4-C9AE-47A8-B386-9C976E83C477} = {AED03FE1-3B7C-4FE5-9875-0C00FF27C8D9}
		{A6709B65-FC59-4D69-A566-503C0BBE32B1} = {0F67D5E4-C9AE-47A8-B386-9C976E83C477}
		{3D602AF0-1886-4D17-BB83-E379C1F7A6BE} = {0F67D5E4-C9AE-47A8-B386-9C976E83C477}
		{FF53F950-2BC5-4EBB-BC26-3C51855C7CB9} = {AED03FE1-3B7C-4FE5-9875-0C00FF27C8D9}
		{DA848350-FC11-42DF-813A-9F3E374AA33A} = {FF53F950-2BC5-4EBB-BC26-3C51855C7CB9}
		{407BBCCD-A105-4157-8C79-AB4A50D914E1} = {FF53F950-2BC5-4EBB-BC26-3C51855C7CB9}
		{D60223FA-DD43-42D4-902A-CE84ED0A35A6} = {A1200BC1-E8B7-4517-B8CC-8E575758E80F}
		{4D3442F7-7885-496A-BF64-E8582701D8F1} = {D60223FA-DD43-42D4-902A-CE84ED0A35A6}
		{2CBA628E-EA7B-4AD0-A2E8-A0FC53DEBBE2} = {D60223FA-DD43-42D4-902A-CE84ED0A35A6}
		{F1D1113D-DD07-429B-B9BE-060700AD415D} = {D60223FA-DD43-42D4-902A-CE84ED0A35A6}
		{7DF6A2C4-ACD3-4B7E-B6C1-1380786A9527} = {D60223FA-DD43-42D4-902A-CE84ED0A35A6}
		{9C67B870-09C4-4D00-BDB1-C1A3B049150C} = {D60223FA-DD43-42D4-902A-CE84ED0A35A6}
		{71AD8F4C-0A2D-4A5D-B8F5-75EE2300E941} = {D60223FA-DD43-42D4-902A-CE84ED0A35A6}
		{777274E8-4FB5-40C6-A656-9D5132A89FA7} = {D60223FA-DD43-42D4-902A-CE84ED0A35A6}
		{39C2A52B-7EBF-471C-91B1-37EE8C0B832D} = {D60223FA-DD43-42D4-902A-CE84ED0A35A6}
		{B419AAA1-BD89-4B82-8C72-D8D7AF6312AC} = {D60223FA-DD43-42D4-902A-CE84ED0A35A6}
		{D50A58E2-1AF6-4C02-A14F-D219CCDA5E8A} = {D60223FA-DD43-42D4-902A-CE84ED0A35A6}
		{6D119B33-73ED-4210-99E1-A36D4E2AEB4A} = {D60223FA-DD43-42D4-902A-CE84ED0A35A6}
		{9D19FE8B-FF4B-4EE7-8ACE-E8EC0C8DC3CC} = {D60223FA-DD43-42D4-902A-CE84ED0A35A6}
		{B4B9D3B1-22E8-4672-848C-018124F322CD} = {D60223FA-DD43-42D4-902A-CE84ED0A35A6}
		{23132334-07EC-4CD1-85CB-0060ACED4398} = {D60223FA-DD43-42D4-902A-CE84ED0A35A6}
		{46224BF3-1E8F-4BAA-A8D7-46E86BA163E5} = {D60223FA-DD43-42D4-902A-CE84ED0A35A6}
		{68E717AE-703B-475B-B76A-76E26D140229} = {D60223FA-DD43-42D4-902A-CE84ED0A35A6}
		{C8511A9A-6043-4F87-8A3A-D61F432306FF} = {68E717AE-703B-475B-B76A-76E26D140229}
		{16F0DAFF-B045-4A8A-81AA-BC26BC86C8DD} = {68E717AE-703B-475B-B76A-76E26D140229}
		{301953B0-F196-4304-BC2B-40749FBC5B25} = {A1200BC1-E8B7-4517-B8CC-8E575758E80F}
		{14412A49-79DD-4BCA-B29E-B79264A6279B} = {301953B0-F196-4304-BC2B-40749FBC5B25}
		{E1FD5368-77D6-4972-8CAB-111FD1D5C414} = {301953B0-F196-4304-BC2B-40749FBC5B25}
		{E71AD17F-F6D6-4F4E-8996-7EC61EF58EA2} = {301953B0-F196-4304-BC2B-40749FBC5B25}
		{75C6F5EE-AD00-458B-A38F-88A389F71777} = {301953B0-F196-4304-BC2B-40749FBC5B25}
		{01B33CA3-AA23-4C59-BE19-C6B9EC3D4800} = {301953B0-F196-4304-BC2B-40749FBC5B25}
		{D8503E5D-53BB-4D06-BFD0-C80148160107} = {301953B0-F196-4304-BC2B-40749FBC5B25}
		{92F0D7DF-5D72-4113-B3E2-2ED96C81C38C} = {301953B0-F196-4304-BC2B-40749FBC5B25}
		{76793B51-51D1-4342-873C-155CA9D76938} = {301953B0-F196-4304-BC2B-40749FBC5B25}
		{F531B610-81BB-4059-BE3C-D57E6C85AE73} = {301953B0-F196-4304-BC2B-40749FBC5B25}
		{584ACF15-9D41-46B1-BD17-D851723F5427} = {F531B610-81BB-4059-BE3C-D57E6C85AE73}
		{AF8EDCA3-DED0-49DD-917D-528F3ABC2603} = {F531B610-81BB-4059-BE3C-D57E6C85AE73}
		{678DF3E4-7DA4-4973-8E6D-B36238958D74} = {301953B0-F196-4304-BC2B-40749FBC5B25}
		{4F6491AF-D02F-448F-B5AF-B3C482ED7F20} = {678DF3E4-7DA4-4973-8E6D-B36238958D74}
		{24BABD45-9557-443E-BB74-AACCDE508DDD} = {678DF3E4-7DA4-4973-8E6D-B36238958D74}
		{A7E5296C-EACB-4860-8616-5F0D5F325223} = {678DF3E4-7DA4-4973-8E6D-B36238958D74}
		{08783C04-6DD0-4B69-AB3D-728447552A2B} = {678DF3E4-7DA4-4973-8E6D-B36238958D74}
		{13810B4C-8FA1-4C52-A611-09E8FB5E1CF3} = {301953B0-F196-4304-BC2B-40749FBC5B25}
		{AABEDA0A-F678-41F7-A6FF-BC89A210A259} = {13810B4C-8FA1-4C52-A611-09E8FB5E1CF3}
		{2E6E0C6D-4ABB-47B3-B6E8-85687607BFF8} = {13810B4C-8FA1-4C52-A611-09E8FB5E1CF3}
	EndGlobalSection
EndGlobal
