Microsoft Visual Studio Solution File, Format Version 10.00
# Visual Studio 2008
Project("{2150E333-8FDC-42A3-9474-1A3956D46DE8}") = "ProgrammersGuide", "ProgrammersGuide", "{9DEC8096-7365-4336-8861-7DD0560A4340}"
EndProject
Project("{2150E333-8FDC-42A3-9474-1A3956D46DE8}") = "PowerPoint2007", "PowerPoint2007", "{A7DF2CB1-869D-4297-8DBC-21AF549A9300}"
EndProject
Project("{2150E333-8FDC-42A3-9474-1A3956D46DE8}") = "WorkingWithPresentationEx", "WorkingWithPresentationEx", "{86F5B2F3-E060-47BB-8FC8-093026B0744A}"
EndProject
Project("{FAE04EC0-301F-11D3-BF4B-00C04F79EFBC}") = "ConvertingPPTXtoPDF", "ProgrammersGuide\PowerPoint2007\WorkingWithPresentationEx\ConvertingPPTXtoPDF\VisualBasic\ConvertingPPTXtoPDF.vbproj", "{4D397E32-C95A-41D1-BB04-0918D6F7D670}"
EndProject
Project("{FAE04EC0-301F-11D3-BF4B-00C04F79EFBC}") = "SavingAPresentationEx", "ProgrammersGuide\PowerPoint2007\WorkingWithPresentationEx\SavingAPresentationEx\VisualBasic\SavingAPresentationEx.vbproj", "{FC3A2C5B-C74B-4EE6-8E56-B22943AFD3E6}"
EndProject
Project("{FAE04EC0-301F-11D3-BF4B-00C04F79EFBC}") = "ManagePresentationExProperties", "ProgrammersGuide\PowerPoint2007\WorkingWithPresentationEx\ManagePresentationExProperties\VisualBasic\ManagePresentationExProperties.vbproj", "{95CBC7C1-DE48-4896-9537-9FACED282195}"
EndProject
Project("{FAE04EC0-301F-11D3-BF4B-00C04F79EFBC}") = "ConvertPPTXWithNotesToTiff", "ProgrammersGuide\PowerPoint2007\WorkingWithPresentationEx\ConvertPPTXWithNotesToTiff\VisualBasic\ConvertPPTXWithNotesToTiff.vbproj", "{5F8572E5-3455-4F73-B617-2FE42C87BE91}"
EndProject
Project("{FAE04EC0-301F-11D3-BF4B-00C04F79EFBC}") = "ConverPPTXToTIFF", "ProgrammersGuide\PowerPoint2007\WorkingWithPresentationEx\ConverPPTXToTIFF\VisualBasic\ConverPPTXToTIFF.vbproj", "{CA5D33E8-D677-42A0-A0F5-CE2EBEEB4DF1}"
EndProject
Project("{FAE04EC0-301F-11D3-BF4B-00C04F79EFBC}") = "ConvertPPTXToXPS", "ProgrammersGuide\PowerPoint2007\WorkingWithPresentationEx\ConvertPPTXToXPS\VisualBasic\ConvertPPTXToXPS.vbproj", "{4C211F97-9D9E-4C40-8B0D-85D9969F1843}"
EndProject
Project("{2150E333-8FDC-42A3-9474-1A3956D46DE8}") = "WorkingWithSlidesInPresentationEx", "WorkingWithSlidesInPresentationEx", "{0C205A90-770C-486E-9EBE-8DB083FAD875}"
EndProject
Project("{FAE04EC0-301F-11D3-BF4B-00C04F79EFBC}") = "CreateSlideThumbnail", "ProgrammersGuide\PowerPoint2007\WorkingWithSlidesInPresentationEx\CreateSlideThumbnail\VisualBasic\CreateSlideThumbnail.vbproj", "{7BC06465-A138-4A03-9B2D-E34FF90BF298}"
EndProject
Project("{2150E333-8FDC-42A3-9474-1A3956D46DE8}") = "WorkingWithShapesEx", "WorkingWithShapesEx", "{77D26D0D-3A19-485C-B2A4-4494AD3EA7EA}"
EndProject
Project("{FAE04EC0-301F-11D3-BF4B-00C04F79EFBC}") = "AddPictureFrameToSlideEx", "ProgrammersGuide\PowerPoint2007\WorkingWithShapesEx\AddPictureFrameToSlideEx\VisualBasic\AddPictureFrameToSlideEx.vbproj", "{5A9898F4-C558-42CE-A95E-3C60BB116502}"
EndProject
Project("{FAE04EC0-301F-11D3-BF4B-00C04F79EFBC}") = "FillShapeExWithPicture", "ProgrammersGuide\PowerPoint2007\WorkingWithShapesEx\FillShapeExWithPicture\VisualBasic\FillShapeExWithPicture.vbproj", "{E2456F0B-9D88-42CF-8369-CE1FDB6B3764}"
EndProject
Project("{2150E333-8FDC-42A3-9474-1A3956D46DE8}") = "PowerPoint97_2003", "PowerPoint97_2003", "{A1200BC1-E8B7-4517-B8CC-8E575758E80F}"
EndProject
Project("{2150E333-8FDC-42A3-9474-1A3956D46DE8}") = "Introduction", "Introduction", "{AC59D1EF-6A0F-4769-A63A-7BCC1800171D}"
EndProject
Project("{FAE04EC0-301F-11D3-BF4B-00C04F79EFBC}") = "HelloWorldApplication", "ProgrammersGuide\PowerPoint97_2003\Introduction\HelloWorldApplication\VisualBasic\HelloWorldApplication.vbproj", "{59150549-8594-4E73-9DA6-5926C3B761E6}"
EndProject
Project("{2150E333-8FDC-42A3-9474-1A3956D46DE8}") = "WorkingWithPresentation", "WorkingWithPresentation", "{AED03FE1-3B7C-4FE5-9875-0C00FF27C8D9}"
EndProject
Project("{FAE04EC0-301F-11D3-BF4B-00C04F79EFBC}") = "ConvertingToPDFFile", "ProgrammersGuide\PowerPoint97_2003\WorkingWithPresentation\ConvertingToPDFFile\VisualBasic\ConvertingToPDFFile.vbproj", "{1723C17F-FE80-4C46-81FF-68AD62668435}"
EndProject
Project("{FAE04EC0-301F-11D3-BF4B-00C04F79EFBC}") = "ManagingPresentationProperties", "ProgrammersGuide\PowerPoint97_2003\WorkingWithPresentation\ManagingPresentationProperties\VisualBasic\ManagingPresentationProperties.vbproj", "{A5EA7CEF-34B8-4656-A93C-A5D2EAF8E98F}"
EndProject
Project("{FAE04EC0-301F-11D3-BF4B-00C04F79EFBC}") = "LockingAPresentation", "ProgrammersGuide\PowerPoint97_2003\WorkingWithPresentation\LockingAPresentation\VisualBasic\LockingAPresentation.vbproj", "{67E85E2A-D111-47DF-943C-FC91140806AD}"
EndProject
Project("{FAE04EC0-301F-11D3-BF4B-00C04F79EFBC}") = "ConvertingToTIFFFile", "ProgrammersGuide\PowerPoint97_2003\WorkingWithPresentation\ConvertingToTIFFFile\VisualBasic\ConvertingToTIFFFile.vbproj", "{DF052938-BA00-4F04-A8BC-9B0A7AD38654}"
EndProject
Project("{FAE04EC0-301F-11D3-BF4B-00C04F79EFBC}") = "ConvertingToXPSFile", "ProgrammersGuide\PowerPoint97_2003\WorkingWithPresentation\ConvertingToXPSFile\VisualBasic\ConvertingToXPSFile.vbproj", "{FE7C2639-6E2A-4E48-AC9B-349B786F2ABE}"
EndProject
Project("{FAE04EC0-301F-11D3-BF4B-00C04F79EFBC}") = "PrintingAPresentation", "ProgrammersGuide\PowerPoint97_2003\WorkingWithPresentation\PrintingAPresentation\VisualBasic\PrintingAPresentation.vbproj", "{AEC539F1-E770-4CAB-A8BA-1F635C8AE4C1}"
EndProject
Project("{2150E333-8FDC-42A3-9474-1A3956D46DE8}") = "OpenPresentation", "OpenPresentation", "{0F67D5E4-C9AE-47A8-B386-9C976E83C477}"
EndProject
Project("{FAE04EC0-301F-11D3-BF4B-00C04F79EFBC}") = "OpenSimple", "ProgrammersGuide\PowerPoint97_2003\WorkingWithPresentation\OpenPresentation\OpenSimple\VisualBasic\OpenSimple.vbproj", "{A6709B65-FC59-4D69-A566-503C0BBE32B1}"
EndProject
Project("{FAE04EC0-301F-11D3-BF4B-00C04F79EFBC}") = "OpenWithPassword", "ProgrammersGuide\PowerPoint97_2003\WorkingWithPresentation\OpenPresentation\OpenWithPassword\VisualBasic\OpenWithPassword.vbproj", "{3D602AF0-1886-4D17-BB83-E379C1F7A6BE}"
EndProject
Project("{2150E333-8FDC-42A3-9474-1A3956D46DE8}") = "SavePresentation", "SavePresentation", "{FF53F950-2BC5-4EBB-BC26-3C51855C7CB9}"
EndProject
Project("{FAE04EC0-301F-11D3-BF4B-00C04F79EFBC}") = "SavePresentationToFile", "ProgrammersGuide\PowerPoint97_2003\WorkingWithPresentation\SavePresentation\SavePresentationToFile\VisualBasic\SavePresentationToFile.vbproj", "{DA848350-FC11-42DF-813A-9F3E374AA33A}"
EndProject
Project("{FAE04EC0-301F-11D3-BF4B-00C04F79EFBC}") = "SavePresentationToStream", "ProgrammersGuide\PowerPoint97_2003\WorkingWithPresentation\SavePresentation\SavePresentationToStream\VisualBasic\SavePresentationToStream.vbproj", "{407BBCCD-A105-4157-8C79-AB4A50D914E1}"
EndProject
Project("{2150E333-8FDC-42A3-9474-1A3956D46DE8}") = "WorkingWithSlides", "WorkingWithSlides", "{D60223FA-DD43-42D4-902A-CE84ED0A35A6}"
EndProject
Project("{FAE04EC0-301F-11D3-BF4B-00C04F79EFBC}") = "CreateSlideThumbnail", "ProgrammersGuide\PowerPoint97_2003\WorkingWithSlides\CreateSlideThumbnail\VisualBasic\CreateSlideThumbnail.vbproj", "{4D3442F7-7885-496A-BF64-E8582701D8F1}"
EndProject
Project("{2150E333-8FDC-42A3-9474-1A3956D46DE8}") = "WorkingWithShapes", "WorkingWithShapes", "{301953B0-F196-4304-BC2B-40749FBC5B25}"
EndProject
Project("{FAE04EC0-301F-11D3-BF4B-00C04F79EFBC}") = "FillShapeWithPicture", "ProgrammersGuide\PowerPoint97_2003\WorkingWithShapes\FillShapeWithPicture\VisualBasic\FillShapeWithPicture.vbproj", "{14412A49-79DD-4BCA-B29E-B79264A6279B}"
EndProject
Global
	GlobalSection(SolutionConfigurationPlatforms) = preSolution
		Debug|Any CPU = Debug|Any CPU
		Release|Any CPU = Release|Any CPU
	EndGlobalSection
	GlobalSection(ProjectConfigurationPlatforms) = postSolution
		{4D397E32-C95A-41D1-BB04-0918D6F7D670}.Debug|Any CPU.ActiveCfg = Debug|Any CPU
		{4D397E32-C95A-41D1-BB04-0918D6F7D670}.Debug|Any CPU.Build.0 = Debug|Any CPU
		{4D397E32-C95A-41D1-BB04-0918D6F7D670}.Release|Any CPU.ActiveCfg = Release|Any CPU
		{FC3A2C5B-C74B-4EE6-8E56-B22943AFD3E6}.Debug|Any CPU.ActiveCfg = Debug|Any CPU
		{FC3A2C5B-C74B-4EE6-8E56-B22943AFD3E6}.Debug|Any CPU.Build.0 = Debug|Any CPU
		{FC3A2C5B-C74B-4EE6-8E56-B22943AFD3E6}.Release|Any CPU.ActiveCfg = Release|Any CPU
		{95CBC7C1-DE48-4896-9537-9FACED282195}.Debug|Any CPU.ActiveCfg = Debug|Any CPU
		{95CBC7C1-DE48-4896-9537-9FACED282195}.Debug|Any CPU.Build.0 = Debug|Any CPU
		{95CBC7C1-DE48-4896-9537-9FACED282195}.Release|Any CPU.ActiveCfg = Release|Any CPU
		{5F8572E5-3455-4F73-B617-2FE42C87BE91}.Debug|Any CPU.ActiveCfg = Debug|Any CPU
		{5F8572E5-3455-4F73-B617-2FE42C87BE91}.Debug|Any CPU.Build.0 = Debug|Any CPU
		{5F8572E5-3455-4F73-B617-2FE42C87BE91}.Release|Any CPU.ActiveCfg = Release|Any CPU
		{CA5D33E8-D677-42A0-A0F5-CE2EBEEB4DF1}.Debug|Any CPU.ActiveCfg = Debug|Any CPU
		{CA5D33E8-D677-42A0-A0F5-CE2EBEEB4DF1}.Debug|Any CPU.Build.0 = Debug|Any CPU
		{CA5D33E8-D677-42A0-A0F5-CE2EBEEB4DF1}.Release|Any CPU.ActiveCfg = Release|Any CPU
		{4C211F97-9D9E-4C40-8B0D-85D9969F1843}.Debug|Any CPU.ActiveCfg = Debug|Any CPU
		{4C211F97-9D9E-4C40-8B0D-85D9969F1843}.Debug|Any CPU.Build.0 = Debug|Any CPU
		{4C211F97-9D9E-4C40-8B0D-85D9969F1843}.Release|Any CPU.ActiveCfg = Release|Any CPU
		{7B6AB6CF-A026-4875-A886-DF1DF659386F}.Debug|Any CPU.ActiveCfg = Debug|Any CPU
		{7B6AB6CF-A026-4875-A886-DF1DF659386F}.Debug|Any CPU.Build.0 = Debug|Any CPU
		{7B6AB6CF-A026-4875-A886-DF1DF659386F}.Release|Any CPU.ActiveCfg = Release|Any CPU
		{7BC06465-A138-4A03-9B2D-E34FF90BF298}.Debug|Any CPU.ActiveCfg = Debug|Any CPU
		{7BC06465-A138-4A03-9B2D-E34FF90BF298}.Debug|Any CPU.Build.0 = Debug|Any CPU
		{7BC06465-A138-4A03-9B2D-E34FF90BF298}.Release|Any CPU.ActiveCfg = Release|Any CPU
		{5A9898F4-C558-42CE-A95E-3C60BB116502}.Debug|Any CPU.ActiveCfg = Debug|Any CPU
		{5A9898F4-C558-42CE-A95E-3C60BB116502}.Debug|Any CPU.Build.0 = Debug|Any CPU
		{5A9898F4-C558-42CE-A95E-3C60BB116502}.Release|Any CPU.ActiveCfg = Release|Any CPU
		{E2456F0B-9D88-42CF-8369-CE1FDB6B3764}.Debug|Any CPU.ActiveCfg = Debug|Any CPU
		{E2456F0B-9D88-42CF-8369-CE1FDB6B3764}.Debug|Any CPU.Build.0 = Debug|Any CPU
		{E2456F0B-9D88-42CF-8369-CE1FDB6B3764}.Release|Any CPU.ActiveCfg = Release|Any CPU
		{59150549-8594-4E73-9DA6-5926C3B761E6}.Debug|Any CPU.ActiveCfg = Debug|Any CPU
		{59150549-8594-4E73-9DA6-5926C3B761E6}.Debug|Any CPU.Build.0 = Debug|Any CPU
		{59150549-8594-4E73-9DA6-5926C3B761E6}.Release|Any CPU.ActiveCfg = Release|Any CPU
		{1723C17F-FE80-4C46-81FF-68AD62668435}.Debug|Any CPU.ActiveCfg = Debug|Any CPU
		{1723C17F-FE80-4C46-81FF-68AD62668435}.Debug|Any CPU.Build.0 = Debug|Any CPU
		{1723C17F-FE80-4C46-81FF-68AD62668435}.Release|Any CPU.ActiveCfg = Release|Any CPU
		{A5EA7CEF-34B8-4656-A93C-A5D2EAF8E98F}.Debug|Any CPU.ActiveCfg = Debug|Any CPU
		{A5EA7CEF-34B8-4656-A93C-A5D2EAF8E98F}.Debug|Any CPU.Build.0 = Debug|Any CPU
		{A5EA7CEF-34B8-4656-A93C-A5D2EAF8E98F}.Release|Any CPU.ActiveCfg = Release|Any CPU
		{67E85E2A-D111-47DF-943C-FC91140806AD}.Debug|Any CPU.ActiveCfg = Debug|Any CPU
		{67E85E2A-D111-47DF-943C-FC91140806AD}.Debug|Any CPU.Build.0 = Debug|Any CPU
		{67E85E2A-D111-47DF-943C-FC91140806AD}.Release|Any CPU.ActiveCfg = Release|Any CPU
		{DF052938-BA00-4F04-A8BC-9B0A7AD38654}.Debug|Any CPU.ActiveCfg = Debug|Any CPU
		{DF052938-BA00-4F04-A8BC-9B0A7AD38654}.Debug|Any CPU.Build.0 = Debug|Any CPU
		{DF052938-BA00-4F04-A8BC-9B0A7AD38654}.Release|Any CPU.ActiveCfg = Release|Any CPU
		{FE7C2639-6E2A-4E48-AC9B-349B786F2ABE}.Debug|Any CPU.ActiveCfg = Debug|Any CPU
		{FE7C2639-6E2A-4E48-AC9B-349B786F2ABE}.Debug|Any CPU.Build.0 = Debug|Any CPU
		{FE7C2639-6E2A-4E48-AC9B-349B786F2ABE}.Release|Any CPU.ActiveCfg = Release|Any CPU
		{AEC539F1-E770-4CAB-A8BA-1F635C8AE4C1}.Debug|Any CPU.ActiveCfg = Debug|Any CPU
		{AEC539F1-E770-4CAB-A8BA-1F635C8AE4C1}.Debug|Any CPU.Build.0 = Debug|Any CPU
		{AEC539F1-E770-4CAB-A8BA-1F635C8AE4C1}.Release|Any CPU.ActiveCfg = Release|Any CPU
		{A6709B65-FC59-4D69-A566-503C0BBE32B1}.Debug|Any CPU.ActiveCfg = Debug|Any CPU
		{A6709B65-FC59-4D69-A566-503C0BBE32B1}.Debug|Any CPU.Build.0 = Debug|Any CPU
		{A6709B65-FC59-4D69-A566-503C0BBE32B1}.Release|Any CPU.ActiveCfg = Release|Any CPU
		{3D602AF0-1886-4D17-BB83-E379C1F7A6BE}.Debug|Any CPU.ActiveCfg = Debug|Any CPU
		{3D602AF0-1886-4D17-BB83-E379C1F7A6BE}.Debug|Any CPU.Build.0 = Debug|Any CPU
		{3D602AF0-1886-4D17-BB83-E379C1F7A6BE}.Release|Any CPU.ActiveCfg = Release|Any CPU
		{DA848350-FC11-42DF-813A-9F3E374AA33A}.Debug|Any CPU.ActiveCfg = Debug|Any CPU
		{DA848350-FC11-42DF-813A-9F3E374AA33A}.Debug|Any CPU.Build.0 = Debug|Any CPU
		{DA848350-FC11-42DF-813A-9F3E374AA33A}.Release|Any CPU.ActiveCfg = Release|Any CPU
		{407BBCCD-A105-4157-8C79-AB4A50D914E1}.Debug|Any CPU.ActiveCfg = Debug|Any CPU
		{407BBCCD-A105-4157-8C79-AB4A50D914E1}.Debug|Any CPU.Build.0 = Debug|Any CPU
		{407BBCCD-A105-4157-8C79-AB4A50D914E1}.Release|Any CPU.ActiveCfg = Release|Any CPU
		{4D3442F7-7885-496A-BF64-E8582701D8F1}.Debug|Any CPU.ActiveCfg = Debug|Any CPU
		{4D3442F7-7885-496A-BF64-E8582701D8F1}.Debug|Any CPU.Build.0 = Debug|Any CPU
		{4D3442F7-7885-496A-BF64-E8582701D8F1}.Release|Any CPU.ActiveCfg = Release|Any CPU
		{14412A49-79DD-4BCA-B29E-B79264A6279B}.Debug|Any CPU.ActiveCfg = Debug|Any CPU
		{14412A49-79DD-4BCA-B29E-B79264A6279B}.Debug|Any CPU.Build.0 = Debug|Any CPU
		{14412A49-79DD-4BCA-B29E-B79264A6279B}.Release|Any CPU.ActiveCfg = Release|Any CPU
	EndGlobalSection
	GlobalSection(SolutionProperties) = preSolution
		HideSolutionNode = FALSE
	EndGlobalSection
	GlobalSection(NestedProjects) = preSolution
		{A7DF2CB1-869D-4297-8DBC-21AF549A9300} = {9DEC8096-7365-4336-8861-7DD0560A4340}
		{86F5B2F3-E060-47BB-8FC8-093026B0744A} = {A7DF2CB1-869D-4297-8DBC-21AF549A9300}
		{4D397E32-C95A-41D1-BB04-0918D6F7D670} = {86F5B2F3-E060-47BB-8FC8-093026B0744A}
		{FC3A2C5B-C74B-4EE6-8E56-B22943AFD3E6} = {86F5B2F3-E060-47BB-8FC8-093026B0744A}
		{95CBC7C1-DE48-4896-9537-9FACED282195} = {86F5B2F3-E060-47BB-8FC8-093026B0744A}
		{5F8572E5-3455-4F73-B617-2FE42C87BE91} = {86F5B2F3-E060-47BB-8FC8-093026B0744A}
		{CA5D33E8-D677-42A0-A0F5-CE2EBEEB4DF1} = {86F5B2F3-E060-47BB-8FC8-093026B0744A}
		{4C211F97-9D9E-4C40-8B0D-85D9969F1843} = {86F5B2F3-E060-47BB-8FC8-093026B0744A}
		{7B6AB6CF-A026-4875-A886-DF1DF659386F} = {86F5B2F3-E060-47BB-8FC8-093026B0744A}
		{0C205A90-770C-486E-9EBE-8DB083FAD875} = {A7DF2CB1-869D-4297-8DBC-21AF549A9300}
		{7BC06465-A138-4A03-9B2D-E34FF90BF298} = {0C205A90-770C-486E-9EBE-8DB083FAD875}
		{77D26D0D-3A19-485C-B2A4-4494AD3EA7EA} = {A7DF2CB1-869D-4297-8DBC-21AF549A9300}
		{5A9898F4-C558-42CE-A95E-3C60BB116502} = {77D26D0D-3A19-485C-B2A4-4494AD3EA7EA}
		{E2456F0B-9D88-42CF-8369-CE1FDB6B3764} = {77D26D0D-3A19-485C-B2A4-4494AD3EA7EA}
		{A1200BC1-E8B7-4517-B8CC-8E575758E80F} = {9DEC8096-7365-4336-8861-7DD0560A4340}
		{AC59D1EF-6A0F-4769-A63A-7BCC1800171D} = {A1200BC1-E8B7-4517-B8CC-8E575758E80F}
		{59150549-8594-4E73-9DA6-5926C3B761E6} = {AC59D1EF-6A0F-4769-A63A-7BCC1800171D}
		{AED03FE1-3B7C-4FE5-9875-0C00FF27C8D9} = {A1200BC1-E8B7-4517-B8CC-8E575758E80F}
		{1723C17F-FE80-4C46-81FF-68AD62668435} = {AED03FE1-3B7C-4FE5-9875-0C00FF27C8D9}
		{A5EA7CEF-34B8-4656-A93C-A5D2EAF8E98F} = {AED03FE1-3B7C-4FE5-9875-0C00FF27C8D9}
		{67E85E2A-D111-47DF-943C-FC91140806AD} = {AED03FE1-3B7C-4FE5-9875-0C00FF27C8D9}
		{DF052938-BA00-4F04-A8BC-9B0A7AD38654} = {AED03FE1-3B7C-4FE5-9875-0C00FF27C8D9}
		{FE7C2639-6E2A-4E48-AC9B-349B786F2ABE} = {AED03FE1-3B7C-4FE5-9875-0C00FF27C8D9}
		{AEC539F1-E770-4CAB-A8BA-1F635C8AE4C1} = {AED03FE1-3B7C-4FE5-9875-0C00FF27C8D9}
		{0F67D5E4-C9AE-47A8-B386-9C976E83C477} = {AED03FE1-3B7C-4FE5-9875-0C00FF27C8D9}
		{A6709B65-FC59-4D69-A566-503C0BBE32B1} = {0F67D5E4-C9AE-47A8-B386-9C976E83C477}
		{3D602AF0-1886-4D17-BB83-E379C1F7A6BE} = {0F67D5E4-C9AE-47A8-B386-9C976E83C477}
		{FF53F950-2BC5-4EBB-BC26-3C51855C7CB9} = {AED03FE1-3B7C-4FE5-9875-0C00FF27C8D9}
		{DA848350-FC11-42DF-813A-9F3E374AA33A} = {FF53F950-2BC5-4EBB-BC26-3C51855C7CB9}
		{407BBCCD-A105-4157-8C79-AB4A50D914E1} = {FF53F950-2BC5-4EBB-BC26-3C51855C7CB9}
		{D60223FA-DD43-42D4-902A-CE84ED0A35A6} = {A1200BC1-E8B7-4517-B8CC-8E575758E80F}
		{4D3442F7-7885-496A-BF64-E8582701D8F1} = {D60223FA-DD43-42D4-902A-CE84ED0A35A6}
		{301953B0-F196-4304-BC2B-40749FBC5B25} = {A1200BC1-E8B7-4517-B8CC-8E575758E80F}
		{14412A49-79DD-4BCA-B29E-B79264A6279B} = {301953B0-F196-4304-BC2B-40749FBC5B25}
	EndGlobalSection
EndGlobal
