Microsoft Visual Studio Solution File, Format Version 9.00
# Visual Studio 2005
Project("{2150E333-8FDC-42A3-9474-1A3956D46DE8}") = "ProgrammersGuide", "ProgrammersGuide", "{9DEC8096-7365-4336-8861-7DD0560A4340}"
EndProject
Project("{2150E333-8FDC-42A3-9474-1A3956D46DE8}") = "WorkingWithPresentation", "WorkingWithPresentation", "{AED03FE1-3B7C-4FE5-9875-0C00FF27C8D9}"
EndProject
Project("{FAE04EC0-301F-11D3-BF4B-00C04F79EFBC}") = "ConvertingPPTToPPTX", "ProgrammersGuide\WorkingWithPresentation\ConvertingPPTToPPTX\CSharp\ConvertingPPTToPPTX.csproj", "{AC244D1C-EDF9-45D2-B7E6-2A1A6231479D}"
EndProject
Project("{FAE04EC0-301F-11D3-BF4B-00C04F79EFBC}") = "AccessingOpenDocument", "ProgrammersGuide\WorkingWithPresentation\AccessingOpenDocument\CSharp\AccessingOpenDocument.csproj", "{7564D8FC-5F04-4437-B131-4BA457CC119A}"
EndProject
Project("{FAE04EC0-301F-11D3-BF4B-00C04F79EFBC}") = "ConvertingToPDF", "ProgrammersGuide\WorkingWithPresentation\ConvertingToPDF\CSharp\ConvertingToPDF.csproj", "{3F70B285-676F-49B2-B557-67DB27DDEDB9}"
EndProject
Project("{FAE04EC0-301F-11D3-BF4B-00C04F79EFBC}") = "ConvertingPresentationToHTML", "ProgrammersGuide\WorkingWithPresentation\ConvertingPresentationToHTML\CSharp\ConvertingPresentationToHTML.csproj", "{184DFCE4-F8CD-49C3-B4A8-A41672CB4A7F}"
EndProject
Project("{FAE04EC0-301F-11D3-BF4B-00C04F79EFBC}") = "ConvertingPresentationWithNotesToTiff", "ProgrammersGuide\WorkingWithPresentation\ConvertingPresentationWithNotesToTiff\CSharp\ConvertingPresentationWithNotesToTiff.csproj", "{3D03D1FA-35B0-4F3E-9FA8-3DD3F295F49B}"
EndProject
Project("{2150E333-8FDC-42A3-9474-1A3956D46DE8}") = "OpeningAPresentation", "OpeningAPresentation", "{8200B87E-ABB0-445A-AF88-719C66315854}"
EndProject
Project("{FAE04EC0-301F-11D3-BF4B-00C04F79EFBC}") = "OpeningaPresentation", "ProgrammersGuide\WorkingWithPresentation\OpeningAPresentation\OpeningaPresentation\CSharp\OpeningaPresentation.csproj", "{9DF956F1-C219-48F1-BC74-27921055F873}"
EndProject
Project("{FAE04EC0-301F-11D3-BF4B-00C04F79EFBC}") = "OpeningPasswordPresentation", "ProgrammersGuide\WorkingWithPresentation\OpeningAPresentation\OpeningPasswordPresentation\CSharp\OpeningPasswordPresentation.csproj", "{214CCB69-AD46-4F3A-88CA-1AB8A18F7AA5}"
EndProject
Project("{FAE04EC0-301F-11D3-BF4B-00C04F79EFBC}") = "AccessingDocumentProperties", "ProgrammersGuide\WorkingWithPresentation\OpeningAPresentation\AccessingDocumentProperties\CSharp\AccessingDocumentProperties.csproj", "{B490984F-8008-47F6-B04F-A2527FBC4DE2}"
EndProject
Project("{2150E333-8FDC-42A3-9474-1A3956D46DE8}") = "SavingAPresentation", "SavingAPresentation", "{1D808FC8-1B26-4016-99D8-E93CE2E3960B}"
EndProject
Project("{FAE04EC0-301F-11D3-BF4B-00C04F79EFBC}") = "SaveToFile", "ProgrammersGuide\WorkingWithPresentation\SavingAPresentation\SaveToFile\CSharp\SaveToFile.csproj", "{38A6FB2F-ABCA-4ED2-BCB2-68E3CF28119C}"
EndProject
Project("{FAE04EC0-301F-11D3-BF4B-00C04F79EFBC}") = "SaveWithPasswordProtection", "ProgrammersGuide\WorkingWithPresentation\SavingAPresentation\SaveWithPasswordProtection\CSharp\SaveWithPasswordProtection.csproj", "{03DAFF4E-F490-491B-AF09-FE8248094439}"
EndProject
Project("{FAE04EC0-301F-11D3-BF4B-00C04F79EFBC}") = "SavingAPresentationProperties", "ProgrammersGuide\WorkingWithPresentation\SavingAPresentation\SavingAPresentationProperties\CSharp\SavingAPresentationProperties.csproj", "{AC670C96-F5F5-4473-9D20-B5A052E7A81F}"
EndProject
Project("{FAE04EC0-301F-11D3-BF4B-00C04F79EFBC}") = "SaveAsReadOnly", "ProgrammersGuide\WorkingWithPresentation\SavingAPresentation\SaveAsReadOnly\CSharp\SaveAsReadOnly.csproj", "{D3FACE5F-C639-48A5-832D-92C839F078DE}"
EndProject
Project("{FAE04EC0-301F-11D3-BF4B-00C04F79EFBC}") = "RemovingWriteProtection", "ProgrammersGuide\WorkingWithPresentation\SavingAPresentation\RemovingWriteProtection\CSharp\RemovingWriteProtection.csproj", "{EFEFCD69-13E0-43C3-BFFC-974846D17B2D}"
EndProject
Project("{2150E333-8FDC-42A3-9474-1A3956D46DE8}") = "ManagingPresentationProperties", "ManagingPresentationProperties", "{91DD0B0F-473A-4910-A1FD-012157098F93}"
EndProject
Project("{FAE04EC0-301F-11D3-BF4B-00C04F79EFBC}") = "AccessingBuiltinProperties", "ProgrammersGuide\WorkingWithPresentation\ManagingPresentationProperties\AccessingBuiltinProperties\CSharp\AccessingBuiltinProperties.csproj", "{C5718BDB-AE24-4BA8-B514-14EE052489CD}"
EndProject
Project("{FAE04EC0-301F-11D3-BF4B-00C04F79EFBC}") = "ModifyingBuiltinProperties", "ProgrammersGuide\WorkingWithPresentation\ManagingPresentationProperties\ModifyingBuiltinProperties\CSharp\ModifyingBuiltinProperties.csproj", "{BF63384D-71DF-4D51-85B4-E124DDF3C079}"
EndProject
Project("{FAE04EC0-301F-11D3-BF4B-00C04F79EFBC}") = "AccessingModifyingProperties", "ProgrammersGuide\WorkingWithPresentation\ManagingPresentationProperties\AccessingModifyingProperties\CSharp\AccessingModifyingProperties.csproj", "{05AD8F27-1B79-486C-9649-FBB22F74478B}"
EndProject
Project("{2150E333-8FDC-42A3-9474-1A3956D46DE8}") = "ConvertingPresentationToTIFF", "ConvertingPresentationToTIFF", "{0744DDAD-3242-47E0-B324-50482F4F2AAC}"
EndProject
Project("{FAE04EC0-301F-11D3-BF4B-00C04F79EFBC}") = "ConvertingWithDefaultSize", "ProgrammersGuide\WorkingWithPresentation\ConvertingPresentationToTIFF\ConvertingWithDefaultSize\CSharp\ConvertingWithDefaultSize.csproj", "{B0FA7C63-A2B8-4BF0-B350-89A31058A039}"
EndProject
Project("{FAE04EC0-301F-11D3-BF4B-00C04F79EFBC}") = "ConvertingWithCustomSize", "ProgrammersGuide\WorkingWithPresentation\ConvertingPresentationToTIFF\ConvertingWithCustomSize\CSharp\ConvertingWithCustomSize.csproj", "{7DAE506D-71F4-4E91-A04A-203FC720D614}"
EndProject
Project("{2150E333-8FDC-42A3-9474-1A3956D46DE8}") = "ConvertingPresentationToXPS", "ConvertingPresentationToXPS", "{6AFD1A86-C27F-4A06-BD1A-651B56D0DD86}"
EndProject
Project("{FAE04EC0-301F-11D3-BF4B-00C04F79EFBC}") = "ConvertingWithoutXpsOptions", "ProgrammersGuide\WorkingWithPresentation\ConvertingPresentationToXPS\ConvertingWithoutXpsOptions\CSharp\ConvertingWithoutXpsOptions.csproj", "{CD95CC11-B161-4158-BAC6-072C9772D65D}"
EndProject
Project("{FAE04EC0-301F-11D3-BF4B-00C04F79EFBC}") = "ConvertingWiithXpsOptions", "ProgrammersGuide\WorkingWithPresentation\ConvertingPresentationToXPS\ConvertingWiithXpsOptions\CSharp\ConvertingWiithXpsOptions.csproj", "{A58F8B2D-1652-440E-BE75-CA9E09E37B70}"
EndProject
Project("{2150E333-8FDC-42A3-9474-1A3956D46DE8}") = "WorkingWithSlidesInPresentation", "WorkingWithSlidesInPresentation", "{DC231317-49AB-4C12-AE25-6C9CCEDFEFBE}"
EndProject
Project("{FAE04EC0-301F-11D3-BF4B-00C04F79EFBC}") = "AddingSlidesToPresentation", "ProgrammersGuide\WorkingWithSlidesInPresentation\AddingSlidesToPresentation\CSharp\AddingSlidesToPresentation.csproj", "{6192905E-2033-4148-A4F0-77A31FB069A8}"
EndProject
Project("{FAE04EC0-301F-11D3-BF4B-00C04F79EFBC}") = "AccessingSlidesOfAPresentation", "ProgrammersGuide\WorkingWithSlidesInPresentation\AccessingSlidesOfAPresentation\CSharp\AccessingSlidesOfAPresentation.csproj", "{9D3559C8-F372-403D-9180-5F9819B32E8E}"
EndProject
Project("{FAE04EC0-301F-11D3-BF4B-00C04F79EFBC}") = "ChangingPositionOfASlide", "ProgrammersGuide\WorkingWithSlidesInPresentation\ChangingPositionOfASlide\CSharp\ChangingPositionOfASlide.csproj", "{9F11B66E-3720-47EE-BD2F-CDEE3746DE7F}"
EndProject
Project("{FAE04EC0-301F-11D3-BF4B-00C04F79EFBC}") = "SettingBackgroundColorToGradientToSlides", "ProgrammersGuide\WorkingWithSlidesInPresentation\SettingBackgroundColorToGradientToSlides\CSharp\SettingBackgroundColorToGradientToSlides.csproj", "{F933A489-0415-414E-B130-BBEC1147B673}"
EndProject
Project("{FAE04EC0-301F-11D3-BF4B-00C04F79EFBC}") = "SettingImageAsBackgroundToSlides", "ProgrammersGuide\WorkingWithSlidesInPresentation\SettingImageAsBackgroundToSlides\CSharp\SettingImageAsBackgroundToSlides.csproj", "{5AD95C75-1CD9-4B1F-8DC7-3B95A19EA49C}"
EndProject
Project("{FAE04EC0-301F-11D3-BF4B-00C04F79EFBC}") = "CreatingSlidesSVGImage", "ProgrammersGuide\WorkingWithSlidesInPresentation\CreatingSlidesSVGImage\CSharp\CreatingSlidesSVGImage.csproj", "{32A6CADE-69FE-4D0F-89CC-9CD33BACEEC5}"
EndProject
Project("{2150E333-8FDC-42A3-9474-1A3956D46DE8}") = "RemovingSlidesFromAPresentation", "RemovingSlidesFromAPresentation", "{40FFF66E-3B0F-4B5E-9410-C4E12E94DE80}"
EndProject
Project("{FAE04EC0-301F-11D3-BF4B-00C04F79EFBC}") = "UsingSlideReference", "ProgrammersGuide\WorkingWithSlidesInPresentation\RemovingSlidesFromAPresentation\UsingSlideReference\CSharp\UsingSlideReference.csproj", "{60A44F9B-5D2F-4537-81DA-C1480161C672}"
EndProject
Project("{FAE04EC0-301F-11D3-BF4B-00C04F79EFBC}") = "UsingSlideIndex", "ProgrammersGuide\WorkingWithSlidesInPresentation\RemovingSlidesFromAPresentation\UsingSlideIndex\CSharp\UsingSlideIndex.csproj", "{565969B6-85EC-412C-8DE0-ABC89DA33927}"
EndProject
Project("{2150E333-8FDC-42A3-9474-1A3956D46DE8}") = "CloningSlidesinPresentation", "CloningSlidesinPresentation", "{008661DC-56B2-414F-9914-FF3A2C02FB8D}"
EndProject
Project("{FAE04EC0-301F-11D3-BF4B-00C04F79EFBC}") = "WithinSamePresentationfromOnePositiontoEnd", "ProgrammersGuide\WorkingWithSlidesInPresentation\CloningSlidesinPresentation\WithinSamePresentationfromOnePositiontoEnd\CSharp\WithinSamePresentationfromOnePositiontoEnd.csproj", "{D4C9C9DC-29CD-41CF-9A3F-691AE6865828}"
EndProject
Project("{FAE04EC0-301F-11D3-BF4B-00C04F79EFBC}") = "FromOnePositiontoAnotherwithinSamePresentation", "ProgrammersGuide\WorkingWithSlidesInPresentation\CloningSlidesinPresentation\FromOnePositiontoAnotherwithinSamePresentation\CSharp\FromOnePositiontoAnotherwithinSamePresentation.csproj", "{690A6E72-C8F6-46A2-A7B7-408FB9940DB8}"
EndProject
Project("{FAE04EC0-301F-11D3-BF4B-00C04F79EFBC}") = "InAnotherPresentationatEndofExistingSlides", "ProgrammersGuide\WorkingWithSlidesInPresentation\CloningSlidesinPresentation\InAnotherPresentationatEndofExistingSlides\CSharp\InAnotherPresentationatEndofExistingSlides.csproj", "{D03E4C9B-3D81-437C-A420-EDAC487293AD}"
EndProject
Project("{FAE04EC0-301F-11D3-BF4B-00C04F79EFBC}") = "InAnotherPresentationatSpecifiedPosition", "ProgrammersGuide\WorkingWithSlidesInPresentation\CloningSlidesinPresentation\InAnotherPresentationatSpecifiedPosition\CSharp\InAnotherPresentationatSpecifiedPosition.csproj", "{41D728F9-7841-4E0A-AF57-BC893C1AC987}"
EndProject
Project("{2150E333-8FDC-42A3-9474-1A3956D46DE8}") = "SettingtheBackgroundColortoSlides", "SettingtheBackgroundColortoSlides", "{ECBA81BB-02FA-4F46-8F07-0AB093A78CD4}"
EndProject
Project("{2150E333-8FDC-42A3-9474-1A3956D46DE8}") = "CreatingSlidesThumbnailImage", "CreatingSlidesThumbnailImage", "{633C847E-1C6E-44CB-BE39-4CF70F45A7E7}"
EndProject
Project("{FAE04EC0-301F-11D3-BF4B-00C04F79EFBC}") = "GeneratingThumbnailFromSlide", "ProgrammersGuide\WorkingWithSlidesInPresentation\CreatingSlidesThumbnailImage\GeneratingThumbnailFromSlide\CSharp\GeneratingThumbnailFromSlide.csproj", "{94753039-70E6-4EC5-A9DC-A0500E461D98}"
EndProject
Project("{2150E333-8FDC-42A3-9474-1A3956D46DE8}") = "ManagingSlidesTransitions", "ManagingSlidesTransitions", "{BD2623CA-E534-441D-8E97-5337B22507CF}"
EndProject
Project("{FAE04EC0-301F-11D3-BF4B-00C04F79EFBC}") = "ManagingSimpleSlideTransitions", "ProgrammersGuide\WorkingWithSlidesInPresentation\ManagingSlidesTransitions\ManagingSimpleSlideTransitions\CSharp\ManagingSimpleSlideTransitions.csproj", "{5E7D7593-B408-4432-992B-8C24526A0044}"
EndProject
Project("{FAE04EC0-301F-11D3-BF4B-00C04F79EFBC}") = "ManagingBetterSlideTransitions", "ProgrammersGuide\WorkingWithSlidesInPresentation\ManagingSlidesTransitions\ManagingBetterSlideTransitions\CSharp\ManagingBetterSlideTransitions.csproj", "{C4A83A2A-EB51-4394-A775-4688D1EE809B}"
EndProject
Project("{2150E333-8FDC-42A3-9474-1A3956D46DE8}") = "WorkingWithShapes", "WorkingWithShapes", "{843750F0-0E07-4C22-A4CD-AB5BF4E94D43}"
EndProject
Project("{FAE04EC0-301F-11D3-BF4B-00C04F79EFBC}") = "FindingShapeInSlide", "ProgrammersGuide\WorkingWithShapes\FindingShapeInSlide\CSharp\FindingShapeInSlide.csproj", "{B4827478-98F9-466F-B8FD-4951B6A0F7F9}"
EndProject
Project("{FAE04EC0-301F-11D3-BF4B-00C04F79EFBC}") = "FillingShapesGradient", "ProgrammersGuide\WorkingWithShapes\FillingShapesGradient\CSharp\FillingShapesGradient.csproj", "{4EEAF37D-3649-48A8-BDEA-9551741A5788}"
EndProject
Project("{FAE04EC0-301F-11D3-BF4B-00C04F79EFBC}") = "FillingShapesPattern", "ProgrammersGuide\WorkingWithShapes\FillingShapesPattern\CSharp\FillingShapesPattern.csproj", "{1A312705-D475-4479-99C1-F72232DC7F4C}"
EndProject
Project("{FAE04EC0-301F-11D3-BF4B-00C04F79EFBC}") = "FillingShapesPicture", "ProgrammersGuide\WorkingWithShapes\FillingShapesPicture\CSharp\FillingShapesPicture.csproj", "{194007D1-C870-4A76-9B6A-5E25A47A9230}"
EndProject
Project("{FAE04EC0-301F-11D3-BF4B-00C04F79EFBC}") = "RotatingShapes", "ProgrammersGuide\WorkingWithShapes\RotatingShapes\CSharp\RotatingShapes.csproj", "{A6B655D5-72C9-4A18-B4E9-2F7593574E70}"
EndProject
Project("{FAE04EC0-301F-11D3-BF4B-00C04F79EFBC}") = "AddingAudioFrame", "ProgrammersGuide\WorkingWithShapes\AddingAudioFrame\CSharp\AddingAudioFrame.csproj", "{CCF3008B-C636-412D-9F17-0AA403B5C427}"
EndProject
Project("{FAE04EC0-301F-11D3-BF4B-00C04F79EFBC}") = "AddingVideoFrame", "ProgrammersGuide\WorkingWithShapes\AddingVideoFrame\CSharp\AddingVideoFrame.csproj", "{75880CEB-344E-4442-825B-3F721BC1CC4B}"
EndProject
Project("{2150E333-8FDC-42A3-9474-1A3956D46DE8}") = "AddingLineShapeToSlide", "AddingLineShapeToSlide", "{0B51CD9E-34C8-42FD-962C-78FE5422773B}"
EndProject
Project("{FAE04EC0-301F-11D3-BF4B-00C04F79EFBC}") = "AddingPlainLineToSlide", "ProgrammersGuide\WorkingWithShapes\AddingLineShapeToSlide\AddingPlainLineToSlide\CSharp\AddingPlainLineToSlide.csproj", "{6ADC5D86-7C22-49BE-B360-A204227079CF}"
EndProject
Project("{2150E333-8FDC-42A3-9474-1A3956D46DE8}") = "FormattingLines", "FormattingLines", "{5AF54FC4-218D-41F0-BB2B-A6EBD2CE24C5}"
EndProject
Project("{FAE04EC0-301F-11D3-BF4B-00C04F79EFBC}") = "FormattingLines", "ProgrammersGuide\WorkingWithShapes\FormattingLines\FormattingLines\CSharp\FormattingLines.csproj", "{17EB675F-6C6D-4B90-A1A3-FF9EC2506E0A}"
EndProject
Project("{FAE04EC0-301F-11D3-BF4B-00C04F79EFBC}") = "FormattingJoinStyles", "ProgrammersGuide\WorkingWithShapes\FormattingLines\FormattingJoinStyles\CSharp\FormattingJoinStyles.csproj", "{13995CC7-DA49-4676-BB07-82F4CB4E30BE}"
EndProject
Project("{2150E333-8FDC-42A3-9474-1A3956D46DE8}") = "AddingPictureFrame", "AddingPictureFrame", "{7AC2D633-0C10-4146-9DF7-F6CBE0775C2B}"
EndProject
Project("{FAE04EC0-301F-11D3-BF4B-00C04F79EFBC}") = "ControllingPictureFrameFormatting", "ProgrammersGuide\WorkingWithShapes\AddingPictureFrame\ControllingPictureFrameFormatting\CSharp\ControllingPictureFrameFormatting.csproj", "{72ABFD53-239C-41BC-9334-C1D6D6AC9E43}"
EndProject
Project("{2150E333-8FDC-42A3-9474-1A3956D46DE8}") = "OLEObjectFrames", "OLEObjectFrames", "{DB918CAD-366E-4094-9FA9-302BEB0CE004}"
EndProject
Project("{FAE04EC0-301F-11D3-BF4B-00C04F79EFBC}") = "AccessingOLEObjectFrame", "ProgrammersGuide\WorkingWithShapes\OLEObjectFrames\AccessingOLEObjectFrame\CSharp\AccessingOLEObjectFrame.csproj", "{2FF2C259-D11D-47D0-8471-38A452879724}"
EndProject
Project("{FAE04EC0-301F-11D3-BF4B-00C04F79EFBC}") = "ChangingOLEObjectData", "ProgrammersGuide\WorkingWithShapes\OLEObjectFrames\ChangingOLEObjectData\CSharp\ChangingOLEObjectData.csproj", "{C3C18C8C-A7E3-44F9-B456-28F7BCA70C31}"
EndProject
Project("{2150E333-8FDC-42A3-9474-1A3956D46DE8}") = "AddingEllipseShape", "AddingEllipseShape", "{FA11DAE8-C4DA-4341-9090-1D23FB5FB12B}"
EndProject
Project("{2150E333-8FDC-42A3-9474-1A3956D46DE8}") = "RectangleShape", "RectangleShape", "{8633AA09-F5A3-44FD-8165-FA9CEC649FD6}"
EndProject
Project("{2150E333-8FDC-42A3-9474-1A3956D46DE8}") = "WorkingWithCharts", "WorkingWithCharts", "{3A98D645-74E1-4FB0-BF51-6C3C581F66FF}"
EndProject
Project("{FAE04EC0-301F-11D3-BF4B-00C04F79EFBC}") = "ExistingChart", "ProgrammersGuide\WorkingWithCharts\ExistingChart\CSharp\ExistingChart.csproj", "{44BA8C82-78BC-44B3-AE04-825F295C71B2}"
EndProject
Project("{FAE04EC0-301F-11D3-BF4B-00C04F79EFBC}") = "ChartEntities", "ProgrammersGuide\WorkingWithCharts\ChartEntities\CSharp\ChartEntities.csproj", "{11E3873E-AAA8-47D2-88E0-AD198086A960}"
EndProject
Project("{FAE04EC0-301F-11D3-BF4B-00C04F79EFBC}") = "ChartTrendLines", "ProgrammersGuide\WorkingWithCharts\ChartTrendLines\CSharp\ChartTrendLines.csproj", "{029D7027-12F8-4B73-95B8-29E16AA4C117}"
EndProject
Project("{FAE04EC0-301F-11D3-BF4B-00C04F79EFBC}") = "NumberFormat", "ProgrammersGuide\WorkingWithCharts\NumberFormat\CSharp\NumberFormat.csproj", "{E6D3673A-53D7-4FF5-9FCE-E3E12F0A7AC2}"
EndProject
Project("{2150E333-8FDC-42A3-9474-1A3956D46DE8}") = "ChartFromScratch", "ChartFromScratch", "{607FA911-DE22-4CE4-BFB9-B77541052626}"
EndProject
Project("{FAE04EC0-301F-11D3-BF4B-00C04F79EFBC}") = "NormalCharts", "ProgrammersGuide\WorkingWithCharts\ChartFromScratch\NormalCharts\CSharp\NormalCharts.csproj", "{6CEA1FDE-00D9-42E9-B712-BB9EC843D430}"
EndProject
Project("{FAE04EC0-301F-11D3-BF4B-00C04F79EFBC}") = "ScatteredChart", "ProgrammersGuide\WorkingWithCharts\ChartFromScratch\ScatteredChart\CSharp\ScatteredChart.csproj", "{E8C2C3BE-7732-4860-B508-AE9406FD8AFA}"
EndProject
Project("{2150E333-8FDC-42A3-9474-1A3956D46DE8}") = "WorkingWithTables", "WorkingWithTables", "{6E3BE151-8139-4EA9-8066-BC9BA0FCC0F6}"
EndProject
Project("{FAE04EC0-301F-11D3-BF4B-00C04F79EFBC}") = "ExistingTable", "ProgrammersGuide\WorkingWithTables\ExistingTable\CSharp\ExistingTable.csproj", "{06FE949B-7321-4493-B61B-A78848765F2A}"
EndProject
Project("{FAE04EC0-301F-11D3-BF4B-00C04F79EFBC}") = "RemovingRowColumn", "ProgrammersGuide\WorkingWithTables\RemovingRowColumn\CSharp\RemovingRowColumn.csproj", "{BC761A33-2568-4444-BA5D-C30E7929DC40}"
EndProject
Project("{2150E333-8FDC-42A3-9474-1A3956D46DE8}") = "TableFromScratch", "TableFromScratch", "{83D79AE4-B4B0-48D0-8EBE-37603D025645}"
EndProject
Project("{FAE04EC0-301F-11D3-BF4B-00C04F79EFBC}") = "FromScratch", "ProgrammersGuide\WorkingWithTables\TableFromScratch\FromScratch\CSharp\FromScratch.csproj", "{261185CE-5EE9-458E-96E0-F7AAA221A3DC}"
EndProject
Project("{FAE04EC0-301F-11D3-BF4B-00C04F79EFBC}") = "CellsBorder", "ProgrammersGuide\WorkingWithTables\TableFromScratch\CellsBorder\CSharp\CellsBorder.csproj", "{B7D286F5-CD15-45AE-BD27-D1B9D9215758}"
EndProject
Project("{2150E333-8FDC-42A3-9474-1A3956D46DE8}") = "TextInPresentation", "TextInPresentation", "{2DFF2C8C-BCB7-4126-91CA-E339B357549F}"
EndProject
Project("{FAE04EC0-301F-11D3-BF4B-00C04F79EFBC}") = "ReplacingText", "ProgrammersGuide\TextInPresentation\ReplacingText\CSharp\ReplacingText.csproj", "{4D0882BF-DCE2-4874-A970-DBDCFDC3DEAE}"
EndProject
Project("{FAE04EC0-301F-11D3-BF4B-00C04F79EFBC}") = "TextBoxOnSlide", "ProgrammersGuide\TextInPresentation\TextBoxOnSlide\CSharp\TextBoxOnSlide.csproj", "{FCD5AC6B-AB5C-450F-97C6-FC674AD2710F}"
EndProject
Project("{FAE04EC0-301F-11D3-BF4B-00C04F79EFBC}") = "TextBoxHyperlink", "ProgrammersGuide\TextInPresentation\TextBoxHyperlink\CSharp\TextBoxHyperlink.csproj", "{89859379-24DA-415F-919C-FF9FC01C1A86}"
EndProject
Project("{FAE04EC0-301F-11D3-BF4B-00C04F79EFBC}") = "ShadowEffects", "ProgrammersGuide\TextInPresentation\ShadowEffects\CSharp\ShadowEffects.csproj", "{21CA2440-E204-4A76-84F9-3A65CA0FBC59}"
EndProject
Project("{FAE04EC0-301F-11D3-BF4B-00C04F79EFBC}") = "ParagraphsAlignment", "ProgrammersGuide\TextInPresentation\ParagraphsAlignment\CSharp\ParagraphsAlignment.csproj", "{E24022A3-7D7D-4EC6-85BC-C3A630076F6D}"
EndProject
Project("{FAE04EC0-301F-11D3-BF4B-00C04F79EFBC}") = "FontProperties", "ProgrammersGuide\TextInPresentation\FontProperties\CSharp\FontProperties.csproj", "{5BB47B00-3693-4CA3-BA83-768AE176C713}"
EndProject
Project("{FAE04EC0-301F-11D3-BF4B-00C04F79EFBC}") = "FontFamily", "ProgrammersGuide\TextInPresentation\FontFamily\CSharp\FontFamily.csproj", "{DC66F72C-54A9-463F-92FB-3540190EB46C}"
EndProject
Project("{FAE04EC0-301F-11D3-BF4B-00C04F79EFBC}") = "MultipleParagraphs", "ProgrammersGuide\TextInPresentation\MultipleParagraphs\CSharp\MultipleParagraphs.csproj", "{B040C489-ED40-43AF-B747-8A64A45BDC2F}"
EndProject
Project("{FAE04EC0-301F-11D3-BF4B-00C04F79EFBC}") = "ParagraphBullets", "ProgrammersGuide\TextInPresentation\ParagraphBullets\CSharp\ParagraphBullets.csproj", "{8D24D83D-DB97-47AF-A643-E8E7C78FDB3F}"
EndProject
Project("{FAE04EC0-301F-11D3-BF4B-00C04F79EFBC}") = "CustomFonts", "ProgrammersGuide\TextInPresentation\CustomFonts\CSharp\CustomFonts.csproj", "{4FF4360B-5BF9-45C8-8000-D7F03C450850}"
EndProject
Project("{FAE04EC0-301F-11D3-BF4B-00C04F79EFBC}") = "DefaultFonts", "ProgrammersGuide\TextInPresentation\DefaultFonts\CSharp\DefaultFonts.csproj", "{C5234F5F-462B-41D1-A5BE-A73C24A7020B}"
EndProject
Project("{FAE04EC0-301F-11D3-BF4B-00C04F79EFBC}") = "ParagraphIndent", "ProgrammersGuide\TextInPresentation\ParagraphIndent\CSharp\ParagraphIndent.csproj", "{3259650E-EC20-4128-8C86-ED614A7BFC02}"
EndProject
Project("{2150E333-8FDC-42A3-9474-1A3956D46DE8}") = "HTMLText", "HTMLText", "{30074699-2FDB-472F-9169-D3F58A9D5962}"
EndProject
Project("{FAE04EC0-301F-11D3-BF4B-00C04F79EFBC}") = "ImportingHTMLText", "ProgrammersGuide\TextInPresentation\HTMLText\ImportingHTMLText\CSharp\ImportingHTMLText.csproj", "{FD7E945A-8D04-49DE-80EE-2CE528CFC6FE}"
EndProject
Project("{FAE04EC0-301F-11D3-BF4B-00C04F79EFBC}") = "ExportingParagraphText", "ProgrammersGuide\TextInPresentation\HTMLText\ExportingParagraphText\CSharp\ExportingParagraphText.csproj", "{D9766E2C-414C-4A19-ABDC-49ED5C3ABC71}"
EndProject
Project("{2150E333-8FDC-42A3-9474-1A3956D46DE8}") = "SmartArtInPresentation", "SmartArtInPresentation", "{2EB1C044-7379-4BBF-BAB7-2A6D29D1A13B}"
EndProject
Project("{2150E333-8FDC-42A3-9474-1A3956D46DE8}") = "AddAccessSmartArt", "AddAccessSmartArt", "{8E90E796-0762-42F3-9B1B-F5F0C04BFDB5}"
EndProject
Project("{FAE04EC0-301F-11D3-BF4B-00C04F79EFBC}") = "CreatingSmartArtShape", "ProgrammersGuide\SmartArtInPresentation\AddAccessSmartArt\CreatingSmartArtShape\CSharp\CreatingSmartArtShape.csproj", "{CA2621C0-6CE8-4F07-82A8-202DDF8D5DF3}"
EndProject
Project("{FAE04EC0-301F-11D3-BF4B-00C04F79EFBC}") = "AccessingSmartArtShape", "ProgrammersGuide\SmartArtInPresentation\AddAccessSmartArt\AccessingSmartArtShape\CSharp\AccessingSmartArtShape.csproj", "{E23A3288-113D-4131-865B-8B5562CADCA0}"
EndProject
Project("{2150E333-8FDC-42A3-9474-1A3956D46DE8}") = "ManagingSmartArtStyle", "ManagingSmartArtStyle", "{BA5612BA-1D10-4D73-978E-27B9CE3BB32D}"
EndProject
Project("{FAE04EC0-301F-11D3-BF4B-00C04F79EFBC}") = "AccessingSmartArt", "ProgrammersGuide\SmartArtInPresentation\ManagingSmartArtStyle\AccessingSmartArt\CSharp\AccessingSmartArt.csproj", "{3027957F-55D5-47A8-8132-BABE2B44D8CB}"
EndProject
Project("{FAE04EC0-301F-11D3-BF4B-00C04F79EFBC}") = "ChangingSmartArt", "ProgrammersGuide\SmartArtInPresentation\ManagingSmartArtStyle\ChangingSmartArt\CSharp\ChangingSmartArt.csproj", "{F25F1CC5-464C-4043-8557-6107DF0465D3}"
EndProject
Project("{FAE04EC0-301F-11D3-BF4B-00C04F79EFBC}") = "SmartArtColorStyle", "ProgrammersGuide\SmartArtInPresentation\ManagingSmartArtStyle\SmartArtColorStyle\CSharp\SmartArtColorStyle.csproj", "{8114C8B9-6A62-4E3A-A668-4443C6CE59F6}"
EndProject
Project("{2150E333-8FDC-42A3-9474-1A3956D46DE8}") = "AccessSmartArtNodes", "AccessSmartArtNodes", "{21D2AC99-269B-4BBE-8C4A-119673911B9E}"
EndProject
Project("{FAE04EC0-301F-11D3-BF4B-00C04F79EFBC}") = "AccessSmartArt", "ProgrammersGuide\SmartArtInPresentation\AccessSmartArtNodes\AccessSmartArt\CSharp\AccessSmartArt.csproj", "{6B97ADBB-D79D-4FA8-B013-A5E3C6D8B481}"
EndProject
Project("{FAE04EC0-301F-11D3-BF4B-00C04F79EFBC}") = "AccessChildNodes", "ProgrammersGuide\SmartArtInPresentation\AccessSmartArtNodes\AccessChildNodes\CSharp\AccessChildNodes.csproj", "{1C6EB88C-2ABF-44B5-AD31-CF177087183D}"
EndProject
Project("{FAE04EC0-301F-11D3-BF4B-00C04F79EFBC}") = "ChildNodeSpecificPosition", "ProgrammersGuide\SmartArtInPresentation\AccessSmartArtNodes\ChildNodeSpecificPosition\CSharp\ChildNodeSpecificPosition.csproj", "{4979320B-2D22-466E-947D-6C1EDBAB2C92}"
EndProject
Project("{2150E333-8FDC-42A3-9474-1A3956D46DE8}") = "AddRemoveNodes", "AddRemoveNodes", "{1A8686C8-2B5A-4A54-814D-C6E67993EC8A}"
EndProject
Project("{FAE04EC0-301F-11D3-BF4B-00C04F79EFBC}") = "AddingNodes", "ProgrammersGuide\SmartArtInPresentation\AddRemoveNodes\AddingNodes\CSharp\AddingNodes.csproj", "{FECEA851-9823-491A-A54E-387D30622A74}"
EndProject
Project("{FAE04EC0-301F-11D3-BF4B-00C04F79EFBC}") = "NodeAtSpecificPosition", "ProgrammersGuide\SmartArtInPresentation\AddRemoveNodes\NodeAtSpecificPosition\CSharp\NodeAtSpecificPosition.csproj", "{C189D75F-59EE-4E43-8FE9-26D43392770F}"
EndProject
Project("{FAE04EC0-301F-11D3-BF4B-00C04F79EFBC}") = "RemoveNode", "ProgrammersGuide\SmartArtInPresentation\AddRemoveNodes\RemoveNode\CSharp\RemoveNode.csproj", "{E808FBAC-7015-42A3-B76C-2CA0E81A5901}"
EndProject
Project("{FAE04EC0-301F-11D3-BF4B-00C04F79EFBC}") = "RemoveNodeSpecificPosition", "ProgrammersGuide\SmartArtInPresentation\AddRemoveNodes\RemoveNodeSpecificPosition\CSharp\RemoveNodeSpecificPosition.csproj", "{52BA9322-944F-40E9-9344-D60C23750ABF}"
EndProject
Project("{2150E333-8FDC-42A3-9474-1A3956D46DE8}") = "CheckAssistantNodes", "CheckAssistantNodes", "{47EDAC72-717D-4098-970C-6DCF3276A3E3}"
EndProject
Project("{FAE04EC0-301F-11D3-BF4B-00C04F79EFBC}") = "AssistantNode", "ProgrammersGuide\SmartArtInPresentation\CheckAssistantNodes\AssistantNode\CSharp\AssistantNode.csproj", "{FCDC1302-2F0A-4CF7-A9DF-86A37DA8969E}"
EndProject
Project("{FAE04EC0-301F-11D3-BF4B-00C04F79EFBC}") = "SmartArtNodeLevel", "ProgrammersGuide\SmartArtInPresentation\CheckAssistantNodes\SmartArtNodeLevel\CSharp\SmartArtNodeLevel.csproj", "{41FE00A7-07E7-4FE0-A5CB-7A31B35C9B1E}"
EndProject
Global
	GlobalSection(SolutionConfigurationPlatforms) = preSolution
		Debug|Any CPU = Debug|Any CPU
		Release|Any CPU = Release|Any CPU
	EndGlobalSection
	GlobalSection(ProjectConfigurationPlatforms) = postSolution
		{AC244D1C-EDF9-45D2-B7E6-2A1A6231479D}.Debug|Any CPU.ActiveCfg = Debug|Any CPU
		{AC244D1C-EDF9-45D2-B7E6-2A1A6231479D}.Debug|Any CPU.Build.0 = Debug|Any CPU
		{AC244D1C-EDF9-45D2-B7E6-2A1A6231479D}.Release|Any CPU.ActiveCfg = Release|Any CPU
		{7564D8FC-5F04-4437-B131-4BA457CC119A}.Debug|Any CPU.ActiveCfg = Debug|Any CPU
		{7564D8FC-5F04-4437-B131-4BA457CC119A}.Debug|Any CPU.Build.0 = Debug|Any CPU
		{7564D8FC-5F04-4437-B131-4BA457CC119A}.Release|Any CPU.ActiveCfg = Release|Any CPU
		{3F70B285-676F-49B2-B557-67DB27DDEDB9}.Debug|Any CPU.ActiveCfg = Debug|Any CPU
		{3F70B285-676F-49B2-B557-67DB27DDEDB9}.Debug|Any CPU.Build.0 = Debug|Any CPU
		{3F70B285-676F-49B2-B557-67DB27DDEDB9}.Release|Any CPU.ActiveCfg = Release|Any CPU
		{184DFCE4-F8CD-49C3-B4A8-A41672CB4A7F}.Debug|Any CPU.ActiveCfg = Debug|Any CPU
		{184DFCE4-F8CD-49C3-B4A8-A41672CB4A7F}.Debug|Any CPU.Build.0 = Debug|Any CPU
		{184DFCE4-F8CD-49C3-B4A8-A41672CB4A7F}.Release|Any CPU.ActiveCfg = Release|Any CPU
		{3D03D1FA-35B0-4F3E-9FA8-3DD3F295F49B}.Debug|Any CPU.ActiveCfg = Debug|Any CPU
		{3D03D1FA-35B0-4F3E-9FA8-3DD3F295F49B}.Debug|Any CPU.Build.0 = Debug|Any CPU
		{3D03D1FA-35B0-4F3E-9FA8-3DD3F295F49B}.Release|Any CPU.ActiveCfg = Release|Any CPU
		{9DF956F1-C219-48F1-BC74-27921055F873}.Debug|Any CPU.ActiveCfg = Debug|Any CPU
		{9DF956F1-C219-48F1-BC74-27921055F873}.Debug|Any CPU.Build.0 = Debug|Any CPU
		{9DF956F1-C219-48F1-BC74-27921055F873}.Release|Any CPU.ActiveCfg = Release|Any CPU
		{214CCB69-AD46-4F3A-88CA-1AB8A18F7AA5}.Debug|Any CPU.ActiveCfg = Debug|Any CPU
		{214CCB69-AD46-4F3A-88CA-1AB8A18F7AA5}.Debug|Any CPU.Build.0 = Debug|Any CPU
		{214CCB69-AD46-4F3A-88CA-1AB8A18F7AA5}.Release|Any CPU.ActiveCfg = Release|Any CPU
		{B490984F-8008-47F6-B04F-A2527FBC4DE2}.Debug|Any CPU.ActiveCfg = Debug|Any CPU
		{B490984F-8008-47F6-B04F-A2527FBC4DE2}.Debug|Any CPU.Build.0 = Debug|Any CPU
		{B490984F-8008-47F6-B04F-A2527FBC4DE2}.Release|Any CPU.ActiveCfg = Release|Any CPU
		{38A6FB2F-ABCA-4ED2-BCB2-68E3CF28119C}.Debug|Any CPU.ActiveCfg = Debug|Any CPU
		{38A6FB2F-ABCA-4ED2-BCB2-68E3CF28119C}.Debug|Any CPU.Build.0 = Debug|Any CPU
		{38A6FB2F-ABCA-4ED2-BCB2-68E3CF28119C}.Release|Any CPU.ActiveCfg = Release|Any CPU
		{03DAFF4E-F490-491B-AF09-FE8248094439}.Debug|Any CPU.ActiveCfg = Debug|Any CPU
		{03DAFF4E-F490-491B-AF09-FE8248094439}.Debug|Any CPU.Build.0 = Debug|Any CPU
		{03DAFF4E-F490-491B-AF09-FE8248094439}.Release|Any CPU.ActiveCfg = Release|Any CPU
		{AC670C96-F5F5-4473-9D20-B5A052E7A81F}.Debug|Any CPU.ActiveCfg = Debug|Any CPU
		{AC670C96-F5F5-4473-9D20-B5A052E7A81F}.Debug|Any CPU.Build.0 = Debug|Any CPU
		{AC670C96-F5F5-4473-9D20-B5A052E7A81F}.Release|Any CPU.ActiveCfg = Release|Any CPU
		{D3FACE5F-C639-48A5-832D-92C839F078DE}.Debug|Any CPU.ActiveCfg = Debug|Any CPU
		{D3FACE5F-C639-48A5-832D-92C839F078DE}.Debug|Any CPU.Build.0 = Debug|Any CPU
		{D3FACE5F-C639-48A5-832D-92C839F078DE}.Release|Any CPU.ActiveCfg = Release|Any CPU
		{EFEFCD69-13E0-43C3-BFFC-974846D17B2D}.Debug|Any CPU.ActiveCfg = Debug|Any CPU
		{EFEFCD69-13E0-43C3-BFFC-974846D17B2D}.Debug|Any CPU.Build.0 = Debug|Any CPU
		{EFEFCD69-13E0-43C3-BFFC-974846D17B2D}.Release|Any CPU.ActiveCfg = Release|Any CPU
		{C5718BDB-AE24-4BA8-B514-14EE052489CD}.Debug|Any CPU.ActiveCfg = Debug|Any CPU
		{C5718BDB-AE24-4BA8-B514-14EE052489CD}.Debug|Any CPU.Build.0 = Debug|Any CPU
		{C5718BDB-AE24-4BA8-B514-14EE052489CD}.Release|Any CPU.ActiveCfg = Release|Any CPU
		{BF63384D-71DF-4D51-85B4-E124DDF3C079}.Debug|Any CPU.ActiveCfg = Debug|Any CPU
		{BF63384D-71DF-4D51-85B4-E124DDF3C079}.Debug|Any CPU.Build.0 = Debug|Any CPU
		{BF63384D-71DF-4D51-85B4-E124DDF3C079}.Release|Any CPU.ActiveCfg = Release|Any CPU
		{05AD8F27-1B79-486C-9649-FBB22F74478B}.Debug|Any CPU.ActiveCfg = Debug|Any CPU
		{05AD8F27-1B79-486C-9649-FBB22F74478B}.Debug|Any CPU.Build.0 = Debug|Any CPU
		{05AD8F27-1B79-486C-9649-FBB22F74478B}.Release|Any CPU.ActiveCfg = Release|Any CPU
		{B0FA7C63-A2B8-4BF0-B350-89A31058A039}.Debug|Any CPU.ActiveCfg = Debug|Any CPU
		{B0FA7C63-A2B8-4BF0-B350-89A31058A039}.Debug|Any CPU.Build.0 = Debug|Any CPU
		{B0FA7C63-A2B8-4BF0-B350-89A31058A039}.Release|Any CPU.ActiveCfg = Release|Any CPU
		{7DAE506D-71F4-4E91-A04A-203FC720D614}.Debug|Any CPU.ActiveCfg = Debug|Any CPU
		{7DAE506D-71F4-4E91-A04A-203FC720D614}.Debug|Any CPU.Build.0 = Debug|Any CPU
		{7DAE506D-71F4-4E91-A04A-203FC720D614}.Release|Any CPU.ActiveCfg = Release|Any CPU
		{CD95CC11-B161-4158-BAC6-072C9772D65D}.Debug|Any CPU.ActiveCfg = Debug|Any CPU
		{CD95CC11-B161-4158-BAC6-072C9772D65D}.Debug|Any CPU.Build.0 = Debug|Any CPU
		{CD95CC11-B161-4158-BAC6-072C9772D65D}.Release|Any CPU.ActiveCfg = Release|Any CPU
		{A58F8B2D-1652-440E-BE75-CA9E09E37B70}.Debug|Any CPU.ActiveCfg = Debug|Any CPU
		{A58F8B2D-1652-440E-BE75-CA9E09E37B70}.Debug|Any CPU.Build.0 = Debug|Any CPU
		{A58F8B2D-1652-440E-BE75-CA9E09E37B70}.Release|Any CPU.ActiveCfg = Release|Any CPU
		{6192905E-2033-4148-A4F0-77A31FB069A8}.Debug|Any CPU.ActiveCfg = Debug|Any CPU
		{6192905E-2033-4148-A4F0-77A31FB069A8}.Debug|Any CPU.Build.0 = Debug|Any CPU
		{6192905E-2033-4148-A4F0-77A31FB069A8}.Release|Any CPU.ActiveCfg = Release|Any CPU
		{9D3559C8-F372-403D-9180-5F9819B32E8E}.Debug|Any CPU.ActiveCfg = Debug|Any CPU
		{9D3559C8-F372-403D-9180-5F9819B32E8E}.Debug|Any CPU.Build.0 = Debug|Any CPU
		{9D3559C8-F372-403D-9180-5F9819B32E8E}.Release|Any CPU.ActiveCfg = Release|Any CPU
		{9F11B66E-3720-47EE-BD2F-CDEE3746DE7F}.Debug|Any CPU.ActiveCfg = Debug|Any CPU
		{9F11B66E-3720-47EE-BD2F-CDEE3746DE7F}.Debug|Any CPU.Build.0 = Debug|Any CPU
		{9F11B66E-3720-47EE-BD2F-CDEE3746DE7F}.Release|Any CPU.ActiveCfg = Release|Any CPU
		{F933A489-0415-414E-B130-BBEC1147B673}.Debug|Any CPU.ActiveCfg = Debug|Any CPU
		{F933A489-0415-414E-B130-BBEC1147B673}.Debug|Any CPU.Build.0 = Debug|Any CPU
		{F933A489-0415-414E-B130-BBEC1147B673}.Release|Any CPU.ActiveCfg = Release|Any CPU
		{5AD95C75-1CD9-4B1F-8DC7-3B95A19EA49C}.Debug|Any CPU.ActiveCfg = Debug|Any CPU
		{5AD95C75-1CD9-4B1F-8DC7-3B95A19EA49C}.Debug|Any CPU.Build.0 = Debug|Any CPU
		{5AD95C75-1CD9-4B1F-8DC7-3B95A19EA49C}.Release|Any CPU.ActiveCfg = Release|Any CPU
		{32A6CADE-69FE-4D0F-89CC-9CD33BACEEC5}.Debug|Any CPU.ActiveCfg = Debug|Any CPU
		{32A6CADE-69FE-4D0F-89CC-9CD33BACEEC5}.Debug|Any CPU.Build.0 = Debug|Any CPU
		{32A6CADE-69FE-4D0F-89CC-9CD33BACEEC5}.Release|Any CPU.ActiveCfg = Release|Any CPU
		{60A44F9B-5D2F-4537-81DA-C1480161C672}.Debug|Any CPU.ActiveCfg = Debug|Any CPU
		{60A44F9B-5D2F-4537-81DA-C1480161C672}.Debug|Any CPU.Build.0 = Debug|Any CPU
		{60A44F9B-5D2F-4537-81DA-C1480161C672}.Release|Any CPU.ActiveCfg = Release|Any CPU
		{565969B6-85EC-412C-8DE0-ABC89DA33927}.Debug|Any CPU.ActiveCfg = Debug|Any CPU
		{565969B6-85EC-412C-8DE0-ABC89DA33927}.Debug|Any CPU.Build.0 = Debug|Any CPU
		{565969B6-85EC-412C-8DE0-ABC89DA33927}.Release|Any CPU.ActiveCfg = Release|Any CPU
		{D4C9C9DC-29CD-41CF-9A3F-691AE6865828}.Debug|Any CPU.ActiveCfg = Debug|Any CPU
		{D4C9C9DC-29CD-41CF-9A3F-691AE6865828}.Debug|Any CPU.Build.0 = Debug|Any CPU
		{D4C9C9DC-29CD-41CF-9A3F-691AE6865828}.Release|Any CPU.ActiveCfg = Release|Any CPU
		{690A6E72-C8F6-46A2-A7B7-408FB9940DB8}.Debug|Any CPU.ActiveCfg = Debug|Any CPU
		{690A6E72-C8F6-46A2-A7B7-408FB9940DB8}.Debug|Any CPU.Build.0 = Debug|Any CPU
		{690A6E72-C8F6-46A2-A7B7-408FB9940DB8}.Release|Any CPU.ActiveCfg = Release|Any CPU
		{D03E4C9B-3D81-437C-A420-EDAC487293AD}.Debug|Any CPU.ActiveCfg = Debug|Any CPU
		{D03E4C9B-3D81-437C-A420-EDAC487293AD}.Debug|Any CPU.Build.0 = Debug|Any CPU
		{D03E4C9B-3D81-437C-A420-EDAC487293AD}.Release|Any CPU.ActiveCfg = Release|Any CPU
		{41D728F9-7841-4E0A-AF57-BC893C1AC987}.Debug|Any CPU.ActiveCfg = Debug|Any CPU
		{41D728F9-7841-4E0A-AF57-BC893C1AC987}.Debug|Any CPU.Build.0 = Debug|Any CPU
		{41D728F9-7841-4E0A-AF57-BC893C1AC987}.Release|Any CPU.ActiveCfg = Release|Any CPU
		{94753039-70E6-4EC5-A9DC-A0500E461D98}.Debug|Any CPU.ActiveCfg = Debug|Any CPU
		{94753039-70E6-4EC5-A9DC-A0500E461D98}.Debug|Any CPU.Build.0 = Debug|Any CPU
		{94753039-70E6-4EC5-A9DC-A0500E461D98}.Release|Any CPU.ActiveCfg = Release|Any CPU
		{5E7D7593-B408-4432-992B-8C24526A0044}.Debug|Any CPU.ActiveCfg = Debug|Any CPU
		{5E7D7593-B408-4432-992B-8C24526A0044}.Debug|Any CPU.Build.0 = Debug|Any CPU
		{5E7D7593-B408-4432-992B-8C24526A0044}.Release|Any CPU.ActiveCfg = Release|Any CPU
		{C4A83A2A-EB51-4394-A775-4688D1EE809B}.Debug|Any CPU.ActiveCfg = Debug|Any CPU
		{C4A83A2A-EB51-4394-A775-4688D1EE809B}.Debug|Any CPU.Build.0 = Debug|Any CPU
		{C4A83A2A-EB51-4394-A775-4688D1EE809B}.Release|Any CPU.ActiveCfg = Release|Any CPU
		{B4827478-98F9-466F-B8FD-4951B6A0F7F9}.Debug|Any CPU.ActiveCfg = Debug|Any CPU
		{B4827478-98F9-466F-B8FD-4951B6A0F7F9}.Debug|Any CPU.Build.0 = Debug|Any CPU
		{B4827478-98F9-466F-B8FD-4951B6A0F7F9}.Release|Any CPU.ActiveCfg = Release|Any CPU
		{4EEAF37D-3649-48A8-BDEA-9551741A5788}.Debug|Any CPU.ActiveCfg = Debug|Any CPU
		{4EEAF37D-3649-48A8-BDEA-9551741A5788}.Debug|Any CPU.Build.0 = Debug|Any CPU
		{4EEAF37D-3649-48A8-BDEA-9551741A5788}.Release|Any CPU.ActiveCfg = Release|Any CPU
		{1A312705-D475-4479-99C1-F72232DC7F4C}.Debug|Any CPU.ActiveCfg = Debug|Any CPU
		{1A312705-D475-4479-99C1-F72232DC7F4C}.Debug|Any CPU.Build.0 = Debug|Any CPU
		{1A312705-D475-4479-99C1-F72232DC7F4C}.Release|Any CPU.ActiveCfg = Release|Any CPU
		{194007D1-C870-4A76-9B6A-5E25A47A9230}.Debug|Any CPU.ActiveCfg = Debug|Any CPU
		{194007D1-C870-4A76-9B6A-5E25A47A9230}.Debug|Any CPU.Build.0 = Debug|Any CPU
		{194007D1-C870-4A76-9B6A-5E25A47A9230}.Release|Any CPU.ActiveCfg = Release|Any CPU
		{A6B655D5-72C9-4A18-B4E9-2F7593574E70}.Debug|Any CPU.ActiveCfg = Debug|Any CPU
		{A6B655D5-72C9-4A18-B4E9-2F7593574E70}.Debug|Any CPU.Build.0 = Debug|Any CPU
		{A6B655D5-72C9-4A18-B4E9-2F7593574E70}.Release|Any CPU.ActiveCfg = Release|Any CPU
		{CCF3008B-C636-412D-9F17-0AA403B5C427}.Debug|Any CPU.ActiveCfg = Debug|Any CPU
		{CCF3008B-C636-412D-9F17-0AA403B5C427}.Debug|Any CPU.Build.0 = Debug|Any CPU
		{CCF3008B-C636-412D-9F17-0AA403B5C427}.Release|Any CPU.ActiveCfg = Release|Any CPU
		{75880CEB-344E-4442-825B-3F721BC1CC4B}.Debug|Any CPU.ActiveCfg = Debug|Any CPU
		{75880CEB-344E-4442-825B-3F721BC1CC4B}.Debug|Any CPU.Build.0 = Debug|Any CPU
		{75880CEB-344E-4442-825B-3F721BC1CC4B}.Release|Any CPU.ActiveCfg = Release|Any CPU
		{6ADC5D86-7C22-49BE-B360-A204227079CF}.Debug|Any CPU.ActiveCfg = Debug|Any CPU
		{6ADC5D86-7C22-49BE-B360-A204227079CF}.Debug|Any CPU.Build.0 = Debug|Any CPU
		{6ADC5D86-7C22-49BE-B360-A204227079CF}.Release|Any CPU.ActiveCfg = Release|Any CPU
		{17EB675F-6C6D-4B90-A1A3-FF9EC2506E0A}.Debug|Any CPU.ActiveCfg = Debug|Any CPU
		{17EB675F-6C6D-4B90-A1A3-FF9EC2506E0A}.Debug|Any CPU.Build.0 = Debug|Any CPU
		{17EB675F-6C6D-4B90-A1A3-FF9EC2506E0A}.Release|Any CPU.ActiveCfg = Release|Any CPU
		{13995CC7-DA49-4676-BB07-82F4CB4E30BE}.Debug|Any CPU.ActiveCfg = Debug|Any CPU
		{13995CC7-DA49-4676-BB07-82F4CB4E30BE}.Debug|Any CPU.Build.0 = Debug|Any CPU
		{13995CC7-DA49-4676-BB07-82F4CB4E30BE}.Release|Any CPU.ActiveCfg = Release|Any CPU
		{72ABFD53-239C-41BC-9334-C1D6D6AC9E43}.Debug|Any CPU.ActiveCfg = Debug|Any CPU
		{72ABFD53-239C-41BC-9334-C1D6D6AC9E43}.Debug|Any CPU.Build.0 = Debug|Any CPU
		{72ABFD53-239C-41BC-9334-C1D6D6AC9E43}.Release|Any CPU.ActiveCfg = Release|Any CPU
		{2FF2C259-D11D-47D0-8471-38A452879724}.Debug|Any CPU.ActiveCfg = Debug|Any CPU
		{2FF2C259-D11D-47D0-8471-38A452879724}.Debug|Any CPU.Build.0 = Debug|Any CPU
		{2FF2C259-D11D-47D0-8471-38A452879724}.Release|Any CPU.ActiveCfg = Release|Any CPU
		{C3C18C8C-A7E3-44F9-B456-28F7BCA70C31}.Debug|Any CPU.ActiveCfg = Debug|Any CPU
		{C3C18C8C-A7E3-44F9-B456-28F7BCA70C31}.Debug|Any CPU.Build.0 = Debug|Any CPU
		{C3C18C8C-A7E3-44F9-B456-28F7BCA70C31}.Release|Any CPU.ActiveCfg = Release|Any CPU
		{44BA8C82-78BC-44B3-AE04-825F295C71B2}.Debug|Any CPU.ActiveCfg = Debug|Any CPU
		{44BA8C82-78BC-44B3-AE04-825F295C71B2}.Debug|Any CPU.Build.0 = Debug|Any CPU
		{44BA8C82-78BC-44B3-AE04-825F295C71B2}.Release|Any CPU.ActiveCfg = Release|Any CPU
		{11E3873E-AAA8-47D2-88E0-AD198086A960}.Debug|Any CPU.ActiveCfg = Debug|Any CPU
		{11E3873E-AAA8-47D2-88E0-AD198086A960}.Debug|Any CPU.Build.0 = Debug|Any CPU
		{11E3873E-AAA8-47D2-88E0-AD198086A960}.Release|Any CPU.ActiveCfg = Release|Any CPU
		{029D7027-12F8-4B73-95B8-29E16AA4C117}.Debug|Any CPU.ActiveCfg = Debug|Any CPU
		{029D7027-12F8-4B73-95B8-29E16AA4C117}.Debug|Any CPU.Build.0 = Debug|Any CPU
		{029D7027-12F8-4B73-95B8-29E16AA4C117}.Release|Any CPU.ActiveCfg = Release|Any CPU
		{E6D3673A-53D7-4FF5-9FCE-E3E12F0A7AC2}.Debug|Any CPU.ActiveCfg = Debug|Any CPU
		{E6D3673A-53D7-4FF5-9FCE-E3E12F0A7AC2}.Debug|Any CPU.Build.0 = Debug|Any CPU
		{E6D3673A-53D7-4FF5-9FCE-E3E12F0A7AC2}.Release|Any CPU.ActiveCfg = Release|Any CPU
		{6CEA1FDE-00D9-42E9-B712-BB9EC843D430}.Debug|Any CPU.ActiveCfg = Debug|Any CPU
		{6CEA1FDE-00D9-42E9-B712-BB9EC843D430}.Debug|Any CPU.Build.0 = Debug|Any CPU
		{6CEA1FDE-00D9-42E9-B712-BB9EC843D430}.Release|Any CPU.ActiveCfg = Release|Any CPU
		{E8C2C3BE-7732-4860-B508-AE9406FD8AFA}.Debug|Any CPU.ActiveCfg = Debug|Any CPU
		{E8C2C3BE-7732-4860-B508-AE9406FD8AFA}.Debug|Any CPU.Build.0 = Debug|Any CPU
		{E8C2C3BE-7732-4860-B508-AE9406FD8AFA}.Release|Any CPU.ActiveCfg = Release|Any CPU
		{06FE949B-7321-4493-B61B-A78848765F2A}.Debug|Any CPU.ActiveCfg = Debug|Any CPU
		{06FE949B-7321-4493-B61B-A78848765F2A}.Debug|Any CPU.Build.0 = Debug|Any CPU
		{06FE949B-7321-4493-B61B-A78848765F2A}.Release|Any CPU.ActiveCfg = Release|Any CPU
		{BC761A33-2568-4444-BA5D-C30E7929DC40}.Debug|Any CPU.ActiveCfg = Debug|Any CPU
		{BC761A33-2568-4444-BA5D-C30E7929DC40}.Debug|Any CPU.Build.0 = Debug|Any CPU
		{BC761A33-2568-4444-BA5D-C30E7929DC40}.Release|Any CPU.ActiveCfg = Release|Any CPU
		{261185CE-5EE9-458E-96E0-F7AAA221A3DC}.Debug|Any CPU.ActiveCfg = Debug|Any CPU
		{261185CE-5EE9-458E-96E0-F7AAA221A3DC}.Debug|Any CPU.Build.0 = Debug|Any CPU
		{261185CE-5EE9-458E-96E0-F7AAA221A3DC}.Release|Any CPU.ActiveCfg = Release|Any CPU
		{B7D286F5-CD15-45AE-BD27-D1B9D9215758}.Debug|Any CPU.ActiveCfg = Debug|Any CPU
		{B7D286F5-CD15-45AE-BD27-D1B9D9215758}.Debug|Any CPU.Build.0 = Debug|Any CPU
		{B7D286F5-CD15-45AE-BD27-D1B9D9215758}.Release|Any CPU.ActiveCfg = Release|Any CPU
		{4D0882BF-DCE2-4874-A970-DBDCFDC3DEAE}.Debug|Any CPU.ActiveCfg = Debug|Any CPU
		{4D0882BF-DCE2-4874-A970-DBDCFDC3DEAE}.Debug|Any CPU.Build.0 = Debug|Any CPU
		{4D0882BF-DCE2-4874-A970-DBDCFDC3DEAE}.Release|Any CPU.ActiveCfg = Release|Any CPU
		{FCD5AC6B-AB5C-450F-97C6-FC674AD2710F}.Debug|Any CPU.ActiveCfg = Debug|Any CPU
		{FCD5AC6B-AB5C-450F-97C6-FC674AD2710F}.Debug|Any CPU.Build.0 = Debug|Any CPU
		{FCD5AC6B-AB5C-450F-97C6-FC674AD2710F}.Release|Any CPU.ActiveCfg = Release|Any CPU
		{89859379-24DA-415F-919C-FF9FC01C1A86}.Debug|Any CPU.ActiveCfg = Debug|Any CPU
		{89859379-24DA-415F-919C-FF9FC01C1A86}.Debug|Any CPU.Build.0 = Debug|Any CPU
		{89859379-24DA-415F-919C-FF9FC01C1A86}.Release|Any CPU.ActiveCfg = Release|Any CPU
		{21CA2440-E204-4A76-84F9-3A65CA0FBC59}.Debug|Any CPU.ActiveCfg = Debug|Any CPU
		{21CA2440-E204-4A76-84F9-3A65CA0FBC59}.Debug|Any CPU.Build.0 = Debug|Any CPU
		{21CA2440-E204-4A76-84F9-3A65CA0FBC59}.Release|Any CPU.ActiveCfg = Release|Any CPU
		{E24022A3-7D7D-4EC6-85BC-C3A630076F6D}.Debug|Any CPU.ActiveCfg = Debug|Any CPU
		{E24022A3-7D7D-4EC6-85BC-C3A630076F6D}.Debug|Any CPU.Build.0 = Debug|Any CPU
		{E24022A3-7D7D-4EC6-85BC-C3A630076F6D}.Release|Any CPU.ActiveCfg = Release|Any CPU
		{5BB47B00-3693-4CA3-BA83-768AE176C713}.Debug|Any CPU.ActiveCfg = Debug|Any CPU
		{5BB47B00-3693-4CA3-BA83-768AE176C713}.Debug|Any CPU.Build.0 = Debug|Any CPU
		{5BB47B00-3693-4CA3-BA83-768AE176C713}.Release|Any CPU.ActiveCfg = Release|Any CPU
		{DC66F72C-54A9-463F-92FB-3540190EB46C}.Debug|Any CPU.ActiveCfg = Debug|Any CPU
		{DC66F72C-54A9-463F-92FB-3540190EB46C}.Debug|Any CPU.Build.0 = Debug|Any CPU
		{DC66F72C-54A9-463F-92FB-3540190EB46C}.Release|Any CPU.ActiveCfg = Release|Any CPU
		{B040C489-ED40-43AF-B747-8A64A45BDC2F}.Debug|Any CPU.ActiveCfg = Debug|Any CPU
		{B040C489-ED40-43AF-B747-8A64A45BDC2F}.Debug|Any CPU.Build.0 = Debug|Any CPU
		{B040C489-ED40-43AF-B747-8A64A45BDC2F}.Release|Any CPU.ActiveCfg = Release|Any CPU
		{8D24D83D-DB97-47AF-A643-E8E7C78FDB3F}.Debug|Any CPU.ActiveCfg = Debug|Any CPU
		{8D24D83D-DB97-47AF-A643-E8E7C78FDB3F}.Debug|Any CPU.Build.0 = Debug|Any CPU
		{8D24D83D-DB97-47AF-A643-E8E7C78FDB3F}.Release|Any CPU.ActiveCfg = Release|Any CPU
		{4FF4360B-5BF9-45C8-8000-D7F03C450850}.Debug|Any CPU.ActiveCfg = Debug|Any CPU
		{4FF4360B-5BF9-45C8-8000-D7F03C450850}.Debug|Any CPU.Build.0 = Debug|Any CPU
		{4FF4360B-5BF9-45C8-8000-D7F03C450850}.Release|Any CPU.ActiveCfg = Release|Any CPU
		{C5234F5F-462B-41D1-A5BE-A73C24A7020B}.Debug|Any CPU.ActiveCfg = Debug|Any CPU
		{C5234F5F-462B-41D1-A5BE-A73C24A7020B}.Debug|Any CPU.Build.0 = Debug|Any CPU
		{C5234F5F-462B-41D1-A5BE-A73C24A7020B}.Release|Any CPU.ActiveCfg = Release|Any CPU
		{3259650E-EC20-4128-8C86-ED614A7BFC02}.Debug|Any CPU.ActiveCfg = Debug|Any CPU
		{3259650E-EC20-4128-8C86-ED614A7BFC02}.Debug|Any CPU.Build.0 = Debug|Any CPU
		{3259650E-EC20-4128-8C86-ED614A7BFC02}.Release|Any CPU.ActiveCfg = Release|Any CPU
		{FD7E945A-8D04-49DE-80EE-2CE528CFC6FE}.Debug|Any CPU.ActiveCfg = Debug|Any CPU
		{FD7E945A-8D04-49DE-80EE-2CE528CFC6FE}.Debug|Any CPU.Build.0 = Debug|Any CPU
		{FD7E945A-8D04-49DE-80EE-2CE528CFC6FE}.Release|Any CPU.ActiveCfg = Release|Any CPU
		{D9766E2C-414C-4A19-ABDC-49ED5C3ABC71}.Debug|Any CPU.ActiveCfg = Debug|Any CPU
		{D9766E2C-414C-4A19-ABDC-49ED5C3ABC71}.Debug|Any CPU.Build.0 = Debug|Any CPU
		{D9766E2C-414C-4A19-ABDC-49ED5C3ABC71}.Release|Any CPU.ActiveCfg = Release|Any CPU
		{CA2621C0-6CE8-4F07-82A8-202DDF8D5DF3}.Debug|Any CPU.ActiveCfg = Debug|Any CPU
		{CA2621C0-6CE8-4F07-82A8-202DDF8D5DF3}.Debug|Any CPU.Build.0 = Debug|Any CPU
		{CA2621C0-6CE8-4F07-82A8-202DDF8D5DF3}.Release|Any CPU.ActiveCfg = Release|Any CPU
		{E23A3288-113D-4131-865B-8B5562CADCA0}.Debug|Any CPU.ActiveCfg = Debug|Any CPU
		{E23A3288-113D-4131-865B-8B5562CADCA0}.Debug|Any CPU.Build.0 = Debug|Any CPU
		{E23A3288-113D-4131-865B-8B5562CADCA0}.Release|Any CPU.ActiveCfg = Release|Any CPU
		{3027957F-55D5-47A8-8132-BABE2B44D8CB}.Debug|Any CPU.ActiveCfg = Debug|Any CPU
		{3027957F-55D5-47A8-8132-BABE2B44D8CB}.Debug|Any CPU.Build.0 = Debug|Any CPU
		{3027957F-55D5-47A8-8132-BABE2B44D8CB}.Release|Any CPU.ActiveCfg = Release|Any CPU
		{F25F1CC5-464C-4043-8557-6107DF0465D3}.Debug|Any CPU.ActiveCfg = Debug|Any CPU
		{F25F1CC5-464C-4043-8557-6107DF0465D3}.Debug|Any CPU.Build.0 = Debug|Any CPU
		{F25F1CC5-464C-4043-8557-6107DF0465D3}.Release|Any CPU.ActiveCfg = Release|Any CPU
		{8114C8B9-6A62-4E3A-A668-4443C6CE59F6}.Debug|Any CPU.ActiveCfg = Debug|Any CPU
		{8114C8B9-6A62-4E3A-A668-4443C6CE59F6}.Debug|Any CPU.Build.0 = Debug|Any CPU
		{8114C8B9-6A62-4E3A-A668-4443C6CE59F6}.Release|Any CPU.ActiveCfg = Release|Any CPU
		{6B97ADBB-D79D-4FA8-B013-A5E3C6D8B481}.Debug|Any CPU.ActiveCfg = Debug|Any CPU
		{6B97ADBB-D79D-4FA8-B013-A5E3C6D8B481}.Debug|Any CPU.Build.0 = Debug|Any CPU
		{6B97ADBB-D79D-4FA8-B013-A5E3C6D8B481}.Release|Any CPU.ActiveCfg = Release|Any CPU
		{1C6EB88C-2ABF-44B5-AD31-CF177087183D}.Debug|Any CPU.ActiveCfg = Debug|Any CPU
		{1C6EB88C-2ABF-44B5-AD31-CF177087183D}.Debug|Any CPU.Build.0 = Debug|Any CPU
		{1C6EB88C-2ABF-44B5-AD31-CF177087183D}.Release|Any CPU.ActiveCfg = Release|Any CPU
		{4979320B-2D22-466E-947D-6C1EDBAB2C92}.Debug|Any CPU.ActiveCfg = Debug|Any CPU
		{4979320B-2D22-466E-947D-6C1EDBAB2C92}.Debug|Any CPU.Build.0 = Debug|Any CPU
		{4979320B-2D22-466E-947D-6C1EDBAB2C92}.Release|Any CPU.ActiveCfg = Release|Any CPU
		{FECEA851-9823-491A-A54E-387D30622A74}.Debug|Any CPU.ActiveCfg = Debug|Any CPU
		{FECEA851-9823-491A-A54E-387D30622A74}.Debug|Any CPU.Build.0 = Debug|Any CPU
		{FECEA851-9823-491A-A54E-387D30622A74}.Release|Any CPU.ActiveCfg = Release|Any CPU
		{C189D75F-59EE-4E43-8FE9-26D43392770F}.Debug|Any CPU.ActiveCfg = Debug|Any CPU
		{C189D75F-59EE-4E43-8FE9-26D43392770F}.Debug|Any CPU.Build.0 = Debug|Any CPU
		{C189D75F-59EE-4E43-8FE9-26D43392770F}.Release|Any CPU.ActiveCfg = Release|Any CPU
		{E808FBAC-7015-42A3-B76C-2CA0E81A5901}.Debug|Any CPU.ActiveCfg = Debug|Any CPU
		{E808FBAC-7015-42A3-B76C-2CA0E81A5901}.Debug|Any CPU.Build.0 = Debug|Any CPU
		{E808FBAC-7015-42A3-B76C-2CA0E81A5901}.Release|Any CPU.ActiveCfg = Release|Any CPU
		{52BA9322-944F-40E9-9344-D60C23750ABF}.Debug|Any CPU.ActiveCfg = Debug|Any CPU
		{52BA9322-944F-40E9-9344-D60C23750ABF}.Debug|Any CPU.Build.0 = Debug|Any CPU
		{52BA9322-944F-40E9-9344-D60C23750ABF}.Release|Any CPU.ActiveCfg = Release|Any CPU
		{FCDC1302-2F0A-4CF7-A9DF-86A37DA8969E}.Debug|Any CPU.ActiveCfg = Debug|Any CPU
		{FCDC1302-2F0A-4CF7-A9DF-86A37DA8969E}.Debug|Any CPU.Build.0 = Debug|Any CPU
		{FCDC1302-2F0A-4CF7-A9DF-86A37DA8969E}.Release|Any CPU.ActiveCfg = Release|Any CPU
		{41FE00A7-07E7-4FE0-A5CB-7A31B35C9B1E}.Debug|Any CPU.ActiveCfg = Debug|Any CPU
		{41FE00A7-07E7-4FE0-A5CB-7A31B35C9B1E}.Debug|Any CPU.Build.0 = Debug|Any CPU
		{41FE00A7-07E7-4FE0-A5CB-7A31B35C9B1E}.Release|Any CPU.ActiveCfg = Release|Any CPU
	EndGlobalSection
	GlobalSection(SolutionProperties) = preSolution
		HideSolutionNode = FALSE
	EndGlobalSection
	GlobalSection(NestedProjects) = preSolution
		{AED03FE1-3B7C-4FE5-9875-0C00FF27C8D9} = {9DEC8096-7365-4336-8861-7DD0560A4340}
		{AC244D1C-EDF9-45D2-B7E6-2A1A6231479D} = {AED03FE1-3B7C-4FE5-9875-0C00FF27C8D9}
		{7564D8FC-5F04-4437-B131-4BA457CC119A} = {AED03FE1-3B7C-4FE5-9875-0C00FF27C8D9}
		{3F70B285-676F-49B2-B557-67DB27DDEDB9} = {AED03FE1-3B7C-4FE5-9875-0C00FF27C8D9}
		{184DFCE4-F8CD-49C3-B4A8-A41672CB4A7F} = {AED03FE1-3B7C-4FE5-9875-0C00FF27C8D9}
		{3D03D1FA-35B0-4F3E-9FA8-3DD3F295F49B} = {AED03FE1-3B7C-4FE5-9875-0C00FF27C8D9}
		{8200B87E-ABB0-445A-AF88-719C66315854} = {AED03FE1-3B7C-4FE5-9875-0C00FF27C8D9}
		{9DF956F1-C219-48F1-BC74-27921055F873} = {8200B87E-ABB0-445A-AF88-719C66315854}
		{214CCB69-AD46-4F3A-88CA-1AB8A18F7AA5} = {8200B87E-ABB0-445A-AF88-719C66315854}
		{B490984F-8008-47F6-B04F-A2527FBC4DE2} = {8200B87E-ABB0-445A-AF88-719C66315854}
		{1D808FC8-1B26-4016-99D8-E93CE2E3960B} = {AED03FE1-3B7C-4FE5-9875-0C00FF27C8D9}
		{38A6FB2F-ABCA-4ED2-BCB2-68E3CF28119C} = {1D808FC8-1B26-4016-99D8-E93CE2E3960B}
		{03DAFF4E-F490-491B-AF09-FE8248094439} = {1D808FC8-1B26-4016-99D8-E93CE2E3960B}
		{AC670C96-F5F5-4473-9D20-B5A052E7A81F} = {1D808FC8-1B26-4016-99D8-E93CE2E3960B}
		{D3FACE5F-C639-48A5-832D-92C839F078DE} = {1D808FC8-1B26-4016-99D8-E93CE2E3960B}
		{EFEFCD69-13E0-43C3-BFFC-974846D17B2D} = {1D808FC8-1B26-4016-99D8-E93CE2E3960B}
		{91DD0B0F-473A-4910-A1FD-012157098F93} = {AED03FE1-3B7C-4FE5-9875-0C00FF27C8D9}
		{C5718BDB-AE24-4BA8-B514-14EE052489CD} = {91DD0B0F-473A-4910-A1FD-012157098F93}
		{BF63384D-71DF-4D51-85B4-E124DDF3C079} = {91DD0B0F-473A-4910-A1FD-012157098F93}
		{05AD8F27-1B79-486C-9649-FBB22F74478B} = {91DD0B0F-473A-4910-A1FD-012157098F93}
		{0744DDAD-3242-47E0-B324-50482F4F2AAC} = {AED03FE1-3B7C-4FE5-9875-0C00FF27C8D9}
		{B0FA7C63-A2B8-4BF0-B350-89A31058A039} = {0744DDAD-3242-47E0-B324-50482F4F2AAC}
		{7DAE506D-71F4-4E91-A04A-203FC720D614} = {0744DDAD-3242-47E0-B324-50482F4F2AAC}
		{6AFD1A86-C27F-4A06-BD1A-651B56D0DD86} = {AED03FE1-3B7C-4FE5-9875-0C00FF27C8D9}
		{CD95CC11-B161-4158-BAC6-072C9772D65D} = {6AFD1A86-C27F-4A06-BD1A-651B56D0DD86}
		{A58F8B2D-1652-440E-BE75-CA9E09E37B70} = {6AFD1A86-C27F-4A06-BD1A-651B56D0DD86}
		{DC231317-49AB-4C12-AE25-6C9CCEDFEFBE} = {9DEC8096-7365-4336-8861-7DD0560A4340}
		{6192905E-2033-4148-A4F0-77A31FB069A8} = {DC231317-49AB-4C12-AE25-6C9CCEDFEFBE}
		{9D3559C8-F372-403D-9180-5F9819B32E8E} = {DC231317-49AB-4C12-AE25-6C9CCEDFEFBE}
		{9F11B66E-3720-47EE-BD2F-CDEE3746DE7F} = {DC231317-49AB-4C12-AE25-6C9CCEDFEFBE}
		{F933A489-0415-414E-B130-BBEC1147B673} = {DC231317-49AB-4C12-AE25-6C9CCEDFEFBE}
		{5AD95C75-1CD9-4B1F-8DC7-3B95A19EA49C} = {DC231317-49AB-4C12-AE25-6C9CCEDFEFBE}
		{32A6CADE-69FE-4D0F-89CC-9CD33BACEEC5} = {DC231317-49AB-4C12-AE25-6C9CCEDFEFBE}
		{40FFF66E-3B0F-4B5E-9410-C4E12E94DE80} = {DC231317-49AB-4C12-AE25-6C9CCEDFEFBE}
		{60A44F9B-5D2F-4537-81DA-C1480161C672} = {40FFF66E-3B0F-4B5E-9410-C4E12E94DE80}
		{565969B6-85EC-412C-8DE0-ABC89DA33927} = {40FFF66E-3B0F-4B5E-9410-C4E12E94DE80}
		{008661DC-56B2-414F-9914-FF3A2C02FB8D} = {DC231317-49AB-4C12-AE25-6C9CCEDFEFBE}
		{D4C9C9DC-29CD-41CF-9A3F-691AE6865828} = {008661DC-56B2-414F-9914-FF3A2C02FB8D}
		{690A6E72-C8F6-46A2-A7B7-408FB9940DB8} = {008661DC-56B2-414F-9914-FF3A2C02FB8D}
		{D03E4C9B-3D81-437C-A420-EDAC487293AD} = {008661DC-56B2-414F-9914-FF3A2C02FB8D}
		{41D728F9-7841-4E0A-AF57-BC893C1AC987} = {008661DC-56B2-414F-9914-FF3A2C02FB8D}
		{ECBA81BB-02FA-4F46-8F07-0AB093A78CD4} = {DC231317-49AB-4C12-AE25-6C9CCEDFEFBE}
		{633C847E-1C6E-44CB-BE39-4CF70F45A7E7} = {DC231317-49AB-4C12-AE25-6C9CCEDFEFBE}
		{94753039-70E6-4EC5-A9DC-A0500E461D98} = {633C847E-1C6E-44CB-BE39-4CF70F45A7E7}
		{BD2623CA-E534-441D-8E97-5337B22507CF} = {DC231317-49AB-4C12-AE25-6C9CCEDFEFBE}
		{5E7D7593-B408-4432-992B-8C24526A0044} = {BD2623CA-E534-441D-8E97-5337B22507CF}
		{C4A83A2A-EB51-4394-A775-4688D1EE809B} = {BD2623CA-E534-441D-8E97-5337B22507CF}
		{843750F0-0E07-4C22-A4CD-AB5BF4E94D43} = {9DEC8096-7365-4336-8861-7DD0560A4340}
		{B4827478-98F9-466F-B8FD-4951B6A0F7F9} = {843750F0-0E07-4C22-A4CD-AB5BF4E94D43}
		{4EEAF37D-3649-48A8-BDEA-9551741A5788} = {843750F0-0E07-4C22-A4CD-AB5BF4E94D43}
		{1A312705-D475-4479-99C1-F72232DC7F4C} = {843750F0-0E07-4C22-A4CD-AB5BF4E94D43}
		{194007D1-C870-4A76-9B6A-5E25A47A9230} = {843750F0-0E07-4C22-A4CD-AB5BF4E94D43}
		{A6B655D5-72C9-4A18-B4E9-2F7593574E70} = {843750F0-0E07-4C22-A4CD-AB5BF4E94D43}
		{CCF3008B-C636-412D-9F17-0AA403B5C427} = {843750F0-0E07-4C22-A4CD-AB5BF4E94D43}
		{75880CEB-344E-4442-825B-3F721BC1CC4B} = {843750F0-0E07-4C22-A4CD-AB5BF4E94D43}
		{0B51CD9E-34C8-42FD-962C-78FE5422773B} = {843750F0-0E07-4C22-A4CD-AB5BF4E94D43}
		{6ADC5D86-7C22-49BE-B360-A204227079CF} = {0B51CD9E-34C8-42FD-962C-78FE5422773B}
		{5AF54FC4-218D-41F0-BB2B-A6EBD2CE24C5} = {843750F0-0E07-4C22-A4CD-AB5BF4E94D43}
		{17EB675F-6C6D-4B90-A1A3-FF9EC2506E0A} = {5AF54FC4-218D-41F0-BB2B-A6EBD2CE24C5}
		{13995CC7-DA49-4676-BB07-82F4CB4E30BE} = {5AF54FC4-218D-41F0-BB2B-A6EBD2CE24C5}
		{7AC2D633-0C10-4146-9DF7-F6CBE0775C2B} = {843750F0-0E07-4C22-A4CD-AB5BF4E94D43}
		{72ABFD53-239C-41BC-9334-C1D6D6AC9E43} = {7AC2D633-0C10-4146-9DF7-F6CBE0775C2B}
		{DB918CAD-366E-4094-9FA9-302BEB0CE004} = {843750F0-0E07-4C22-A4CD-AB5BF4E94D43}
		{2FF2C259-D11D-47D0-8471-38A452879724} = {DB918CAD-366E-4094-9FA9-302BEB0CE004}
		{C3C18C8C-A7E3-44F9-B456-28F7BCA70C31} = {DB918CAD-366E-4094-9FA9-302BEB0CE004}
		{FA11DAE8-C4DA-4341-9090-1D23FB5FB12B} = {843750F0-0E07-4C22-A4CD-AB5BF4E94D43}
		{8633AA09-F5A3-44FD-8165-FA9CEC649FD6} = {843750F0-0E07-4C22-A4CD-AB5BF4E94D43}
		{3A98D645-74E1-4FB0-BF51-6C3C581F66FF} = {9DEC8096-7365-4336-8861-7DD0560A4340}
		{44BA8C82-78BC-44B3-AE04-825F295C71B2} = {3A98D645-74E1-4FB0-BF51-6C3C581F66FF}
		{11E3873E-AAA8-47D2-88E0-AD198086A960} = {3A98D645-74E1-4FB0-BF51-6C3C581F66FF}
		{029D7027-12F8-4B73-95B8-29E16AA4C117} = {3A98D645-74E1-4FB0-BF51-6C3C581F66FF}
		{E6D3673A-53D7-4FF5-9FCE-E3E12F0A7AC2} = {3A98D645-74E1-4FB0-BF51-6C3C581F66FF}
		{607FA911-DE22-4CE4-BFB9-B77541052626} = {3A98D645-74E1-4FB0-BF51-6C3C581F66FF}
		{6CEA1FDE-00D9-42E9-B712-BB9EC843D430} = {607FA911-DE22-4CE4-BFB9-B77541052626}
		{E8C2C3BE-7732-4860-B508-AE9406FD8AFA} = {607FA911-DE22-4CE4-BFB9-B77541052626}
		{6E3BE151-8139-4EA9-8066-BC9BA0FCC0F6} = {9DEC8096-7365-4336-8861-7DD0560A4340}
		{06FE949B-7321-4493-B61B-A78848765F2A} = {6E3BE151-8139-4EA9-8066-BC9BA0FCC0F6}
		{BC761A33-2568-4444-BA5D-C30E7929DC40} = {6E3BE151-8139-4EA9-8066-BC9BA0FCC0F6}
		{83D79AE4-B4B0-48D0-8EBE-37603D025645} = {6E3BE151-8139-4EA9-8066-BC9BA0FCC0F6}
		{261185CE-5EE9-458E-96E0-F7AAA221A3DC} = {83D79AE4-B4B0-48D0-8EBE-37603D025645}
		{B7D286F5-CD15-45AE-BD27-D1B9D9215758} = {83D79AE4-B4B0-48D0-8EBE-37603D025645}
		{2DFF2C8C-BCB7-4126-91CA-E339B357549F} = {9DEC8096-7365-4336-8861-7DD0560A4340}
		{4D0882BF-DCE2-4874-A970-DBDCFDC3DEAE} = {2DFF2C8C-BCB7-4126-91CA-E339B357549F}
		{FCD5AC6B-AB5C-450F-97C6-FC674AD2710F} = {2DFF2C8C-BCB7-4126-91CA-E339B357549F}
		{89859379-24DA-415F-919C-FF9FC01C1A86} = {2DFF2C8C-BCB7-4126-91CA-E339B357549F}
		{21CA2440-E204-4A76-84F9-3A65CA0FBC59} = {2DFF2C8C-BCB7-4126-91CA-E339B357549F}
		{E24022A3-7D7D-4EC6-85BC-C3A630076F6D} = {2DFF2C8C-BCB7-4126-91CA-E339B357549F}
		{5BB47B00-3693-4CA3-BA83-768AE176C713} = {2DFF2C8C-BCB7-4126-91CA-E339B357549F}
		{DC66F72C-54A9-463F-92FB-3540190EB46C} = {2DFF2C8C-BCB7-4126-91CA-E339B357549F}
		{B040C489-ED40-43AF-B747-8A64A45BDC2F} = {2DFF2C8C-BCB7-4126-91CA-E339B357549F}
		{8D24D83D-DB97-47AF-A643-E8E7C78FDB3F} = {2DFF2C8C-BCB7-4126-91CA-E339B357549F}
		{4FF4360B-5BF9-45C8-8000-D7F03C450850} = {2DFF2C8C-BCB7-4126-91CA-E339B357549F}
		{C5234F5F-462B-41D1-A5BE-A73C24A7020B} = {2DFF2C8C-BCB7-4126-91CA-E339B357549F}
		{3259650E-EC20-4128-8C86-ED614A7BFC02} = {2DFF2C8C-BCB7-4126-91CA-E339B357549F}
		{30074699-2FDB-472F-9169-D3F58A9D5962} = {2DFF2C8C-BCB7-4126-91CA-E339B357549F}
		{FD7E945A-8D04-49DE-80EE-2CE528CFC6FE} = {30074699-2FDB-472F-9169-D3F58A9D5962}
		{D9766E2C-414C-4A19-ABDC-49ED5C3ABC71} = {30074699-2FDB-472F-9169-D3F58A9D5962}
		{2EB1C044-7379-4BBF-BAB7-2A6D29D1A13B} = {9DEC8096-7365-4336-8861-7DD0560A4340}
		{8E90E796-0762-42F3-9B1B-F5F0C04BFDB5} = {2EB1C044-7379-4BBF-BAB7-2A6D29D1A13B}
		{CA2621C0-6CE8-4F07-82A8-202DDF8D5DF3} = {8E90E796-0762-42F3-9B1B-F5F0C04BFDB5}
		{E23A3288-113D-4131-865B-8B5562CADCA0} = {8E90E796-0762-42F3-9B1B-F5F0C04BFDB5}
		{BA5612BA-1D10-4D73-978E-27B9CE3BB32D} = {2EB1C044-7379-4BBF-BAB7-2A6D29D1A13B}
		{3027957F-55D5-47A8-8132-BABE2B44D8CB} = {BA5612BA-1D10-4D73-978E-27B9CE3BB32D}
		{F25F1CC5-464C-4043-8557-6107DF0465D3} = {BA5612BA-1D10-4D73-978E-27B9CE3BB32D}
		{8114C8B9-6A62-4E3A-A668-4443C6CE59F6} = {BA5612BA-1D10-4D73-978E-27B9CE3BB32D}
		{21D2AC99-269B-4BBE-8C4A-119673911B9E} = {2EB1C044-7379-4BBF-BAB7-2A6D29D1A13B}
		{6B97ADBB-D79D-4FA8-B013-A5E3C6D8B481} = {21D2AC99-269B-4BBE-8C4A-119673911B9E}
		{1C6EB88C-2ABF-44B5-AD31-CF177087183D} = {21D2AC99-269B-4BBE-8C4A-119673911B9E}
		{4979320B-2D22-466E-947D-6C1EDBAB2C92} = {21D2AC99-269B-4BBE-8C4A-119673911B9E}
		{1A8686C8-2B5A-4A54-814D-C6E67993EC8A} = {2EB1C044-7379-4BBF-BAB7-2A6D29D1A13B}
		{FECEA851-9823-491A-A54E-387D30622A74} = {1A8686C8-2B5A-4A54-814D-C6E67993EC8A}
		{C189D75F-59EE-4E43-8FE9-26D43392770F} = {1A8686C8-2B5A-4A54-814D-C6E67993EC8A}
		{E808FBAC-7015-42A3-B76C-2CA0E81A5901} = {1A8686C8-2B5A-4A54-814D-C6E67993EC8A}
		{52BA9322-944F-40E9-9344-D60C23750ABF} = {1A8686C8-2B5A-4A54-814D-C6E67993EC8A}
		{47EDAC72-717D-4098-970C-6DCF3276A3E3} = {2EB1C044-7379-4BBF-BAB7-2A6D29D1A13B}
		{FCDC1302-2F0A-4CF7-A9DF-86A37DA8969E} = {47EDAC72-717D-4098-970C-6DCF3276A3E3}
		{41FE00A7-07E7-4FE0-A5CB-7A31B35C9B1E} = {47EDAC72-717D-4098-970C-6DCF3276A3E3}
	EndGlobalSection
EndGlobal
