
Microsoft Visual Studio Solution File, Format Version 12.00
# Visual Studio 2012
Project("{FAE04EC0-301F-11D3-BF4B-00C04F79EFBC}") = "Aspose Slides", "Aspose Slides\Aspose Slides.csproj", "{95A1C864-50E5-4D4A-8B58-50252E11B960}"
EndProject
Project("{FAE04EC0-301F-11D3-BF4B-00C04F79EFBC}") = "VSTO Slides", "VSTO Slides\VSTO Slides.csproj", "{B9F74741-EA92-4412-A52D-20A95E5208BF}"
EndProject
Global
	GlobalSection(SolutionConfigurationPlatforms) = preSolution
		Debug|Any CPU = Debug|Any CPU
		Release|Any CPU = Release|Any CPU
	EndGlobalSection
	GlobalSection(ProjectConfigurationPlatforms) = postSolution
		{95A1C864-50E5-4D4A-8B58-50252E11B960}.Debug|Any CPU.ActiveCfg = Debug|Any CPU
		{95A1C864-50E5-4D4A-8B58-50252E11B960}.Debug|Any CPU.Build.0 = Debug|Any CPU
		{95A1C864-50E5-4D4A-8B58-50252E11B960}.Release|Any CPU.ActiveCfg = Release|Any CPU
		{95A1C864-50E5-4D4A-8B58-50252E11B960}.Release|Any CPU.Build.0 = Release|Any CPU
		{B9F74741-EA92-4412-A52D-20A95E5208BF}.Debug|Any CPU.ActiveCfg = Debug|Any CPU
		{B9F74741-EA92-4412-A52D-20A95E5208BF}.Debug|Any CPU.Build.0 = Debug|Any CPU
		{B9F74741-EA92-4412-A52D-20A95E5208BF}.Release|Any CPU.ActiveCfg = Release|Any CPU
		{B9F74741-EA92-4412-A52D-20A95E5208BF}.Release|Any CPU.Build.0 = Release|Any CPU
	EndGlobalSection
	GlobalSection(SolutionProperties) = preSolution
		HideSolutionNode = FALSE
	EndGlobalSection
EndGlobal
