
Microsoft Visual Studio Solution File, Format Version 12.00
# Visual Studio 2012
Project("{FAE04EC0-301F-11D3-BF4B-00C04F79EFBC}") = "OpenXML Presentation", "OpenXML Presentation\OpenXML Presentation.csproj", "{D5DC818E-4277-4971-ADCC-08ADFC83B9C7}"
EndProject
Project("{FAE04EC0-301F-11D3-BF4B-00C04F79EFBC}") = "Aspose Slides", "Aspose Slides\Aspose Slides.csproj", "{A0D0CF65-C4FE-4C4F-91A9-5192EA935916}"
EndProject
Global
	GlobalSection(SolutionConfigurationPlatforms) = preSolution
		Debug|Any CPU = Debug|Any CPU
		Release|Any CPU = Release|Any CPU
	EndGlobalSection
	GlobalSection(ProjectConfigurationPlatforms) = postSolution
		{D5DC818E-4277-4971-ADCC-08ADFC83B9C7}.Debug|Any CPU.ActiveCfg = Debug|Any CPU
		{D5DC818E-4277-4971-ADCC-08ADFC83B9C7}.Debug|Any CPU.Build.0 = Debug|Any CPU
		{D5DC818E-4277-4971-ADCC-08ADFC83B9C7}.Release|Any CPU.ActiveCfg = Release|Any CPU
		{D5DC818E-4277-4971-ADCC-08ADFC83B9C7}.Release|Any CPU.Build.0 = Release|Any CPU
		{A0D0CF65-C4FE-4C4F-91A9-5192EA935916}.Debug|Any CPU.ActiveCfg = Debug|Any CPU
		{A0D0CF65-C4FE-4C4F-91A9-5192EA935916}.Debug|Any CPU.Build.0 = Debug|Any CPU
		{A0D0CF65-C4FE-4C4F-91A9-5192EA935916}.Release|Any CPU.ActiveCfg = Release|Any CPU
		{A0D0CF65-C4FE-4C4F-91A9-5192EA935916}.Release|Any CPU.Build.0 = Release|Any CPU
	EndGlobalSection
	GlobalSection(SolutionProperties) = preSolution
		HideSolutionNode = FALSE
	EndGlobalSection
EndGlobal
