
Microsoft Visual Studio Solution File, Format Version 11.00
# Visual Studio 2010
Project("{FAE04EC0-301F-11D3-BF4B-00C04F79EFBC}") = "AccessingOpenDocument", "AccessingOpenDocument.csproj", "{7564D8FC-5F04-4437-B131-4BA457CC119A}"
EndProject
Global
	GlobalSection(SolutionConfigurationPlatforms) = preSolution
		Debug|Any CPU = Debug|Any CPU
		Release|Any CPU = Release|Any CPU
	EndGlobalSection
	GlobalSection(ProjectConfigurationPlatforms) = postSolution
		{7564D8FC-5F04-4437-B131-4BA457CC119A}.Debug|Any CPU.ActiveCfg = Debug|Any CPU
		{7564D8FC-5F04-4437-B131-4BA457CC119A}.Debug|Any CPU.Build.0 = Debug|Any CPU
		{7564D8FC-5F04-4437-B131-4BA457CC119A}.Release|Any CPU.ActiveCfg = Release|Any CPU
		{7564D8FC-5F04-4437-B131-4BA457CC119A}.Release|Any CPU.Build.0 = Release|Any CPU
	EndGlobalSection
	GlobalSection(SolutionProperties) = preSolution
		HideSolutionNode = FALSE
	EndGlobalSection
EndGlobal
