
Microsoft Visual Studio Solution File, Format Version 12.00
# Visual Studio 2013
VisualStudioVersion = 12.0.21005.1
MinimumVisualStudioVersion = 10.0.40219.1
Project("{F184B08F-C81C-45F6-A57F-5ABD9991F28F}") = "VisualBasic", "VisualBasic\VisualBasic.vbproj", "{51A69899-7BF1-4AD6-8C21-01136329EAFB}"
EndProject
Global
	GlobalSection(SolutionConfigurationPlatforms) = preSolution
		Debug|x86 = Debug|x86
		Release|x86 = Release|x86
	EndGlobalSection
	GlobalSection(ProjectConfigurationPlatforms) = postSolution
		{51A69899-7BF1-4AD6-8C21-01136329EAFB}.Debug|x86.ActiveCfg = Debug|x86
		{51A69899-7BF1-4AD6-8C21-01136329EAFB}.Debug|x86.Build.0 = Debug|x86
		{51A69899-7BF1-4AD6-8C21-01136329EAFB}.Release|x86.ActiveCfg = Release|x86
		{51A69899-7BF1-4AD6-8C21-01136329EAFB}.Release|x86.Build.0 = Release|x86
	EndGlobalSection
	GlobalSection(SolutionProperties) = preSolution
		HideSolutionNode = FALSE
	EndGlobalSection
EndGlobal
