
Microsoft Visual Studio Solution File, Format Version 11.00
# Visual Studio 2010
Project("{F184B08F-C81C-45F6-A57F-5ABD9991F28F}") = "ConvertingToXPSFile", "ConvertingToXPSFile.vbproj", "{FE7C2639-6E2A-4E48-AC9B-349B786F2ABE}"
EndProject
Global
	GlobalSection(SolutionConfigurationPlatforms) = preSolution
		Debug|Any CPU = Debug|Any CPU
		Release|Any CPU = Release|Any CPU
	EndGlobalSection
	GlobalSection(ProjectConfigurationPlatforms) = postSolution
		{FE7C2639-6E2A-4E48-AC9B-349B786F2ABE}.Debug|Any CPU.ActiveCfg = Debug|Any CPU
		{FE7C2639-6E2A-4E48-AC9B-349B786F2ABE}.Debug|Any CPU.Build.0 = Debug|Any CPU
		{FE7C2639-6E2A-4E48-AC9B-349B786F2ABE}.Release|Any CPU.ActiveCfg = Release|Any CPU
		{FE7C2639-6E2A-4E48-AC9B-349B786F2ABE}.Release|Any CPU.Build.0 = Release|Any CPU
	EndGlobalSection
	GlobalSection(SolutionProperties) = preSolution
		HideSolutionNode = FALSE
	EndGlobalSection
EndGlobal
