
Microsoft Visual Studio Solution File, Format Version 12.00
# Visual Studio 2013
VisualStudioVersion = 12.0.21005.1
MinimumVisualStudioVersion = 10.0.40219.1
Project("{FAE04EC0-301F-11D3-BF4B-00C04F79EFBC}") = "OpenDocument Presentation", "OpenDocument Presentation\OpenDocument Presentation.csproj", "{E3A7AC6A-AD4F-4B43-8979-C3E0A9123EC4}"
EndProject
Project("{FAE04EC0-301F-11D3-BF4B-00C04F79EFBC}") = "Getting the format of a file", "Getting the format of a file\Getting the format of a file.csproj", "{050BCD51-FD71-4842-92DA-C59621DD53E5}"
EndProject
Project("{FAE04EC0-301F-11D3-BF4B-00C04F79EFBC}") = "Managing Slides Transitions", "Managing Slides Transitions\Managing Slides Transitions.csproj", "{532EE636-F716-448E-9F5C-8081D1365C05}"
EndProject
Project("{FAE04EC0-301F-11D3-BF4B-00C04F79EFBC}") = "Adding Layout Slides", "Adding Layout Slides\Adding Layout Slides.csproj", "{A246EA0E-1377-4E8C-B89D-1FBB05153FE6}"
EndProject
Project("{FAE04EC0-301F-11D3-BF4B-00C04F79EFBC}") = "Working With Size and Layout", "Working With Size and Layout\Working With Size and Layout.csproj", "{BCC9BAF0-030E-4139-B1F0-6D0D70CC6DD9}"
EndProject
Project("{FAE04EC0-301F-11D3-BF4B-00C04F79EFBC}") = "Export media files into html", "Export media files into html\Export media files into html.csproj", "{C45E0FEE-38CF-4C13-939F-6B88EF089CB3}"
EndProject
Global
	GlobalSection(SolutionConfigurationPlatforms) = preSolution
		Debug|Any CPU = Debug|Any CPU
		Release|Any CPU = Release|Any CPU
	EndGlobalSection
	GlobalSection(ProjectConfigurationPlatforms) = postSolution
		{E3A7AC6A-AD4F-4B43-8979-C3E0A9123EC4}.Debug|Any CPU.ActiveCfg = Debug|Any CPU
		{E3A7AC6A-AD4F-4B43-8979-C3E0A9123EC4}.Debug|Any CPU.Build.0 = Debug|Any CPU
		{E3A7AC6A-AD4F-4B43-8979-C3E0A9123EC4}.Release|Any CPU.ActiveCfg = Release|Any CPU
		{E3A7AC6A-AD4F-4B43-8979-C3E0A9123EC4}.Release|Any CPU.Build.0 = Release|Any CPU
		{050BCD51-FD71-4842-92DA-C59621DD53E5}.Debug|Any CPU.ActiveCfg = Debug|Any CPU
		{050BCD51-FD71-4842-92DA-C59621DD53E5}.Debug|Any CPU.Build.0 = Debug|Any CPU
		{050BCD51-FD71-4842-92DA-C59621DD53E5}.Release|Any CPU.ActiveCfg = Release|Any CPU
		{050BCD51-FD71-4842-92DA-C59621DD53E5}.Release|Any CPU.Build.0 = Release|Any CPU
		{532EE636-F716-448E-9F5C-8081D1365C05}.Debug|Any CPU.ActiveCfg = Debug|Any CPU
		{532EE636-F716-448E-9F5C-8081D1365C05}.Debug|Any CPU.Build.0 = Debug|Any CPU
		{532EE636-F716-448E-9F5C-8081D1365C05}.Release|Any CPU.ActiveCfg = Release|Any CPU
		{532EE636-F716-448E-9F5C-8081D1365C05}.Release|Any CPU.Build.0 = Release|Any CPU
		{A246EA0E-1377-4E8C-B89D-1FBB05153FE6}.Debug|Any CPU.ActiveCfg = Debug|Any CPU
		{A246EA0E-1377-4E8C-B89D-1FBB05153FE6}.Debug|Any CPU.Build.0 = Debug|Any CPU
		{A246EA0E-1377-4E8C-B89D-1FBB05153FE6}.Release|Any CPU.ActiveCfg = Release|Any CPU
		{A246EA0E-1377-4E8C-B89D-1FBB05153FE6}.Release|Any CPU.Build.0 = Release|Any CPU
		{BCC9BAF0-030E-4139-B1F0-6D0D70CC6DD9}.Debug|Any CPU.ActiveCfg = Debug|Any CPU
		{BCC9BAF0-030E-4139-B1F0-6D0D70CC6DD9}.Debug|Any CPU.Build.0 = Debug|Any CPU
		{BCC9BAF0-030E-4139-B1F0-6D0D70CC6DD9}.Release|Any CPU.ActiveCfg = Release|Any CPU
		{BCC9BAF0-030E-4139-B1F0-6D0D70CC6DD9}.Release|Any CPU.Build.0 = Release|Any CPU
		{C45E0FEE-38CF-4C13-939F-6B88EF089CB3}.Debug|Any CPU.ActiveCfg = Debug|Any CPU
		{C45E0FEE-38CF-4C13-939F-6B88EF089CB3}.Debug|Any CPU.Build.0 = Debug|Any CPU
		{C45E0FEE-38CF-4C13-939F-6B88EF089CB3}.Release|Any CPU.ActiveCfg = Release|Any CPU
		{C45E0FEE-38CF-4C13-939F-6B88EF089CB3}.Release|Any CPU.Build.0 = Release|Any CPU
	EndGlobalSection
	GlobalSection(SolutionProperties) = preSolution
		HideSolutionNode = FALSE
	EndGlobalSection
EndGlobal
