
Microsoft Visual Studio Solution File, Format Version 12.00
# Visual Studio 2012
Project("{FAE04EC0-301F-11D3-BF4B-00C04F79EFBC}") = "OpenXML Presentation", "OpenXML Presentation\OpenXML Presentation.csproj", "{86F5FD5B-875C-45E1-80DB-F54CEEFD88C5}"
EndProject
Project("{FAE04EC0-301F-11D3-BF4B-00C04F79EFBC}") = "Aspose Slides", "Aspose Slides\Aspose Slides.csproj", "{5BA9CE79-FA5D-4CCD-8A9B-50DDC39FB096}"
EndProject
Global
	GlobalSection(SolutionConfigurationPlatforms) = preSolution
		Debug|Any CPU = Debug|Any CPU
		Release|Any CPU = Release|Any CPU
	EndGlobalSection
	GlobalSection(ProjectConfigurationPlatforms) = postSolution
		{86F5FD5B-875C-45E1-80DB-F54CEEFD88C5}.Debug|Any CPU.ActiveCfg = Debug|Any CPU
		{86F5FD5B-875C-45E1-80DB-F54CEEFD88C5}.Debug|Any CPU.Build.0 = Debug|Any CPU
		{86F5FD5B-875C-45E1-80DB-F54CEEFD88C5}.Release|Any CPU.ActiveCfg = Release|Any CPU
		{86F5FD5B-875C-45E1-80DB-F54CEEFD88C5}.Release|Any CPU.Build.0 = Release|Any CPU
		{5BA9CE79-FA5D-4CCD-8A9B-50DDC39FB096}.Debug|Any CPU.ActiveCfg = Debug|Any CPU
		{5BA9CE79-FA5D-4CCD-8A9B-50DDC39FB096}.Debug|Any CPU.Build.0 = Debug|Any CPU
		{5BA9CE79-FA5D-4CCD-8A9B-50DDC39FB096}.Release|Any CPU.ActiveCfg = Release|Any CPU
		{5BA9CE79-FA5D-4CCD-8A9B-50DDC39FB096}.Release|Any CPU.Build.0 = Release|Any CPU
	EndGlobalSection
	GlobalSection(SolutionProperties) = preSolution
		HideSolutionNode = FALSE
	EndGlobalSection
EndGlobal
