
Microsoft Visual Studio Solution File, Format Version 11.00
# Visual Studio 2010
Project("{FAE04EC0-301F-11D3-BF4B-00C04F79EFBC}") = "SavePresentationToStream", "SavePresentationToStream.csproj", "{407BBCCD-A105-4157-8C79-AB4A50D914E1}"
EndProject
Global
	GlobalSection(SolutionConfigurationPlatforms) = preSolution
		Debug|Any CPU = Debug|Any CPU
		Release|Any CPU = Release|Any CPU
	EndGlobalSection
	GlobalSection(ProjectConfigurationPlatforms) = postSolution
		{407BBCCD-A105-4157-8C79-AB4A50D914E1}.Debug|Any CPU.ActiveCfg = Debug|Any CPU
		{407BBCCD-A105-4157-8C79-AB4A50D914E1}.Debug|Any CPU.Build.0 = Debug|Any CPU
		{407BBCCD-A105-4157-8C79-AB4A50D914E1}.Release|Any CPU.ActiveCfg = Release|Any CPU
		{407BBCCD-A105-4157-8C79-AB4A50D914E1}.Release|Any CPU.Build.0 = Release|Any CPU
	EndGlobalSection
	GlobalSection(SolutionProperties) = preSolution
		HideSolutionNode = FALSE
	EndGlobalSection
EndGlobal
