
Microsoft Visual Studio Solution File, Format Version 12.00
# Visual Studio 2013
VisualStudioVersion = 12.0.21005.1
MinimumVisualStudioVersion = 10.0.40219.1
Project("{FAE04EC0-301F-11D3-BF4B-00C04F79EFBC}") = "OpenXML Presentation", "OpenXML Presentation\OpenXML Presentation.csproj", "{295EB9B5-B3D9-4CEB-BAB2-459E3749FB4D}"
EndProject
Project("{FAE04EC0-301F-11D3-BF4B-00C04F79EFBC}") = "Aspose.Slides", "Aspose.Slides\Aspose.Slides.csproj", "{5B9A8791-85FF-4CD2-B494-F7DDC6BC777B}"
EndProject
Global
	GlobalSection(SolutionConfigurationPlatforms) = preSolution
		Debug|Any CPU = Debug|Any CPU
		Release|Any CPU = Release|Any CPU
	EndGlobalSection
	GlobalSection(ProjectConfigurationPlatforms) = postSolution
		{295EB9B5-B3D9-4CEB-BAB2-459E3749FB4D}.Debug|Any CPU.ActiveCfg = Debug|Any CPU
		{295EB9B5-B3D9-4CEB-BAB2-459E3749FB4D}.Debug|Any CPU.Build.0 = Debug|Any CPU
		{295EB9B5-B3D9-4CEB-BAB2-459E3749FB4D}.Release|Any CPU.ActiveCfg = Release|Any CPU
		{295EB9B5-B3D9-4CEB-BAB2-459E3749FB4D}.Release|Any CPU.Build.0 = Release|Any CPU
		{5B9A8791-85FF-4CD2-B494-F7DDC6BC777B}.Debug|Any CPU.ActiveCfg = Debug|Any CPU
		{5B9A8791-85FF-4CD2-B494-F7DDC6BC777B}.Debug|Any CPU.Build.0 = Debug|Any CPU
		{5B9A8791-85FF-4CD2-B494-F7DDC6BC777B}.Release|Any CPU.ActiveCfg = Release|Any CPU
		{5B9A8791-85FF-4CD2-B494-F7DDC6BC777B}.Release|Any CPU.Build.0 = Release|Any CPU
	EndGlobalSection
	GlobalSection(SolutionProperties) = preSolution
		HideSolutionNode = FALSE
	EndGlobalSection
EndGlobal
